// !$*UTF8*$!
{
	archiveVersion = 1;
	classes = {
	};
	objectVersion = 48;
	objects = {

/* Begin PBXBuildFile section */
		5A17F60E1D4AFDAB00662C1A /* ProjectDetailViewController.m in Sources */ = {isa = PBXBuildFile; fileRef = 5A17F60D1D4AFDAB00662C1A /* ProjectDetailViewController.m */; };
		5A2180951D3E015C0057F298 /* AccountInformationViewController.m in Sources */ = {isa = PBXBuildFile; fileRef = 5A2180941D3E015C0057F298 /* AccountInformationViewController.m */; };
		5A245E1C1D488E7F006A6F52 /* AboutViewController.m in Sources */ = {isa = PBXBuildFile; fileRef = 5A245E1B1D488E7F006A6F52 /* AboutViewController.m */; };
		5A54988E1D54947300432FE5 /* SVIndefiniteAnimatedView.m in Sources */ = {isa = PBXBuildFile; fileRef = 5A5498851D54947300432FE5 /* SVIndefiniteAnimatedView.m */; };
		5A54988F1D54947300432FE5 /* SVProgressAnimatedView.m in Sources */ = {isa = PBXBuildFile; fileRef = 5A5498871D54947300432FE5 /* SVProgressAnimatedView.m */; };
		5A5498901D54947300432FE5 /* SVProgressHUD.bundle in Resources */ = {isa = PBXBuildFile; fileRef = 5A5498891D54947300432FE5 /* SVProgressHUD.bundle */; };
		5A5498911D54947300432FE5 /* SVProgressHUD.m in Sources */ = {isa = PBXBuildFile; fileRef = 5A54988B1D54947300432FE5 /* SVProgressHUD.m */; };
		5A5498921D54947300432FE5 /* SVRadialGradientLayer.m in Sources */ = {isa = PBXBuildFile; fileRef = 5A54988D1D54947300432FE5 /* SVRadialGradientLayer.m */; };
		5A5F3D621D599FD300AC6767 /* UIImage+animatedGIF.m in Sources */ = {isa = PBXBuildFile; fileRef = 5A5F3D611D599FD300AC6767 /* UIImage+animatedGIF.m */; };
		5A85A2C81D2BB65F00B4CD02 /* main.m in Sources */ = {isa = PBXBuildFile; fileRef = 5A85A2C71D2BB65F00B4CD02 /* main.m */; };
		5A85A2CB1D2BB65F00B4CD02 /* AppDelegate.m in Sources */ = {isa = PBXBuildFile; fileRef = 5A85A2CA1D2BB65F00B4CD02 /* AppDelegate.m */; };
		5A85A2CF1D2BB65F00B4CD02 /* Assets.xcassets in Resources */ = {isa = PBXBuildFile; fileRef = 5A85A2CE1D2BB65F00B4CD02 /* Assets.xcassets */; };
		5A85A2D21D2BB65F00B4CD02 /* LaunchScreen.storyboard in Resources */ = {isa = PBXBuildFile; fileRef = 5A85A2D01D2BB65F00B4CD02 /* LaunchScreen.storyboard */; };
		5A85A2FB1D2BB85300B4CD02 /* CommunityViewController.m in Sources */ = {isa = PBXBuildFile; fileRef = 5A85A2FA1D2BB85300B4CD02 /* CommunityViewController.m */; };
		5A85A3011D2BB88900B4CD02 /* MyProjectsViewController.m in Sources */ = {isa = PBXBuildFile; fileRef = 5A85A3001D2BB88900B4CD02 /* MyProjectsViewController.m */; };
		5A85A3041D2BB8D600B4CD02 /* UIUtils.m in Sources */ = {isa = PBXBuildFile; fileRef = 5A85A3031D2BB8D600B4CD02 /* UIUtils.m */; };
		5A85A3101D2BBF0600B4CD02 /* SettingsViewController.m in Sources */ = {isa = PBXBuildFile; fileRef = 5A85A30F1D2BBF0600B4CD02 /* SettingsViewController.m */; };
		5A85C6CD1D62EB0700BA2FA0 /* CFNetwork.framework in Frameworks */ = {isa = PBXBuildFile; fileRef = 5A85C6CC1D62EB0600BA2FA0 /* CFNetwork.framework */; };
		5AA3753C1D2CFBEF001993E0 /* FAQViewController.m in Sources */ = {isa = PBXBuildFile; fileRef = 5AA3753B1D2CFBEF001993E0 /* FAQViewController.m */; };
		5AD140331D50673D004C301B /* CameraViewController.m in Sources */ = {isa = PBXBuildFile; fileRef = 5AD140321D50673D004C301B /* CameraViewController.m */; };
		5AD4C3771D33A96B005F8D98 /* MKAnnotationView+WebCache.m in Sources */ = {isa = PBXBuildFile; fileRef = 5AD4C3571D33A96B005F8D98 /* MKAnnotationView+WebCache.m */; };
		5AD4C3781D33A96B005F8D98 /* NSData+ImageContentType.m in Sources */ = {isa = PBXBuildFile; fileRef = 5AD4C3591D33A96B005F8D98 /* NSData+ImageContentType.m */; };
		5AD4C3791D33A96B005F8D98 /* SDImageCache.m in Sources */ = {isa = PBXBuildFile; fileRef = 5AD4C35B1D33A96B005F8D98 /* SDImageCache.m */; };
		5AD4C37A1D33A96B005F8D98 /* SDWebImageCompat.m in Sources */ = {isa = PBXBuildFile; fileRef = 5AD4C35D1D33A96B005F8D98 /* SDWebImageCompat.m */; };
		5AD4C37B1D33A96B005F8D98 /* SDWebImageDecoder.m in Sources */ = {isa = PBXBuildFile; fileRef = 5AD4C35F1D33A96B005F8D98 /* SDWebImageDecoder.m */; };
		5AD4C37C1D33A96B005F8D98 /* SDWebImageDownloader.m in Sources */ = {isa = PBXBuildFile; fileRef = 5AD4C3611D33A96B005F8D98 /* SDWebImageDownloader.m */; };
		5AD4C37D1D33A96B005F8D98 /* SDWebImageDownloaderOperation.m in Sources */ = {isa = PBXBuildFile; fileRef = 5AD4C3631D33A96B005F8D98 /* SDWebImageDownloaderOperation.m */; };
		5AD4C37E1D33A96B005F8D98 /* SDWebImageManager.m in Sources */ = {isa = PBXBuildFile; fileRef = 5AD4C3651D33A96B005F8D98 /* SDWebImageManager.m */; };
		5AD4C37F1D33A96B005F8D98 /* SDWebImagePrefetcher.m in Sources */ = {isa = PBXBuildFile; fileRef = 5AD4C3681D33A96B005F8D98 /* SDWebImagePrefetcher.m */; };
		5AD4C3801D33A96B005F8D98 /* UIButton+WebCache.m in Sources */ = {isa = PBXBuildFile; fileRef = 5AD4C36A1D33A96B005F8D98 /* UIButton+WebCache.m */; };
		5AD4C3811D33A96B005F8D98 /* UIImage+GIF.m in Sources */ = {isa = PBXBuildFile; fileRef = 5AD4C36C1D33A96B005F8D98 /* UIImage+GIF.m */; };
		5AD4C3821D33A96B005F8D98 /* UIImage+MultiFormat.m in Sources */ = {isa = PBXBuildFile; fileRef = 5AD4C36E1D33A96B005F8D98 /* UIImage+MultiFormat.m */; };
		5AD4C3831D33A96B005F8D98 /* UIImage+WebP.m in Sources */ = {isa = PBXBuildFile; fileRef = 5AD4C3701D33A96B005F8D98 /* UIImage+WebP.m */; };
		5AD4C3841D33A96B005F8D98 /* UIImageView+HighlightedWebCache.m in Sources */ = {isa = PBXBuildFile; fileRef = 5AD4C3721D33A96B005F8D98 /* UIImageView+HighlightedWebCache.m */; };
		5AD4C3851D33A96B005F8D98 /* UIImageView+WebCache.m in Sources */ = {isa = PBXBuildFile; fileRef = 5AD4C3741D33A96B005F8D98 /* UIImageView+WebCache.m */; };
		5AD4C3861D33A96B005F8D98 /* UIView+WebCacheOperation.m in Sources */ = {isa = PBXBuildFile; fileRef = 5AD4C3761D33A96B005F8D98 /* UIView+WebCacheOperation.m */; };
		E70144E81DC0D9E200E115BF /* SproutView.m in Sources */ = {isa = PBXBuildFile; fileRef = E70144E71DC0D9E200E115BF /* SproutView.m */; };
		E707002F1DBE37F3009E8D7D /* Project.m in Sources */ = {isa = PBXBuildFile; fileRef = E70700241DBE37F3009E8D7D /* Project.m */; };
		E70700301DBE37F3009E8D7D /* Project+CoreDataProperties.m in Sources */ = {isa = PBXBuildFile; fileRef = E70700261DBE37F3009E8D7D /* Project+CoreDataProperties.m */; };
		E70700311DBE37F3009E8D7D /* Project+Extras.m in Sources */ = {isa = PBXBuildFile; fileRef = E70700281DBE37F3009E8D7D /* Project+Extras.m */; };
		E70700321DBE37F3009E8D7D /* Timeline.m in Sources */ = {isa = PBXBuildFile; fileRef = E707002A1DBE37F3009E8D7D /* Timeline.m */; };
		E70700331DBE37F3009E8D7D /* Timeline+CoreDataProperties.m in Sources */ = {isa = PBXBuildFile; fileRef = E707002C1DBE37F3009E8D7D /* Timeline+CoreDataProperties.m */; };
		E70700341DBE37F3009E8D7D /* Timeline+Extras.m in Sources */ = {isa = PBXBuildFile; fileRef = E707002E1DBE37F3009E8D7D /* Timeline+Extras.m */; };
		E70CB3EA1DAB2E7D003F4AA0 /* BaseViewController.m in Sources */ = {isa = PBXBuildFile; fileRef = E70CB3E91DAB2E7D003F4AA0 /* BaseViewController.m */; };
		E70CB3ED1DAB5688003F4AA0 /* ProjectTableViewCell.xib in Resources */ = {isa = PBXBuildFile; fileRef = E70CB3EB1DAB5688003F4AA0 /* ProjectTableViewCell.xib */; };
		E70CB3F11DAB57D9003F4AA0 /* ProjectTableViewCell.m in Sources */ = {isa = PBXBuildFile; fileRef = E70CB3F01DAB57D9003F4AA0 /* ProjectTableViewCell.m */; };
		E749AA041DBA05D0007DC7D8 /* SocialMediaButtonsTableViewCell.xib in Resources */ = {isa = PBXBuildFile; fileRef = E749AA021DBA05D0007DC7D8 /* SocialMediaButtonsTableViewCell.xib */; };
		E749AA071DBA05E1007DC7D8 /* SocialMediaButtonsTableViewCell.m in Sources */ = {isa = PBXBuildFile; fileRef = E749AA061DBA05E1007DC7D8 /* SocialMediaButtonsTableViewCell.m */; };
		E749AA0A1DBA063C007DC7D8 /* AccountInformationViewController.xib in Resources */ = {isa = PBXBuildFile; fileRef = E749AA081DBA063C007DC7D8 /* AccountInformationViewController.xib */; };
		E749AA0D1DBA0655007DC7D8 /* AccountChangePasswordViewController.xib in Resources */ = {isa = PBXBuildFile; fileRef = E749AA0B1DBA0655007DC7D8 /* AccountChangePasswordViewController.xib */; };
		E749C0EB1DB4293E0068C3F1 /* AccountChangePasswordViewController.m in Sources */ = {isa = PBXBuildFile; fileRef = E749C0EA1DB4293E0068C3F1 /* AccountChangePasswordViewController.m */; };
		E749C0EE1DB44D450068C3F1 /* NSString+WhiteSpacing.m in Sources */ = {isa = PBXBuildFile; fileRef = E749C0ED1DB44D450068C3F1 /* NSString+WhiteSpacing.m */; };
		E749C0F11DB44DF10068C3F1 /* SproutWebService.m in Sources */ = {isa = PBXBuildFile; fileRef = E749C0F01DB44DF10068C3F1 /* SproutWebService.m */; };
		E749C0F41DB4530D0068C3F1 /* ChangePasswordWebService.m in Sources */ = {isa = PBXBuildFile; fileRef = E749C0F31DB4530D0068C3F1 /* ChangePasswordWebService.m */; };
		E749C0F71DB45B420068C3F1 /* CurrentUser.m in Sources */ = {isa = PBXBuildFile; fileRef = E749C0F61DB45B420068C3F1 /* CurrentUser.m */; };
		E749C0FA1DB462980068C3F1 /* SignInWebService.m in Sources */ = {isa = PBXBuildFile; fileRef = E749C0F91DB462980068C3F1 /* SignInWebService.m */; };
		E749C0FF1DB49B880068C3F1 /* ProjectWebService.m in Sources */ = {isa = PBXBuildFile; fileRef = E749C0FE1DB49B880068C3F1 /* ProjectWebService.m */; };
		E749C1091DB4A1240068C3F1 /* TPKeyboardAvoidingCollectionView.m in Sources */ = {isa = PBXBuildFile; fileRef = E749C1021DB4A1240068C3F1 /* TPKeyboardAvoidingCollectionView.m */; };
		E749C10A1DB4A1240068C3F1 /* TPKeyboardAvoidingScrollView.m in Sources */ = {isa = PBXBuildFile; fileRef = E749C1041DB4A1240068C3F1 /* TPKeyboardAvoidingScrollView.m */; };
		E749C10B1DB4A1240068C3F1 /* TPKeyboardAvoidingTableView.m in Sources */ = {isa = PBXBuildFile; fileRef = E749C1061DB4A1240068C3F1 /* TPKeyboardAvoidingTableView.m */; };
		E749C10C1DB4A1240068C3F1 /* UIScrollView+TPKeyboardAvoidingAdditions.m in Sources */ = {isa = PBXBuildFile; fileRef = E749C1081DB4A1240068C3F1 /* UIScrollView+TPKeyboardAvoidingAdditions.m */; };
		E749C1141DB4B3300068C3F1 /* JVFloatLabeledTextField.m in Sources */ = {isa = PBXBuildFile; fileRef = E749C1111DB4B3300068C3F1 /* JVFloatLabeledTextField.m */; };
		E749C1151DB4B3300068C3F1 /* JVFloatLabeledTextView.m in Sources */ = {isa = PBXBuildFile; fileRef = E749C1131DB4B3300068C3F1 /* JVFloatLabeledTextView.m */; };
		E762D1BA1DB9F4BD00988104 /* TextFieldTableViewCell.m in Sources */ = {isa = PBXBuildFile; fileRef = E762D1B91DB9F4BD00988104 /* TextFieldTableViewCell.m */; };
		E762D1BD1DB9F4CC00988104 /* TextFieldTableViewCell.xib in Resources */ = {isa = PBXBuildFile; fileRef = E762D1BB1DB9F4CC00988104 /* TextFieldTableViewCell.xib */; };
		E76FBA871DADEC6900BA46F0 /* AFHTTPRequestOperation.m in Sources */ = {isa = PBXBuildFile; fileRef = E76FBA751DADEC6900BA46F0 /* AFHTTPRequestOperation.m */; };
		E76FBA881DADEC6900BA46F0 /* AFHTTPRequestOperationManager.m in Sources */ = {isa = PBXBuildFile; fileRef = E76FBA771DADEC6900BA46F0 /* AFHTTPRequestOperationManager.m */; };
		E76FBA891DADEC6900BA46F0 /* AFHTTPSessionManager.m in Sources */ = {isa = PBXBuildFile; fileRef = E76FBA791DADEC6900BA46F0 /* AFHTTPSessionManager.m */; };
		E76FBA8A1DADEC6900BA46F0 /* AFNetworkReachabilityManager.m in Sources */ = {isa = PBXBuildFile; fileRef = E76FBA7C1DADEC6900BA46F0 /* AFNetworkReachabilityManager.m */; };
		E76FBA8B1DADEC6900BA46F0 /* AFSecurityPolicy.m in Sources */ = {isa = PBXBuildFile; fileRef = E76FBA7E1DADEC6900BA46F0 /* AFSecurityPolicy.m */; };
		E76FBA8C1DADEC6900BA46F0 /* AFURLConnectionOperation.m in Sources */ = {isa = PBXBuildFile; fileRef = E76FBA801DADEC6900BA46F0 /* AFURLConnectionOperation.m */; };
		E76FBA8D1DADEC6900BA46F0 /* AFURLRequestSerialization.m in Sources */ = {isa = PBXBuildFile; fileRef = E76FBA821DADEC6900BA46F0 /* AFURLRequestSerialization.m */; };
		E76FBA8E1DADEC6900BA46F0 /* AFURLResponseSerialization.m in Sources */ = {isa = PBXBuildFile; fileRef = E76FBA841DADEC6900BA46F0 /* AFURLResponseSerialization.m */; };
		E76FBA8F1DADEC6900BA46F0 /* AFURLSessionManager.m in Sources */ = {isa = PBXBuildFile; fileRef = E76FBA861DADEC6900BA46F0 /* AFURLSessionManager.m */; };
		E76FBA931DADEDCA00BA46F0 /* TableAdapter.m in Sources */ = {isa = PBXBuildFile; fileRef = E76FBA921DADEDCA00BA46F0 /* TableAdapter.m */; };
		E76FBA9A1DAE01D400BA46F0 /* CoreDataAccessKit.m in Sources */ = {isa = PBXBuildFile; fileRef = E76FBA991DAE01D400BA46F0 /* CoreDataAccessKit.m */; };
		E78E3DD01DB41C7C00C4C815 /* AccountSignUpViewController.m in Sources */ = {isa = PBXBuildFile; fileRef = E78E3DCF1DB41C7C00C4C815 /* AccountSignUpViewController.m */; };
		E78E3DD31DB41D7C00C4C815 /* AccountSignUpViewController.xib in Resources */ = {isa = PBXBuildFile; fileRef = E78E3DD11DB41D7C00C4C815 /* AccountSignUpViewController.xib */; };
		E79687FB1DB40A8F009F7AB9 /* AppDelegate+DemoData.m in Sources */ = {isa = PBXBuildFile; fileRef = E76FBA9C1DAE0F7900BA46F0 /* AppDelegate+DemoData.m */; };
		E7A6BFE41DBB23230067C409 /* SproutDisplayTableViewCell.xib in Resources */ = {isa = PBXBuildFile; fileRef = E7A6BFE21DBB23230067C409 /* SproutDisplayTableViewCell.xib */; };
		E7A6BFE71DBB233A0067C409 /* SproutDisplayTableViewCell.m in Sources */ = {isa = PBXBuildFile; fileRef = E7A6BFE61DBB233A0067C409 /* SproutDisplayTableViewCell.m */; };
		E7A6BFEA1DBB26870067C409 /* ButtonTableViewCell.xib in Resources */ = {isa = PBXBuildFile; fileRef = E7A6BFE81DBB26870067C409 /* ButtonTableViewCell.xib */; };
		E7A6BFED1DBB26950067C409 /* ButtonTableViewCell.m in Sources */ = {isa = PBXBuildFile; fileRef = E7A6BFEC1DBB26950067C409 /* ButtonTableViewCell.m */; };
		E7ABE1F01DB410020056224D /* AccountSignInViewController.m in Sources */ = {isa = PBXBuildFile; fileRef = E7ABE1EF1DB410020056224D /* AccountSignInViewController.m */; };
		E7ABE1F31DB412C30056224D /* AccountSignInViewController.xib in Resources */ = {isa = PBXBuildFile; fileRef = E7ABE1F11DB412C30056224D /* AccountSignInViewController.xib */; };
		E7C61B9A1DBAFBF0008A86C0 /* TimelineTableViewCell.xib in Resources */ = {isa = PBXBuildFile; fileRef = E7C61B981DBAFBF0008A86C0 /* TimelineTableViewCell.xib */; };
		E7C61B9D1DBAFC05008A86C0 /* TimelineTableViewCell.m in Sources */ = {isa = PBXBuildFile; fileRef = E7C61B9C1DBAFC05008A86C0 /* TimelineTableViewCell.m */; };
		E7C61BA01DBAFF36008A86C0 /* SliderTableViewCell.xib in Resources */ = {isa = PBXBuildFile; fileRef = E7C61B9E1DBAFF36008A86C0 /* SliderTableViewCell.xib */; };
		E7C61BA31DBAFF48008A86C0 /* SliderTableViewCell.m in Sources */ = {isa = PBXBuildFile; fileRef = E7C61BA21DBAFF48008A86C0 /* SliderTableViewCell.m */; };
		E7C61BA61DBB0293008A86C0 /* SwitchTableViewCell.xib in Resources */ = {isa = PBXBuildFile; fileRef = E7C61BA41DBB0293008A86C0 /* SwitchTableViewCell.xib */; };
		E7C61BA91DBB02A4008A86C0 /* SwitchTableViewCell.m in Sources */ = {isa = PBXBuildFile; fileRef = E7C61BA81DBB02A4008A86C0 /* SwitchTableViewCell.m */; };
		E7C72A081DB88DE100128D32 /* SelectNewProjectViewController.m in Sources */ = {isa = PBXBuildFile; fileRef = E7C72A071DB88DE100128D32 /* SelectNewProjectViewController.m */; };
		E7C72A0B1DB89DB500128D32 /* SelectNewProjectViewController.xib in Resources */ = {isa = PBXBuildFile; fileRef = E7C72A091DB89DB500128D32 /* SelectNewProjectViewController.xib */; };
		E7D561521DBF241300647BBB /* TimelineCollectionViewCell.m in Sources */ = {isa = PBXBuildFile; fileRef = E7D561511DBF241300647BBB /* TimelineCollectionViewCell.m */; };
		E7DBE62A1DACAE730052064E /* DatabaseModel.xcdatamodeld in Sources */ = {isa = PBXBuildFile; fileRef = E7DBE6281DACAE730052064E /* DatabaseModel.xcdatamodeld */; };
		E7EC35081DC5708A004703D1 /* SelectTableViewController.m in Sources */ = {isa = PBXBuildFile; fileRef = E7EC35071DC5708A004703D1 /* SelectTableViewController.m */; };
		E7EC350B1DC584A0004703D1 /* DateSelectorViewController.m in Sources */ = {isa = PBXBuildFile; fileRef = E7EC350A1DC584A0004703D1 /* DateSelectorViewController.m */; };
		E7EC350E1DC584AF004703D1 /* DateSelectorViewController.xib in Resources */ = {isa = PBXBuildFile; fileRef = E7EC350C1DC584AF004703D1 /* DateSelectorViewController.xib */; };
		E7EC35111DC5CE21004703D1 /* CameraViewController.xib in Resources */ = {isa = PBXBuildFile; fileRef = E7EC350F1DC5CE21004703D1 /* CameraViewController.xib */; };
		E7F92BD41DC227E10050E5AD /* DataObjects.m in Sources */ = {isa = PBXBuildFile; fileRef = E7F92BD31DC227E10050E5AD /* DataObjects.m */; };
		E7FDACF61DADEA0300DB1EAD /* CoreData.framework in Frameworks */ = {isa = PBXBuildFile; fileRef = E7FDACF51DADEA0300DB1EAD /* CoreData.framework */; };
/* End PBXBuildFile section */

/* Begin PBXFileReference section */
		5A17F60C1D4AFDAB00662C1A /* ProjectDetailViewController.h */ = {isa = PBXFileReference; fileEncoding = 4; lastKnownFileType = sourcecode.c.h; path = ProjectDetailViewController.h; sourceTree = "<group>"; };
		5A17F60D1D4AFDAB00662C1A /* ProjectDetailViewController.m */ = {isa = PBXFileReference; fileEncoding = 4; lastKnownFileType = sourcecode.c.objc; path = ProjectDetailViewController.m; sourceTree = "<group>"; };
		5A2180931D3E015C0057F298 /* AccountInformationViewController.h */ = {isa = PBXFileReference; fileEncoding = 4; lastKnownFileType = sourcecode.c.h; path = AccountInformationViewController.h; sourceTree = "<group>"; };
		5A2180941D3E015C0057F298 /* AccountInformationViewController.m */ = {isa = PBXFileReference; fileEncoding = 4; lastKnownFileType = sourcecode.c.objc; path = AccountInformationViewController.m; sourceTree = "<group>"; };
		5A245E1A1D488E7F006A6F52 /* AboutViewController.h */ = {isa = PBXFileReference; fileEncoding = 4; lastKnownFileType = sourcecode.c.h; path = AboutViewController.h; sourceTree = "<group>"; };
		5A245E1B1D488E7F006A6F52 /* AboutViewController.m */ = {isa = PBXFileReference; fileEncoding = 4; lastKnownFileType = sourcecode.c.objc; path = AboutViewController.m; sourceTree = "<group>"; };
		5A5498841D54947300432FE5 /* SVIndefiniteAnimatedView.h */ = {isa = PBXFileReference; fileEncoding = 4; lastKnownFileType = sourcecode.c.h; path = SVIndefiniteAnimatedView.h; sourceTree = "<group>"; };
		5A5498851D54947300432FE5 /* SVIndefiniteAnimatedView.m */ = {isa = PBXFileReference; fileEncoding = 4; lastKnownFileType = sourcecode.c.objc; path = SVIndefiniteAnimatedView.m; sourceTree = "<group>"; };
		5A5498861D54947300432FE5 /* SVProgressAnimatedView.h */ = {isa = PBXFileReference; fileEncoding = 4; lastKnownFileType = sourcecode.c.h; path = SVProgressAnimatedView.h; sourceTree = "<group>"; };
		5A5498871D54947300432FE5 /* SVProgressAnimatedView.m */ = {isa = PBXFileReference; fileEncoding = 4; lastKnownFileType = sourcecode.c.objc; path = SVProgressAnimatedView.m; sourceTree = "<group>"; };
		5A5498881D54947300432FE5 /* SVProgressHUD-Prefix.pch */ = {isa = PBXFileReference; fileEncoding = 4; lastKnownFileType = sourcecode.c.h; path = "SVProgressHUD-Prefix.pch"; sourceTree = "<group>"; };
		5A5498891D54947300432FE5 /* SVProgressHUD.bundle */ = {isa = PBXFileReference; lastKnownFileType = "wrapper.plug-in"; path = SVProgressHUD.bundle; sourceTree = "<group>"; };
		5A54988A1D54947300432FE5 /* SVProgressHUD.h */ = {isa = PBXFileReference; fileEncoding = 4; lastKnownFileType = sourcecode.c.h; path = SVProgressHUD.h; sourceTree = "<group>"; };
		5A54988B1D54947300432FE5 /* SVProgressHUD.m */ = {isa = PBXFileReference; fileEncoding = 4; lastKnownFileType = sourcecode.c.objc; path = SVProgressHUD.m; sourceTree = "<group>"; };
		5A54988C1D54947300432FE5 /* SVRadialGradientLayer.h */ = {isa = PBXFileReference; fileEncoding = 4; lastKnownFileType = sourcecode.c.h; path = SVRadialGradientLayer.h; sourceTree = "<group>"; };
		5A54988D1D54947300432FE5 /* SVRadialGradientLayer.m */ = {isa = PBXFileReference; fileEncoding = 4; lastKnownFileType = sourcecode.c.objc; path = SVRadialGradientLayer.m; sourceTree = "<group>"; };
		5A5F3D601D599FD300AC6767 /* UIImage+animatedGIF.h */ = {isa = PBXFileReference; fileEncoding = 4; lastKnownFileType = sourcecode.c.h; path = "UIImage+animatedGIF.h"; sourceTree = "<group>"; };
		5A5F3D611D599FD300AC6767 /* UIImage+animatedGIF.m */ = {isa = PBXFileReference; fileEncoding = 4; lastKnownFileType = sourcecode.c.objc; path = "UIImage+animatedGIF.m"; sourceTree = "<group>"; };
		5A85A2C31D2BB65F00B4CD02 /* Sprout.app */ = {isa = PBXFileReference; explicitFileType = wrapper.application; includeInIndex = 0; path = Sprout.app; sourceTree = BUILT_PRODUCTS_DIR; };
		5A85A2C71D2BB65F00B4CD02 /* main.m */ = {isa = PBXFileReference; lastKnownFileType = sourcecode.c.objc; path = main.m; sourceTree = "<group>"; };
		5A85A2C91D2BB65F00B4CD02 /* AppDelegate.h */ = {isa = PBXFileReference; lastKnownFileType = sourcecode.c.h; path = AppDelegate.h; sourceTree = "<group>"; };
		5A85A2CA1D2BB65F00B4CD02 /* AppDelegate.m */ = {isa = PBXFileReference; lastKnownFileType = sourcecode.c.objc; path = AppDelegate.m; sourceTree = "<group>"; };
		5A85A2CE1D2BB65F00B4CD02 /* Assets.xcassets */ = {isa = PBXFileReference; lastKnownFileType = folder.assetcatalog; path = Assets.xcassets; sourceTree = "<group>"; };
		5A85A2D11D2BB65F00B4CD02 /* Base */ = {isa = PBXFileReference; lastKnownFileType = file.storyboard; name = Base; path = Base.lproj/LaunchScreen.storyboard; sourceTree = "<group>"; };
		5A85A2D31D2BB65F00B4CD02 /* Info.plist */ = {isa = PBXFileReference; lastKnownFileType = text.plist.xml; path = Info.plist; sourceTree = "<group>"; };
		5A85A2F91D2BB85300B4CD02 /* CommunityViewController.h */ = {isa = PBXFileReference; fileEncoding = 4; lastKnownFileType = sourcecode.c.h; path = CommunityViewController.h; sourceTree = "<group>"; };
		5A85A2FA1D2BB85300B4CD02 /* CommunityViewController.m */ = {isa = PBXFileReference; fileEncoding = 4; lastKnownFileType = sourcecode.c.objc; path = CommunityViewController.m; sourceTree = "<group>"; };
		5A85A2FF1D2BB88900B4CD02 /* MyProjectsViewController.h */ = {isa = PBXFileReference; fileEncoding = 4; lastKnownFileType = sourcecode.c.h; path = MyProjectsViewController.h; sourceTree = "<group>"; };
		5A85A3001D2BB88900B4CD02 /* MyProjectsViewController.m */ = {isa = PBXFileReference; fileEncoding = 4; lastKnownFileType = sourcecode.c.objc; path = MyProjectsViewController.m; sourceTree = "<group>"; };
		5A85A3021D2BB8D600B4CD02 /* UIUtils.h */ = {isa = PBXFileReference; fileEncoding = 4; lastKnownFileType = sourcecode.c.h; path = UIUtils.h; sourceTree = "<group>"; };
		5A85A3031D2BB8D600B4CD02 /* UIUtils.m */ = {isa = PBXFileReference; fileEncoding = 4; lastKnownFileType = sourcecode.c.objc; path = UIUtils.m; sourceTree = "<group>"; };
		5A85A30E1D2BBF0600B4CD02 /* SettingsViewController.h */ = {isa = PBXFileReference; fileEncoding = 4; lastKnownFileType = sourcecode.c.h; path = SettingsViewController.h; sourceTree = "<group>"; };
		5A85A30F1D2BBF0600B4CD02 /* SettingsViewController.m */ = {isa = PBXFileReference; fileEncoding = 4; lastKnownFileType = sourcecode.c.objc; path = SettingsViewController.m; sourceTree = "<group>"; };
		5A85C6CC1D62EB0600BA2FA0 /* CFNetwork.framework */ = {isa = PBXFileReference; lastKnownFileType = wrapper.framework; name = CFNetwork.framework; path = System/Library/Frameworks/CFNetwork.framework; sourceTree = SDKROOT; };
		5AA3753A1D2CFBEF001993E0 /* FAQViewController.h */ = {isa = PBXFileReference; fileEncoding = 4; lastKnownFileType = sourcecode.c.h; path = FAQViewController.h; sourceTree = "<group>"; };
		5AA3753B1D2CFBEF001993E0 /* FAQViewController.m */ = {isa = PBXFileReference; fileEncoding = 4; lastKnownFileType = sourcecode.c.objc; path = FAQViewController.m; sourceTree = "<group>"; };
		5AD140311D50673D004C301B /* CameraViewController.h */ = {isa = PBXFileReference; fileEncoding = 4; lastKnownFileType = sourcecode.c.h; path = CameraViewController.h; sourceTree = "<group>"; };
		5AD140321D50673D004C301B /* CameraViewController.m */ = {isa = PBXFileReference; fileEncoding = 4; lastKnownFileType = sourcecode.c.objc; path = CameraViewController.m; sourceTree = "<group>"; };
		5AD4C3561D33A96B005F8D98 /* MKAnnotationView+WebCache.h */ = {isa = PBXFileReference; fileEncoding = 4; lastKnownFileType = sourcecode.c.h; path = "MKAnnotationView+WebCache.h"; sourceTree = "<group>"; };
		5AD4C3571D33A96B005F8D98 /* MKAnnotationView+WebCache.m */ = {isa = PBXFileReference; fileEncoding = 4; lastKnownFileType = sourcecode.c.objc; path = "MKAnnotationView+WebCache.m"; sourceTree = "<group>"; };
		5AD4C3581D33A96B005F8D98 /* NSData+ImageContentType.h */ = {isa = PBXFileReference; fileEncoding = 4; lastKnownFileType = sourcecode.c.h; path = "NSData+ImageContentType.h"; sourceTree = "<group>"; };
		5AD4C3591D33A96B005F8D98 /* NSData+ImageContentType.m */ = {isa = PBXFileReference; fileEncoding = 4; lastKnownFileType = sourcecode.c.objc; path = "NSData+ImageContentType.m"; sourceTree = "<group>"; };
		5AD4C35A1D33A96B005F8D98 /* SDImageCache.h */ = {isa = PBXFileReference; fileEncoding = 4; lastKnownFileType = sourcecode.c.h; path = SDImageCache.h; sourceTree = "<group>"; };
		5AD4C35B1D33A96B005F8D98 /* SDImageCache.m */ = {isa = PBXFileReference; fileEncoding = 4; lastKnownFileType = sourcecode.c.objc; path = SDImageCache.m; sourceTree = "<group>"; };
		5AD4C35C1D33A96B005F8D98 /* SDWebImageCompat.h */ = {isa = PBXFileReference; fileEncoding = 4; lastKnownFileType = sourcecode.c.h; path = SDWebImageCompat.h; sourceTree = "<group>"; };
		5AD4C35D1D33A96B005F8D98 /* SDWebImageCompat.m */ = {isa = PBXFileReference; fileEncoding = 4; lastKnownFileType = sourcecode.c.objc; path = SDWebImageCompat.m; sourceTree = "<group>"; };
		5AD4C35E1D33A96B005F8D98 /* SDWebImageDecoder.h */ = {isa = PBXFileReference; fileEncoding = 4; lastKnownFileType = sourcecode.c.h; path = SDWebImageDecoder.h; sourceTree = "<group>"; };
		5AD4C35F1D33A96B005F8D98 /* SDWebImageDecoder.m */ = {isa = PBXFileReference; fileEncoding = 4; lastKnownFileType = sourcecode.c.objc; path = SDWebImageDecoder.m; sourceTree = "<group>"; };
		5AD4C3601D33A96B005F8D98 /* SDWebImageDownloader.h */ = {isa = PBXFileReference; fileEncoding = 4; lastKnownFileType = sourcecode.c.h; path = SDWebImageDownloader.h; sourceTree = "<group>"; };
		5AD4C3611D33A96B005F8D98 /* SDWebImageDownloader.m */ = {isa = PBXFileReference; fileEncoding = 4; lastKnownFileType = sourcecode.c.objc; path = SDWebImageDownloader.m; sourceTree = "<group>"; };
		5AD4C3621D33A96B005F8D98 /* SDWebImageDownloaderOperation.h */ = {isa = PBXFileReference; fileEncoding = 4; lastKnownFileType = sourcecode.c.h; path = SDWebImageDownloaderOperation.h; sourceTree = "<group>"; };
		5AD4C3631D33A96B005F8D98 /* SDWebImageDownloaderOperation.m */ = {isa = PBXFileReference; fileEncoding = 4; lastKnownFileType = sourcecode.c.objc; path = SDWebImageDownloaderOperation.m; sourceTree = "<group>"; };
		5AD4C3641D33A96B005F8D98 /* SDWebImageManager.h */ = {isa = PBXFileReference; fileEncoding = 4; lastKnownFileType = sourcecode.c.h; path = SDWebImageManager.h; sourceTree = "<group>"; };
		5AD4C3651D33A96B005F8D98 /* SDWebImageManager.m */ = {isa = PBXFileReference; fileEncoding = 4; lastKnownFileType = sourcecode.c.objc; path = SDWebImageManager.m; sourceTree = "<group>"; };
		5AD4C3661D33A96B005F8D98 /* SDWebImageOperation.h */ = {isa = PBXFileReference; fileEncoding = 4; lastKnownFileType = sourcecode.c.h; path = SDWebImageOperation.h; sourceTree = "<group>"; };
		5AD4C3671D33A96B005F8D98 /* SDWebImagePrefetcher.h */ = {isa = PBXFileReference; fileEncoding = 4; lastKnownFileType = sourcecode.c.h; path = SDWebImagePrefetcher.h; sourceTree = "<group>"; };
		5AD4C3681D33A96B005F8D98 /* SDWebImagePrefetcher.m */ = {isa = PBXFileReference; fileEncoding = 4; lastKnownFileType = sourcecode.c.objc; path = SDWebImagePrefetcher.m; sourceTree = "<group>"; };
		5AD4C3691D33A96B005F8D98 /* UIButton+WebCache.h */ = {isa = PBXFileReference; fileEncoding = 4; lastKnownFileType = sourcecode.c.h; path = "UIButton+WebCache.h"; sourceTree = "<group>"; };
		5AD4C36A1D33A96B005F8D98 /* UIButton+WebCache.m */ = {isa = PBXFileReference; fileEncoding = 4; lastKnownFileType = sourcecode.c.objc; path = "UIButton+WebCache.m"; sourceTree = "<group>"; };
		5AD4C36B1D33A96B005F8D98 /* UIImage+GIF.h */ = {isa = PBXFileReference; fileEncoding = 4; lastKnownFileType = sourcecode.c.h; path = "UIImage+GIF.h"; sourceTree = "<group>"; };
		5AD4C36C1D33A96B005F8D98 /* UIImage+GIF.m */ = {isa = PBXFileReference; fileEncoding = 4; lastKnownFileType = sourcecode.c.objc; path = "UIImage+GIF.m"; sourceTree = "<group>"; };
		5AD4C36D1D33A96B005F8D98 /* UIImage+MultiFormat.h */ = {isa = PBXFileReference; fileEncoding = 4; lastKnownFileType = sourcecode.c.h; path = "UIImage+MultiFormat.h"; sourceTree = "<group>"; };
		5AD4C36E1D33A96B005F8D98 /* UIImage+MultiFormat.m */ = {isa = PBXFileReference; fileEncoding = 4; lastKnownFileType = sourcecode.c.objc; path = "UIImage+MultiFormat.m"; sourceTree = "<group>"; };
		5AD4C36F1D33A96B005F8D98 /* UIImage+WebP.h */ = {isa = PBXFileReference; fileEncoding = 4; lastKnownFileType = sourcecode.c.h; path = "UIImage+WebP.h"; sourceTree = "<group>"; };
		5AD4C3701D33A96B005F8D98 /* UIImage+WebP.m */ = {isa = PBXFileReference; fileEncoding = 4; lastKnownFileType = sourcecode.c.objc; path = "UIImage+WebP.m"; sourceTree = "<group>"; };
		5AD4C3711D33A96B005F8D98 /* UIImageView+HighlightedWebCache.h */ = {isa = PBXFileReference; fileEncoding = 4; lastKnownFileType = sourcecode.c.h; path = "UIImageView+HighlightedWebCache.h"; sourceTree = "<group>"; };
		5AD4C3721D33A96B005F8D98 /* UIImageView+HighlightedWebCache.m */ = {isa = PBXFileReference; fileEncoding = 4; lastKnownFileType = sourcecode.c.objc; path = "UIImageView+HighlightedWebCache.m"; sourceTree = "<group>"; };
		5AD4C3731D33A96B005F8D98 /* UIImageView+WebCache.h */ = {isa = PBXFileReference; fileEncoding = 4; lastKnownFileType = sourcecode.c.h; path = "UIImageView+WebCache.h"; sourceTree = "<group>"; };
		5AD4C3741D33A96B005F8D98 /* UIImageView+WebCache.m */ = {isa = PBXFileReference; fileEncoding = 4; lastKnownFileType = sourcecode.c.objc; path = "UIImageView+WebCache.m"; sourceTree = "<group>"; };
		5AD4C3751D33A96B005F8D98 /* UIView+WebCacheOperation.h */ = {isa = PBXFileReference; fileEncoding = 4; lastKnownFileType = sourcecode.c.h; path = "UIView+WebCacheOperation.h"; sourceTree = "<group>"; };
		5AD4C3761D33A96B005F8D98 /* UIView+WebCacheOperation.m */ = {isa = PBXFileReference; fileEncoding = 4; lastKnownFileType = sourcecode.c.objc; path = "UIView+WebCacheOperation.m"; sourceTree = "<group>"; };
		E70144E61DC0D9E200E115BF /* SproutView.h */ = {isa = PBXFileReference; fileEncoding = 4; lastKnownFileType = sourcecode.c.h; path = SproutView.h; sourceTree = "<group>"; };
		E70144E71DC0D9E200E115BF /* SproutView.m */ = {isa = PBXFileReference; fileEncoding = 4; lastKnownFileType = sourcecode.c.objc; path = SproutView.m; sourceTree = "<group>"; };
		E70700231DBE37F3009E8D7D /* Project.h */ = {isa = PBXFileReference; fileEncoding = 4; lastKnownFileType = sourcecode.c.h; name = Project.h; path = Database/Project.h; sourceTree = "<group>"; };
		E70700241DBE37F3009E8D7D /* Project.m */ = {isa = PBXFileReference; fileEncoding = 4; lastKnownFileType = sourcecode.c.objc; name = Project.m; path = Database/Project.m; sourceTree = "<group>"; };
		E70700251DBE37F3009E8D7D /* Project+CoreDataProperties.h */ = {isa = PBXFileReference; fileEncoding = 4; lastKnownFileType = sourcecode.c.h; name = "Project+CoreDataProperties.h"; path = "Database/Project+CoreDataProperties.h"; sourceTree = "<group>"; };
		E70700261DBE37F3009E8D7D /* Project+CoreDataProperties.m */ = {isa = PBXFileReference; fileEncoding = 4; lastKnownFileType = sourcecode.c.objc; name = "Project+CoreDataProperties.m"; path = "Database/Project+CoreDataProperties.m"; sourceTree = "<group>"; };
		E70700271DBE37F3009E8D7D /* Project+Extras.h */ = {isa = PBXFileReference; fileEncoding = 4; lastKnownFileType = sourcecode.c.h; name = "Project+Extras.h"; path = "Database/Project+Extras.h"; sourceTree = "<group>"; };
		E70700281DBE37F3009E8D7D /* Project+Extras.m */ = {isa = PBXFileReference; fileEncoding = 4; lastKnownFileType = sourcecode.c.objc; name = "Project+Extras.m"; path = "Database/Project+Extras.m"; sourceTree = "<group>"; };
		E70700291DBE37F3009E8D7D /* Timeline.h */ = {isa = PBXFileReference; fileEncoding = 4; lastKnownFileType = sourcecode.c.h; name = Timeline.h; path = Database/Timeline.h; sourceTree = "<group>"; };
		E707002A1DBE37F3009E8D7D /* Timeline.m */ = {isa = PBXFileReference; fileEncoding = 4; lastKnownFileType = sourcecode.c.objc; name = Timeline.m; path = Database/Timeline.m; sourceTree = "<group>"; };
		E707002B1DBE37F3009E8D7D /* Timeline+CoreDataProperties.h */ = {isa = PBXFileReference; fileEncoding = 4; lastKnownFileType = sourcecode.c.h; name = "Timeline+CoreDataProperties.h"; path = "Database/Timeline+CoreDataProperties.h"; sourceTree = "<group>"; };
		E707002C1DBE37F3009E8D7D /* Timeline+CoreDataProperties.m */ = {isa = PBXFileReference; fileEncoding = 4; lastKnownFileType = sourcecode.c.objc; name = "Timeline+CoreDataProperties.m"; path = "Database/Timeline+CoreDataProperties.m"; sourceTree = "<group>"; };
		E707002D1DBE37F3009E8D7D /* Timeline+Extras.h */ = {isa = PBXFileReference; fileEncoding = 4; lastKnownFileType = sourcecode.c.h; name = "Timeline+Extras.h"; path = "Database/Timeline+Extras.h"; sourceTree = "<group>"; };
		E707002E1DBE37F3009E8D7D /* Timeline+Extras.m */ = {isa = PBXFileReference; fileEncoding = 4; lastKnownFileType = sourcecode.c.objc; name = "Timeline+Extras.m"; path = "Database/Timeline+Extras.m"; sourceTree = "<group>"; };
		E70CB3E81DAB2E7D003F4AA0 /* BaseViewController.h */ = {isa = PBXFileReference; fileEncoding = 4; lastKnownFileType = sourcecode.c.h; path = BaseViewController.h; sourceTree = "<group>"; };
		E70CB3E91DAB2E7D003F4AA0 /* BaseViewController.m */ = {isa = PBXFileReference; fileEncoding = 4; lastKnownFileType = sourcecode.c.objc; path = BaseViewController.m; sourceTree = "<group>"; };
		E70CB3EC1DAB5688003F4AA0 /* Base */ = {isa = PBXFileReference; lastKnownFileType = file.xib; name = Base; path = Base.lproj/ProjectTableViewCell.xib; sourceTree = "<group>"; };
		E70CB3EF1DAB57D9003F4AA0 /* ProjectTableViewCell.h */ = {isa = PBXFileReference; fileEncoding = 4; lastKnownFileType = sourcecode.c.h; path = ProjectTableViewCell.h; sourceTree = "<group>"; };
		E70CB3F01DAB57D9003F4AA0 /* ProjectTableViewCell.m */ = {isa = PBXFileReference; fileEncoding = 4; lastKnownFileType = sourcecode.c.objc; path = ProjectTableViewCell.m; sourceTree = "<group>"; };
		E749AA031DBA05D0007DC7D8 /* Base */ = {isa = PBXFileReference; lastKnownFileType = file.xib; name = Base; path = Base.lproj/SocialMediaButtonsTableViewCell.xib; sourceTree = "<group>"; };
		E749AA051DBA05E1007DC7D8 /* SocialMediaButtonsTableViewCell.h */ = {isa = PBXFileReference; fileEncoding = 4; lastKnownFileType = sourcecode.c.h; path = SocialMediaButtonsTableViewCell.h; sourceTree = "<group>"; };
		E749AA061DBA05E1007DC7D8 /* SocialMediaButtonsTableViewCell.m */ = {isa = PBXFileReference; fileEncoding = 4; lastKnownFileType = sourcecode.c.objc; path = SocialMediaButtonsTableViewCell.m; sourceTree = "<group>"; };
		E749AA091DBA063C007DC7D8 /* Base */ = {isa = PBXFileReference; lastKnownFileType = file.xib; name = Base; path = Base.lproj/AccountInformationViewController.xib; sourceTree = "<group>"; };
		E749AA0C1DBA0655007DC7D8 /* Base */ = {isa = PBXFileReference; lastKnownFileType = file.xib; name = Base; path = Base.lproj/AccountChangePasswordViewController.xib; sourceTree = "<group>"; };
		E749C0E91DB4293E0068C3F1 /* AccountChangePasswordViewController.h */ = {isa = PBXFileReference; fileEncoding = 4; lastKnownFileType = sourcecode.c.h; path = AccountChangePasswordViewController.h; sourceTree = "<group>"; };
		E749C0EA1DB4293E0068C3F1 /* AccountChangePasswordViewController.m */ = {isa = PBXFileReference; fileEncoding = 4; lastKnownFileType = sourcecode.c.objc; path = AccountChangePasswordViewController.m; sourceTree = "<group>"; };
		E749C0EC1DB44D450068C3F1 /* NSString+WhiteSpacing.h */ = {isa = PBXFileReference; fileEncoding = 4; lastKnownFileType = sourcecode.c.h; path = "NSString+WhiteSpacing.h"; sourceTree = "<group>"; };
		E749C0ED1DB44D450068C3F1 /* NSString+WhiteSpacing.m */ = {isa = PBXFileReference; fileEncoding = 4; lastKnownFileType = sourcecode.c.objc; path = "NSString+WhiteSpacing.m"; sourceTree = "<group>"; };
		E749C0EF1DB44DF10068C3F1 /* SproutWebService.h */ = {isa = PBXFileReference; fileEncoding = 4; lastKnownFileType = sourcecode.c.h; path = SproutWebService.h; sourceTree = "<group>"; };
		E749C0F01DB44DF10068C3F1 /* SproutWebService.m */ = {isa = PBXFileReference; fileEncoding = 4; lastKnownFileType = sourcecode.c.objc; path = SproutWebService.m; sourceTree = "<group>"; };
		E749C0F21DB4530D0068C3F1 /* ChangePasswordWebService.h */ = {isa = PBXFileReference; fileEncoding = 4; lastKnownFileType = sourcecode.c.h; path = ChangePasswordWebService.h; sourceTree = "<group>"; };
		E749C0F31DB4530D0068C3F1 /* ChangePasswordWebService.m */ = {isa = PBXFileReference; fileEncoding = 4; lastKnownFileType = sourcecode.c.objc; path = ChangePasswordWebService.m; sourceTree = "<group>"; };
		E749C0F51DB45B420068C3F1 /* CurrentUser.h */ = {isa = PBXFileReference; fileEncoding = 4; lastKnownFileType = sourcecode.c.h; path = CurrentUser.h; sourceTree = "<group>"; };
		E749C0F61DB45B420068C3F1 /* CurrentUser.m */ = {isa = PBXFileReference; fileEncoding = 4; lastKnownFileType = sourcecode.c.objc; path = CurrentUser.m; sourceTree = "<group>"; };
		E749C0F81DB462980068C3F1 /* SignInWebService.h */ = {isa = PBXFileReference; fileEncoding = 4; lastKnownFileType = sourcecode.c.h; path = SignInWebService.h; sourceTree = "<group>"; };
		E749C0F91DB462980068C3F1 /* SignInWebService.m */ = {isa = PBXFileReference; fileEncoding = 4; lastKnownFileType = sourcecode.c.objc; path = SignInWebService.m; sourceTree = "<group>"; };
		E749C0FD1DB49B880068C3F1 /* ProjectWebService.h */ = {isa = PBXFileReference; fileEncoding = 4; lastKnownFileType = sourcecode.c.h; path = ProjectWebService.h; sourceTree = "<group>"; };
		E749C0FE1DB49B880068C3F1 /* ProjectWebService.m */ = {isa = PBXFileReference; fileEncoding = 4; lastKnownFileType = sourcecode.c.objc; path = ProjectWebService.m; sourceTree = "<group>"; };
		E749C1011DB4A1240068C3F1 /* TPKeyboardAvoidingCollectionView.h */ = {isa = PBXFileReference; fileEncoding = 4; lastKnownFileType = sourcecode.c.h; path = TPKeyboardAvoidingCollectionView.h; sourceTree = "<group>"; };
		E749C1021DB4A1240068C3F1 /* TPKeyboardAvoidingCollectionView.m */ = {isa = PBXFileReference; fileEncoding = 4; lastKnownFileType = sourcecode.c.objc; path = TPKeyboardAvoidingCollectionView.m; sourceTree = "<group>"; };
		E749C1031DB4A1240068C3F1 /* TPKeyboardAvoidingScrollView.h */ = {isa = PBXFileReference; fileEncoding = 4; lastKnownFileType = sourcecode.c.h; path = TPKeyboardAvoidingScrollView.h; sourceTree = "<group>"; };
		E749C1041DB4A1240068C3F1 /* TPKeyboardAvoidingScrollView.m */ = {isa = PBXFileReference; fileEncoding = 4; lastKnownFileType = sourcecode.c.objc; path = TPKeyboardAvoidingScrollView.m; sourceTree = "<group>"; };
		E749C1051DB4A1240068C3F1 /* TPKeyboardAvoidingTableView.h */ = {isa = PBXFileReference; fileEncoding = 4; lastKnownFileType = sourcecode.c.h; path = TPKeyboardAvoidingTableView.h; sourceTree = "<group>"; };
		E749C1061DB4A1240068C3F1 /* TPKeyboardAvoidingTableView.m */ = {isa = PBXFileReference; fileEncoding = 4; lastKnownFileType = sourcecode.c.objc; path = TPKeyboardAvoidingTableView.m; sourceTree = "<group>"; };
		E749C1071DB4A1240068C3F1 /* UIScrollView+TPKeyboardAvoidingAdditions.h */ = {isa = PBXFileReference; fileEncoding = 4; lastKnownFileType = sourcecode.c.h; path = "UIScrollView+TPKeyboardAvoidingAdditions.h"; sourceTree = "<group>"; };
		E749C1081DB4A1240068C3F1 /* UIScrollView+TPKeyboardAvoidingAdditions.m */ = {isa = PBXFileReference; fileEncoding = 4; lastKnownFileType = sourcecode.c.objc; path = "UIScrollView+TPKeyboardAvoidingAdditions.m"; sourceTree = "<group>"; };
		E749C1101DB4B3300068C3F1 /* JVFloatLabeledTextField.h */ = {isa = PBXFileReference; fileEncoding = 4; lastKnownFileType = sourcecode.c.h; path = JVFloatLabeledTextField.h; sourceTree = "<group>"; };
		E749C1111DB4B3300068C3F1 /* JVFloatLabeledTextField.m */ = {isa = PBXFileReference; fileEncoding = 4; lastKnownFileType = sourcecode.c.objc; path = JVFloatLabeledTextField.m; sourceTree = "<group>"; };
		E749C1121DB4B3300068C3F1 /* JVFloatLabeledTextView.h */ = {isa = PBXFileReference; fileEncoding = 4; lastKnownFileType = sourcecode.c.h; path = JVFloatLabeledTextView.h; sourceTree = "<group>"; };
		E749C1131DB4B3300068C3F1 /* JVFloatLabeledTextView.m */ = {isa = PBXFileReference; fileEncoding = 4; lastKnownFileType = sourcecode.c.objc; path = JVFloatLabeledTextView.m; sourceTree = "<group>"; };
		E762D1B81DB9F4BD00988104 /* TextFieldTableViewCell.h */ = {isa = PBXFileReference; fileEncoding = 4; lastKnownFileType = sourcecode.c.h; path = TextFieldTableViewCell.h; sourceTree = "<group>"; };
		E762D1B91DB9F4BD00988104 /* TextFieldTableViewCell.m */ = {isa = PBXFileReference; fileEncoding = 4; lastKnownFileType = sourcecode.c.objc; path = TextFieldTableViewCell.m; sourceTree = "<group>"; };
		E762D1BC1DB9F4CC00988104 /* Base */ = {isa = PBXFileReference; lastKnownFileType = file.xib; name = Base; path = Base.lproj/TextFieldTableViewCell.xib; sourceTree = "<group>"; };
		E76FBA741DADEC6900BA46F0 /* AFHTTPRequestOperation.h */ = {isa = PBXFileReference; fileEncoding = 4; lastKnownFileType = sourcecode.c.h; path = AFHTTPRequestOperation.h; sourceTree = "<group>"; };
		E76FBA751DADEC6900BA46F0 /* AFHTTPRequestOperation.m */ = {isa = PBXFileReference; fileEncoding = 4; lastKnownFileType = sourcecode.c.objc; path = AFHTTPRequestOperation.m; sourceTree = "<group>"; };
		E76FBA761DADEC6900BA46F0 /* AFHTTPRequestOperationManager.h */ = {isa = PBXFileReference; fileEncoding = 4; lastKnownFileType = sourcecode.c.h; path = AFHTTPRequestOperationManager.h; sourceTree = "<group>"; };
		E76FBA771DADEC6900BA46F0 /* AFHTTPRequestOperationManager.m */ = {isa = PBXFileReference; fileEncoding = 4; lastKnownFileType = sourcecode.c.objc; path = AFHTTPRequestOperationManager.m; sourceTree = "<group>"; };
		E76FBA781DADEC6900BA46F0 /* AFHTTPSessionManager.h */ = {isa = PBXFileReference; fileEncoding = 4; lastKnownFileType = sourcecode.c.h; path = AFHTTPSessionManager.h; sourceTree = "<group>"; };
		E76FBA791DADEC6900BA46F0 /* AFHTTPSessionManager.m */ = {isa = PBXFileReference; fileEncoding = 4; lastKnownFileType = sourcecode.c.objc; path = AFHTTPSessionManager.m; sourceTree = "<group>"; };
		E76FBA7A1DADEC6900BA46F0 /* AFNetworking.h */ = {isa = PBXFileReference; fileEncoding = 4; lastKnownFileType = sourcecode.c.h; path = AFNetworking.h; sourceTree = "<group>"; };
		E76FBA7B1DADEC6900BA46F0 /* AFNetworkReachabilityManager.h */ = {isa = PBXFileReference; fileEncoding = 4; lastKnownFileType = sourcecode.c.h; path = AFNetworkReachabilityManager.h; sourceTree = "<group>"; };
		E76FBA7C1DADEC6900BA46F0 /* AFNetworkReachabilityManager.m */ = {isa = PBXFileReference; fileEncoding = 4; lastKnownFileType = sourcecode.c.objc; path = AFNetworkReachabilityManager.m; sourceTree = "<group>"; };
		E76FBA7D1DADEC6900BA46F0 /* AFSecurityPolicy.h */ = {isa = PBXFileReference; fileEncoding = 4; lastKnownFileType = sourcecode.c.h; path = AFSecurityPolicy.h; sourceTree = "<group>"; };
		E76FBA7E1DADEC6900BA46F0 /* AFSecurityPolicy.m */ = {isa = PBXFileReference; fileEncoding = 4; lastKnownFileType = sourcecode.c.objc; path = AFSecurityPolicy.m; sourceTree = "<group>"; };
		E76FBA7F1DADEC6900BA46F0 /* AFURLConnectionOperation.h */ = {isa = PBXFileReference; fileEncoding = 4; lastKnownFileType = sourcecode.c.h; path = AFURLConnectionOperation.h; sourceTree = "<group>"; };
		E76FBA801DADEC6900BA46F0 /* AFURLConnectionOperation.m */ = {isa = PBXFileReference; fileEncoding = 4; lastKnownFileType = sourcecode.c.objc; path = AFURLConnectionOperation.m; sourceTree = "<group>"; };
		E76FBA811DADEC6900BA46F0 /* AFURLRequestSerialization.h */ = {isa = PBXFileReference; fileEncoding = 4; lastKnownFileType = sourcecode.c.h; path = AFURLRequestSerialization.h; sourceTree = "<group>"; };
		E76FBA821DADEC6900BA46F0 /* AFURLRequestSerialization.m */ = {isa = PBXFileReference; fileEncoding = 4; lastKnownFileType = sourcecode.c.objc; path = AFURLRequestSerialization.m; sourceTree = "<group>"; };
		E76FBA831DADEC6900BA46F0 /* AFURLResponseSerialization.h */ = {isa = PBXFileReference; fileEncoding = 4; lastKnownFileType = sourcecode.c.h; path = AFURLResponseSerialization.h; sourceTree = "<group>"; };
		E76FBA841DADEC6900BA46F0 /* AFURLResponseSerialization.m */ = {isa = PBXFileReference; fileEncoding = 4; lastKnownFileType = sourcecode.c.objc; path = AFURLResponseSerialization.m; sourceTree = "<group>"; };
		E76FBA851DADEC6900BA46F0 /* AFURLSessionManager.h */ = {isa = PBXFileReference; fileEncoding = 4; lastKnownFileType = sourcecode.c.h; path = AFURLSessionManager.h; sourceTree = "<group>"; };
		E76FBA861DADEC6900BA46F0 /* AFURLSessionManager.m */ = {isa = PBXFileReference; fileEncoding = 4; lastKnownFileType = sourcecode.c.objc; path = AFURLSessionManager.m; sourceTree = "<group>"; };
		E76FBA911DADEDCA00BA46F0 /* TableAdapter.h */ = {isa = PBXFileReference; fileEncoding = 4; lastKnownFileType = sourcecode.c.h; path = TableAdapter.h; sourceTree = "<group>"; };
		E76FBA921DADEDCA00BA46F0 /* TableAdapter.m */ = {isa = PBXFileReference; fileEncoding = 4; lastKnownFileType = sourcecode.c.objc; path = TableAdapter.m; sourceTree = "<group>"; };
		E76FBA981DAE01D400BA46F0 /* CoreDataAccessKit.h */ = {isa = PBXFileReference; fileEncoding = 4; lastKnownFileType = sourcecode.c.h; name = CoreDataAccessKit.h; path = Database/CoreDataAccessKit.h; sourceTree = "<group>"; };
		E76FBA991DAE01D400BA46F0 /* CoreDataAccessKit.m */ = {isa = PBXFileReference; fileEncoding = 4; lastKnownFileType = sourcecode.c.objc; name = CoreDataAccessKit.m; path = Database/CoreDataAccessKit.m; sourceTree = "<group>"; };
		E76FBA9B1DAE0F7900BA46F0 /* AppDelegate+DemoData.h */ = {isa = PBXFileReference; fileEncoding = 4; lastKnownFileType = sourcecode.c.h; path = "AppDelegate+DemoData.h"; sourceTree = "<group>"; };
		E76FBA9C1DAE0F7900BA46F0 /* AppDelegate+DemoData.m */ = {isa = PBXFileReference; fileEncoding = 4; lastKnownFileType = sourcecode.c.objc; path = "AppDelegate+DemoData.m"; sourceTree = "<group>"; };
		E78E3DCE1DB41C7C00C4C815 /* AccountSignUpViewController.h */ = {isa = PBXFileReference; fileEncoding = 4; lastKnownFileType = sourcecode.c.h; path = AccountSignUpViewController.h; sourceTree = "<group>"; };
		E78E3DCF1DB41C7C00C4C815 /* AccountSignUpViewController.m */ = {isa = PBXFileReference; fileEncoding = 4; lastKnownFileType = sourcecode.c.objc; path = AccountSignUpViewController.m; sourceTree = "<group>"; };
		E78E3DD21DB41D7C00C4C815 /* Base */ = {isa = PBXFileReference; lastKnownFileType = file.xib; name = Base; path = Base.lproj/AccountSignUpViewController.xib; sourceTree = "<group>"; };
		E7A6BFE31DBB23230067C409 /* Base */ = {isa = PBXFileReference; lastKnownFileType = file.xib; name = Base; path = Base.lproj/SproutDisplayTableViewCell.xib; sourceTree = "<group>"; };
		E7A6BFE51DBB233A0067C409 /* SproutDisplayTableViewCell.h */ = {isa = PBXFileReference; fileEncoding = 4; lastKnownFileType = sourcecode.c.h; path = SproutDisplayTableViewCell.h; sourceTree = "<group>"; };
		E7A6BFE61DBB233A0067C409 /* SproutDisplayTableViewCell.m */ = {isa = PBXFileReference; fileEncoding = 4; lastKnownFileType = sourcecode.c.objc; path = SproutDisplayTableViewCell.m; sourceTree = "<group>"; };
		E7A6BFE91DBB26870067C409 /* Base */ = {isa = PBXFileReference; lastKnownFileType = file.xib; name = Base; path = Base.lproj/ButtonTableViewCell.xib; sourceTree = "<group>"; };
		E7A6BFEB1DBB26950067C409 /* ButtonTableViewCell.h */ = {isa = PBXFileReference; fileEncoding = 4; lastKnownFileType = sourcecode.c.h; path = ButtonTableViewCell.h; sourceTree = "<group>"; };
		E7A6BFEC1DBB26950067C409 /* ButtonTableViewCell.m */ = {isa = PBXFileReference; fileEncoding = 4; lastKnownFileType = sourcecode.c.objc; path = ButtonTableViewCell.m; sourceTree = "<group>"; };
		E7A6BFEE1DBB2D250067C409 /* ProjectTableViewCellDelegate.h */ = {isa = PBXFileReference; lastKnownFileType = sourcecode.c.h; path = ProjectTableViewCellDelegate.h; sourceTree = "<group>"; };
		E7A77DB01DBC5FC20096F24C /* DataObjects.h */ = {isa = PBXFileReference; lastKnownFileType = sourcecode.c.h; name = DataObjects.h; path = Database/DataObjects.h; sourceTree = "<group>"; };
		E7ABE1EE1DB410020056224D /* AccountSignInViewController.h */ = {isa = PBXFileReference; fileEncoding = 4; lastKnownFileType = sourcecode.c.h; path = AccountSignInViewController.h; sourceTree = "<group>"; };
		E7ABE1EF1DB410020056224D /* AccountSignInViewController.m */ = {isa = PBXFileReference; fileEncoding = 4; lastKnownFileType = sourcecode.c.objc; path = AccountSignInViewController.m; sourceTree = "<group>"; };
		E7ABE1F21DB412C30056224D /* Base */ = {isa = PBXFileReference; lastKnownFileType = file.xib; name = Base; path = Base.lproj/AccountSignInViewController.xib; sourceTree = "<group>"; };
		E7B36F101DBC4A7F00402A7F /* Sprout-Swift.h */ = {isa = PBXFileReference; lastKnownFileType = sourcecode.c.h; path = "Sprout-Swift.h"; sourceTree = "<group>"; };
		E7C61B991DBAFBF0008A86C0 /* Base */ = {isa = PBXFileReference; lastKnownFileType = file.xib; name = Base; path = Base.lproj/TimelineTableViewCell.xib; sourceTree = "<group>"; };
		E7C61B9B1DBAFC05008A86C0 /* TimelineTableViewCell.h */ = {isa = PBXFileReference; fileEncoding = 4; lastKnownFileType = sourcecode.c.h; path = TimelineTableViewCell.h; sourceTree = "<group>"; };
		E7C61B9C1DBAFC05008A86C0 /* TimelineTableViewCell.m */ = {isa = PBXFileReference; fileEncoding = 4; lastKnownFileType = sourcecode.c.objc; path = TimelineTableViewCell.m; sourceTree = "<group>"; };
		E7C61B9F1DBAFF36008A86C0 /* Base */ = {isa = PBXFileReference; lastKnownFileType = file.xib; name = Base; path = Base.lproj/SliderTableViewCell.xib; sourceTree = "<group>"; };
		E7C61BA11DBAFF48008A86C0 /* SliderTableViewCell.h */ = {isa = PBXFileReference; fileEncoding = 4; lastKnownFileType = sourcecode.c.h; path = SliderTableViewCell.h; sourceTree = "<group>"; };
		E7C61BA21DBAFF48008A86C0 /* SliderTableViewCell.m */ = {isa = PBXFileReference; fileEncoding = 4; lastKnownFileType = sourcecode.c.objc; path = SliderTableViewCell.m; sourceTree = "<group>"; };
		E7C61BA51DBB0293008A86C0 /* Base */ = {isa = PBXFileReference; lastKnownFileType = file.xib; name = Base; path = Base.lproj/SwitchTableViewCell.xib; sourceTree = "<group>"; };
		E7C61BA71DBB02A4008A86C0 /* SwitchTableViewCell.h */ = {isa = PBXFileReference; fileEncoding = 4; lastKnownFileType = sourcecode.c.h; path = SwitchTableViewCell.h; sourceTree = "<group>"; };
		E7C61BA81DBB02A4008A86C0 /* SwitchTableViewCell.m */ = {isa = PBXFileReference; fileEncoding = 4; lastKnownFileType = sourcecode.c.objc; path = SwitchTableViewCell.m; sourceTree = "<group>"; };
		E7C72A061DB88DE100128D32 /* SelectNewProjectViewController.h */ = {isa = PBXFileReference; fileEncoding = 4; lastKnownFileType = sourcecode.c.h; path = SelectNewProjectViewController.h; sourceTree = "<group>"; };
		E7C72A071DB88DE100128D32 /* SelectNewProjectViewController.m */ = {isa = PBXFileReference; fileEncoding = 4; lastKnownFileType = sourcecode.c.objc; path = SelectNewProjectViewController.m; sourceTree = "<group>"; };
		E7C72A0A1DB89DB500128D32 /* Base */ = {isa = PBXFileReference; lastKnownFileType = file.xib; name = Base; path = Base.lproj/SelectNewProjectViewController.xib; sourceTree = "<group>"; };
		E7D561501DBF241300647BBB /* TimelineCollectionViewCell.h */ = {isa = PBXFileReference; fileEncoding = 4; lastKnownFileType = sourcecode.c.h; path = TimelineCollectionViewCell.h; sourceTree = "<group>"; };
		E7D561511DBF241300647BBB /* TimelineCollectionViewCell.m */ = {isa = PBXFileReference; fileEncoding = 4; lastKnownFileType = sourcecode.c.objc; path = TimelineCollectionViewCell.m; sourceTree = "<group>"; };
		E7D561531DBF35B800647BBB /* TimelineCollectionViewCellDelegate.h */ = {isa = PBXFileReference; lastKnownFileType = sourcecode.c.h; path = TimelineCollectionViewCellDelegate.h; sourceTree = "<group>"; };
		E7DBE6291DACAE730052064E /* DatabaseModel.xcdatamodel */ = {isa = PBXFileReference; lastKnownFileType = wrapper.xcdatamodel; path = DatabaseModel.xcdatamodel; sourceTree = "<group>"; };
		E7EC35061DC5708A004703D1 /* SelectTableViewController.h */ = {isa = PBXFileReference; fileEncoding = 4; lastKnownFileType = sourcecode.c.h; path = SelectTableViewController.h; sourceTree = "<group>"; };
		E7EC35071DC5708A004703D1 /* SelectTableViewController.m */ = {isa = PBXFileReference; fileEncoding = 4; lastKnownFileType = sourcecode.c.objc; path = SelectTableViewController.m; sourceTree = "<group>"; };
		E7EC35091DC584A0004703D1 /* DateSelectorViewController.h */ = {isa = PBXFileReference; fileEncoding = 4; lastKnownFileType = sourcecode.c.h; path = DateSelectorViewController.h; sourceTree = "<group>"; };
		E7EC350A1DC584A0004703D1 /* DateSelectorViewController.m */ = {isa = PBXFileReference; fileEncoding = 4; lastKnownFileType = sourcecode.c.objc; path = DateSelectorViewController.m; sourceTree = "<group>"; };
		E7EC350D1DC584AF004703D1 /* Base */ = {isa = PBXFileReference; lastKnownFileType = file.xib; name = Base; path = Base.lproj/DateSelectorViewController.xib; sourceTree = "<group>"; };
		E7EC35101DC5CE21004703D1 /* Base */ = {isa = PBXFileReference; lastKnownFileType = file.xib; name = Base; path = Base.lproj/CameraViewController.xib; sourceTree = "<group>"; };
		E7F92BD31DC227E10050E5AD /* DataObjects.m */ = {isa = PBXFileReference; fileEncoding = 4; lastKnownFileType = sourcecode.c.objc; name = DataObjects.m; path = Database/DataObjects.m; sourceTree = "<group>"; };
		E7FDACF51DADEA0300DB1EAD /* CoreData.framework */ = {isa = PBXFileReference; lastKnownFileType = wrapper.framework; name = CoreData.framework; path = System/Library/Frameworks/CoreData.framework; sourceTree = SDKROOT; };
/* End PBXFileReference section */

/* Begin PBXFrameworksBuildPhase section */
		5A85A2C01D2BB65F00B4CD02 /* Frameworks */ = {
			isa = PBXFrameworksBuildPhase;
			buildActionMask = 2147483647;
			files = (
				E7FDACF61DADEA0300DB1EAD /* CoreData.framework in Frameworks */,
				5A85C6CD1D62EB0700BA2FA0 /* CFNetwork.framework in Frameworks */,
			);
			runOnlyForDeploymentPostprocessing = 0;
		};
/* End PBXFrameworksBuildPhase section */

/* Begin PBXGroup section */
		5A1BC3471D4A09DD00692EB8 /* Change Password */ = {
			isa = PBXGroup;
			children = (
				E749AA0B1DBA0655007DC7D8 /* AccountChangePasswordViewController.xib */,
				E749C0E91DB4293E0068C3F1 /* AccountChangePasswordViewController.h */,
				E749C0EA1DB4293E0068C3F1 /* AccountChangePasswordViewController.m */,
			);
			name = "Change Password";
			sourceTree = "<group>";
		};
		5A2180921D3E01260057F298 /* Account Information */ = {
			isa = PBXGroup;
			children = (
				E749AA081DBA063C007DC7D8 /* AccountInformationViewController.xib */,
				5A2180931D3E015C0057F298 /* AccountInformationViewController.h */,
				5A2180941D3E015C0057F298 /* AccountInformationViewController.m */,
				E78E3DD11DB41D7C00C4C815 /* AccountSignUpViewController.xib */,
				E78E3DCE1DB41C7C00C4C815 /* AccountSignUpViewController.h */,
				E78E3DCF1DB41C7C00C4C815 /* AccountSignUpViewController.m */,
				E7ABE1F11DB412C30056224D /* AccountSignInViewController.xib */,
				E7ABE1EE1DB410020056224D /* AccountSignInViewController.h */,
				E7ABE1EF1DB410020056224D /* AccountSignInViewController.m */,
			);
			name = "Account Information";
			sourceTree = "<group>";
		};
		5A245E191D488E2E006A6F52 /* About */ = {
			isa = PBXGroup;
			children = (
				5A245E1A1D488E7F006A6F52 /* AboutViewController.h */,
				5A245E1B1D488E7F006A6F52 /* AboutViewController.m */,
			);
			name = About;
			sourceTree = "<group>";
		};
		5A54985F1D54929900432FE5 /* AFNetworking */ = {
			isa = PBXGroup;
			children = (
				E76FBA741DADEC6900BA46F0 /* AFHTTPRequestOperation.h */,
				E76FBA751DADEC6900BA46F0 /* AFHTTPRequestOperation.m */,
				E76FBA761DADEC6900BA46F0 /* AFHTTPRequestOperationManager.h */,
				E76FBA771DADEC6900BA46F0 /* AFHTTPRequestOperationManager.m */,
				E76FBA781DADEC6900BA46F0 /* AFHTTPSessionManager.h */,
				E76FBA791DADEC6900BA46F0 /* AFHTTPSessionManager.m */,
				E76FBA7A1DADEC6900BA46F0 /* AFNetworking.h */,
				E76FBA7B1DADEC6900BA46F0 /* AFNetworkReachabilityManager.h */,
				E76FBA7C1DADEC6900BA46F0 /* AFNetworkReachabilityManager.m */,
				E76FBA7D1DADEC6900BA46F0 /* AFSecurityPolicy.h */,
				E76FBA7E1DADEC6900BA46F0 /* AFSecurityPolicy.m */,
				E76FBA7F1DADEC6900BA46F0 /* AFURLConnectionOperation.h */,
				E76FBA801DADEC6900BA46F0 /* AFURLConnectionOperation.m */,
				E76FBA811DADEC6900BA46F0 /* AFURLRequestSerialization.h */,
				E76FBA821DADEC6900BA46F0 /* AFURLRequestSerialization.m */,
				E76FBA831DADEC6900BA46F0 /* AFURLResponseSerialization.h */,
				E76FBA841DADEC6900BA46F0 /* AFURLResponseSerialization.m */,
				E76FBA851DADEC6900BA46F0 /* AFURLSessionManager.h */,
				E76FBA861DADEC6900BA46F0 /* AFURLSessionManager.m */,
			);
			path = AFNetworking;
			sourceTree = "<group>";
		};
		5A54987F1D54930A00432FE5 /* Web Services */ = {
			isa = PBXGroup;
			children = (
				E749C0EF1DB44DF10068C3F1 /* SproutWebService.h */,
				E749C0F01DB44DF10068C3F1 /* SproutWebService.m */,
				E749C0F21DB4530D0068C3F1 /* ChangePasswordWebService.h */,
				E749C0F31DB4530D0068C3F1 /* ChangePasswordWebService.m */,
				E749C0F81DB462980068C3F1 /* SignInWebService.h */,
				E749C0F91DB462980068C3F1 /* SignInWebService.m */,
				E749C0FD1DB49B880068C3F1 /* ProjectWebService.h */,
				E749C0FE1DB49B880068C3F1 /* ProjectWebService.m */,
			);
			name = "Web Services";
			sourceTree = "<group>";
		};
		5A5498831D54947300432FE5 /* SVProgressHUD */ = {
			isa = PBXGroup;
			children = (
				5A5498841D54947300432FE5 /* SVIndefiniteAnimatedView.h */,
				5A5498851D54947300432FE5 /* SVIndefiniteAnimatedView.m */,
				5A5498861D54947300432FE5 /* SVProgressAnimatedView.h */,
				5A5498871D54947300432FE5 /* SVProgressAnimatedView.m */,
				5A5498881D54947300432FE5 /* SVProgressHUD-Prefix.pch */,
				5A5498891D54947300432FE5 /* SVProgressHUD.bundle */,
				5A54988A1D54947300432FE5 /* SVProgressHUD.h */,
				5A54988B1D54947300432FE5 /* SVProgressHUD.m */,
				5A54988C1D54947300432FE5 /* SVRadialGradientLayer.h */,
				5A54988D1D54947300432FE5 /* SVRadialGradientLayer.m */,
			);
			path = SVProgressHUD;
			sourceTree = "<group>";
		};
		5A5F3D5F1D599FBC00AC6767 /* UIImage+Animated */ = {
			isa = PBXGroup;
			children = (
				5A5F3D601D599FD300AC6767 /* UIImage+animatedGIF.h */,
				5A5F3D611D599FD300AC6767 /* UIImage+animatedGIF.m */,
			);
			name = "UIImage+Animated";
			sourceTree = "<group>";
		};
		5A85A2BA1D2BB65F00B4CD02 = {
			isa = PBXGroup;
			children = (
				5A85A2C51D2BB65F00B4CD02 /* Sprout */,
				E7EA67681DAB01A7008B8649 /* Frameworks */,
				5A85A2C41D2BB65F00B4CD02 /* Products */,
			);
			sourceTree = "<group>";
		};
		5A85A2C41D2BB65F00B4CD02 /* Products */ = {
			isa = PBXGroup;
			children = (
				5A85A2C31D2BB65F00B4CD02 /* Sprout.app */,
			);
			name = Products;
			sourceTree = "<group>";
		};
		5A85A2C51D2BB65F00B4CD02 /* Sprout */ = {
			isa = PBXGroup;
			children = (
				E7DBE6271DACAE110052064E /* App Delegate */,
				E70CB3F21DAB5AF9003F4AA0 /* Database */,
				E76FBA901DADED7E00BA46F0 /* Adapters */,
				5A85A3051D2BB8FA00B4CD02 /* ViewControllers */,
				5A54987F1D54930A00432FE5 /* Web Services */,
				5A85A2F81D2BB82000B4CD02 /* Utils */,
				E78E3DD51DB427D100C4C815 /* Libraries */,
				5A85A2C61D2BB65F00B4CD02 /* Supporting Files */,
				5A85A2CE1D2BB65F00B4CD02 /* Assets.xcassets */,
			);
			path = Sprout;
			sourceTree = "<group>";
		};
		5A85A2C61D2BB65F00B4CD02 /* Supporting Files */ = {
			isa = PBXGroup;
			children = (
				5A85A2C71D2BB65F00B4CD02 /* main.m */,
				5A85A2D31D2BB65F00B4CD02 /* Info.plist */,
				5A85A2D01D2BB65F00B4CD02 /* LaunchScreen.storyboard */,
				E7B36F101DBC4A7F00402A7F /* Sprout-Swift.h */,
			);
			name = "Supporting Files";
			sourceTree = "<group>";
		};
		5A85A2F51D2BB7CB00B4CD02 /* Sprout Projects */ = {
			isa = PBXGroup;
			children = (
				5A85A2FF1D2BB88900B4CD02 /* MyProjectsViewController.h */,
				5A85A3001D2BB88900B4CD02 /* MyProjectsViewController.m */,
				5A17F60C1D4AFDAB00662C1A /* ProjectDetailViewController.h */,
				5A17F60D1D4AFDAB00662C1A /* ProjectDetailViewController.m */,
				E7EC350F1DC5CE21004703D1 /* CameraViewController.xib */,
				5AD140311D50673D004C301B /* CameraViewController.h */,
				5AD140321D50673D004C301B /* CameraViewController.m */,
				E7C72A091DB89DB500128D32 /* SelectNewProjectViewController.xib */,
				E7C72A061DB88DE100128D32 /* SelectNewProjectViewController.h */,
				E7C72A071DB88DE100128D32 /* SelectNewProjectViewController.m */,
			);
			name = "Sprout Projects";
			sourceTree = "<group>";
		};
		5A85A2F71D2BB80B00B4CD02 /* Community */ = {
			isa = PBXGroup;
			children = (
				5A85A2F91D2BB85300B4CD02 /* CommunityViewController.h */,
				5A85A2FA1D2BB85300B4CD02 /* CommunityViewController.m */,
			);
			name = Community;
			sourceTree = "<group>";
		};
		5A85A2F81D2BB82000B4CD02 /* Utils */ = {
			isa = PBXGroup;
			children = (
				E749C0F51DB45B420068C3F1 /* CurrentUser.h */,
				E749C0F61DB45B420068C3F1 /* CurrentUser.m */,
				E749C0EC1DB44D450068C3F1 /* NSString+WhiteSpacing.h */,
				E749C0ED1DB44D450068C3F1 /* NSString+WhiteSpacing.m */,
				5A85A3021D2BB8D600B4CD02 /* UIUtils.h */,
				5A85A3031D2BB8D600B4CD02 /* UIUtils.m */,
			);
			name = Utils;
			sourceTree = "<group>";
		};
		5A85A3051D2BB8FA00B4CD02 /* ViewControllers */ = {
			isa = PBXGroup;
			children = (
				E70144E51DC0D98700E115BF /* Views */,
				E7D5614F1DBF23E500647BBB /* CollectionViewCells */,
				E7ABE1ED1DB40C870056224D /* TableViewCells */,
				E70CB3E71DAB2E4F003F4AA0 /* Base Classes */,
				5A85A2F51D2BB7CB00B4CD02 /* Sprout Projects */,
				5A85A2F71D2BB80B00B4CD02 /* Community */,
				5A85A30D1D2BBEC800B4CD02 /* Settings */,
			);
			name = ViewControllers;
			sourceTree = "<group>";
		};
		5A85A30D1D2BBEC800B4CD02 /* Settings */ = {
			isa = PBXGroup;
			children = (
				5A85A30E1D2BBF0600B4CD02 /* SettingsViewController.h */,
				5A85A30F1D2BBF0600B4CD02 /* SettingsViewController.m */,
				5A245E191D488E2E006A6F52 /* About */,
				5AA375391D2CFBC4001993E0 /* FAQ */,
				5A2180921D3E01260057F298 /* Account Information */,
				5A1BC3471D4A09DD00692EB8 /* Change Password */,
			);
			name = Settings;
			sourceTree = "<group>";
		};
		5AA375391D2CFBC4001993E0 /* FAQ */ = {
			isa = PBXGroup;
			children = (
				5AA3753A1D2CFBEF001993E0 /* FAQViewController.h */,
				5AA3753B1D2CFBEF001993E0 /* FAQViewController.m */,
			);
			name = FAQ;
			sourceTree = "<group>";
		};
		5AD4C3551D33A96B005F8D98 /* SDWebImage */ = {
			isa = PBXGroup;
			children = (
				5AD4C3561D33A96B005F8D98 /* MKAnnotationView+WebCache.h */,
				5AD4C3571D33A96B005F8D98 /* MKAnnotationView+WebCache.m */,
				5AD4C3581D33A96B005F8D98 /* NSData+ImageContentType.h */,
				5AD4C3591D33A96B005F8D98 /* NSData+ImageContentType.m */,
				5AD4C35A1D33A96B005F8D98 /* SDImageCache.h */,
				5AD4C35B1D33A96B005F8D98 /* SDImageCache.m */,
				5AD4C35C1D33A96B005F8D98 /* SDWebImageCompat.h */,
				5AD4C35D1D33A96B005F8D98 /* SDWebImageCompat.m */,
				5AD4C35E1D33A96B005F8D98 /* SDWebImageDecoder.h */,
				5AD4C35F1D33A96B005F8D98 /* SDWebImageDecoder.m */,
				5AD4C3601D33A96B005F8D98 /* SDWebImageDownloader.h */,
				5AD4C3611D33A96B005F8D98 /* SDWebImageDownloader.m */,
				5AD4C3621D33A96B005F8D98 /* SDWebImageDownloaderOperation.h */,
				5AD4C3631D33A96B005F8D98 /* SDWebImageDownloaderOperation.m */,
				5AD4C3641D33A96B005F8D98 /* SDWebImageManager.h */,
				5AD4C3651D33A96B005F8D98 /* SDWebImageManager.m */,
				5AD4C3661D33A96B005F8D98 /* SDWebImageOperation.h */,
				5AD4C3671D33A96B005F8D98 /* SDWebImagePrefetcher.h */,
				5AD4C3681D33A96B005F8D98 /* SDWebImagePrefetcher.m */,
				5AD4C3691D33A96B005F8D98 /* UIButton+WebCache.h */,
				5AD4C36A1D33A96B005F8D98 /* UIButton+WebCache.m */,
				5AD4C36B1D33A96B005F8D98 /* UIImage+GIF.h */,
				5AD4C36C1D33A96B005F8D98 /* UIImage+GIF.m */,
				5AD4C36D1D33A96B005F8D98 /* UIImage+MultiFormat.h */,
				5AD4C36E1D33A96B005F8D98 /* UIImage+MultiFormat.m */,
				5AD4C36F1D33A96B005F8D98 /* UIImage+WebP.h */,
				5AD4C3701D33A96B005F8D98 /* UIImage+WebP.m */,
				5AD4C3711D33A96B005F8D98 /* UIImageView+HighlightedWebCache.h */,
				5AD4C3721D33A96B005F8D98 /* UIImageView+HighlightedWebCache.m */,
				5AD4C3731D33A96B005F8D98 /* UIImageView+WebCache.h */,
				5AD4C3741D33A96B005F8D98 /* UIImageView+WebCache.m */,
				5AD4C3751D33A96B005F8D98 /* UIView+WebCacheOperation.h */,
				5AD4C3761D33A96B005F8D98 /* UIView+WebCacheOperation.m */,
			);
			path = SDWebImage;
			sourceTree = "<group>";
		};
		E70144E51DC0D98700E115BF /* Views */ = {
			isa = PBXGroup;
			children = (
				E70144E61DC0D9E200E115BF /* SproutView.h */,
				E70144E71DC0D9E200E115BF /* SproutView.m */,
			);
			name = Views;
			sourceTree = "<group>";
		};
		E70CB3E71DAB2E4F003F4AA0 /* Base Classes */ = {
			isa = PBXGroup;
			children = (
				E70CB3E81DAB2E7D003F4AA0 /* BaseViewController.h */,
				E70CB3E91DAB2E7D003F4AA0 /* BaseViewController.m */,
				E7EC35061DC5708A004703D1 /* SelectTableViewController.h */,
				E7EC35071DC5708A004703D1 /* SelectTableViewController.m */,
				E7EC350C1DC584AF004703D1 /* DateSelectorViewController.xib */,
				E7EC35091DC584A0004703D1 /* DateSelectorViewController.h */,
				E7EC350A1DC584A0004703D1 /* DateSelectorViewController.m */,
			);
			name = "Base Classes";
			sourceTree = "<group>";
		};
		E70CB3F21DAB5AF9003F4AA0 /* Database */ = {
			isa = PBXGroup;
			children = (
				E70CB3F31DAB5B05003F4AA0 /* Model Objects */,
				E7DBE6281DACAE730052064E /* DatabaseModel.xcdatamodeld */,
				E76FBA981DAE01D400BA46F0 /* CoreDataAccessKit.h */,
				E76FBA991DAE01D400BA46F0 /* CoreDataAccessKit.m */,
			);
			name = Database;
			sourceTree = "<group>";
		};
		E70CB3F31DAB5B05003F4AA0 /* Model Objects */ = {
			isa = PBXGroup;
			children = (
				E7A77DB01DBC5FC20096F24C /* DataObjects.h */,
				E7F92BD31DC227E10050E5AD /* DataObjects.m */,
				E70700231DBE37F3009E8D7D /* Project.h */,
				E70700241DBE37F3009E8D7D /* Project.m */,
				E70700251DBE37F3009E8D7D /* Project+CoreDataProperties.h */,
				E70700261DBE37F3009E8D7D /* Project+CoreDataProperties.m */,
				E70700271DBE37F3009E8D7D /* Project+Extras.h */,
				E70700281DBE37F3009E8D7D /* Project+Extras.m */,
				E70700291DBE37F3009E8D7D /* Timeline.h */,
				E707002A1DBE37F3009E8D7D /* Timeline.m */,
				E707002B1DBE37F3009E8D7D /* Timeline+CoreDataProperties.h */,
				E707002C1DBE37F3009E8D7D /* Timeline+CoreDataProperties.m */,
				E707002D1DBE37F3009E8D7D /* Timeline+Extras.h */,
				E707002E1DBE37F3009E8D7D /* Timeline+Extras.m */,
			);
			name = "Model Objects";
			sourceTree = "<group>";
		};
		E749C1001DB4A1240068C3F1 /* TPKeyboardAvoiding */ = {
			isa = PBXGroup;
			children = (
				E749C1011DB4A1240068C3F1 /* TPKeyboardAvoidingCollectionView.h */,
				E749C1021DB4A1240068C3F1 /* TPKeyboardAvoidingCollectionView.m */,
				E749C1031DB4A1240068C3F1 /* TPKeyboardAvoidingScrollView.h */,
				E749C1041DB4A1240068C3F1 /* TPKeyboardAvoidingScrollView.m */,
				E749C1051DB4A1240068C3F1 /* TPKeyboardAvoidingTableView.h */,
				E749C1061DB4A1240068C3F1 /* TPKeyboardAvoidingTableView.m */,
				E749C1071DB4A1240068C3F1 /* UIScrollView+TPKeyboardAvoidingAdditions.h */,
				E749C1081DB4A1240068C3F1 /* UIScrollView+TPKeyboardAvoidingAdditions.m */,
			);
			path = TPKeyboardAvoiding;
			sourceTree = "<group>";
		};
		E749C10F1DB4B3300068C3F1 /* JVFloatLabeledTextField */ = {
			isa = PBXGroup;
			children = (
				E749C1101DB4B3300068C3F1 /* JVFloatLabeledTextField.h */,
				E749C1111DB4B3300068C3F1 /* JVFloatLabeledTextField.m */,
				E749C1121DB4B3300068C3F1 /* JVFloatLabeledTextView.h */,
				E749C1131DB4B3300068C3F1 /* JVFloatLabeledTextView.m */,
			);
			path = JVFloatLabeledTextField;
			sourceTree = "<group>";
		};
		E76FBA901DADED7E00BA46F0 /* Adapters */ = {
			isa = PBXGroup;
			children = (
				E76FBA911DADEDCA00BA46F0 /* TableAdapter.h */,
				E76FBA921DADEDCA00BA46F0 /* TableAdapter.m */,
			);
			name = Adapters;
			sourceTree = "<group>";
		};
		E78E3DD51DB427D100C4C815 /* Libraries */ = {
			isa = PBXGroup;
			children = (
				5A54985F1D54929900432FE5 /* AFNetworking */,
				E749C10F1DB4B3300068C3F1 /* JVFloatLabeledTextField */,
				5AD4C3551D33A96B005F8D98 /* SDWebImage */,
				5A5498831D54947300432FE5 /* SVProgressHUD */,
				E749C1001DB4A1240068C3F1 /* TPKeyboardAvoiding */,
				5A5F3D5F1D599FBC00AC6767 /* UIImage+Animated */,
			);
			name = Libraries;
			sourceTree = "<group>";
		};
		E7ABE1ED1DB40C870056224D /* TableViewCells */ = {
			isa = PBXGroup;
			children = (
				E7A6BFEE1DBB2D250067C409 /* ProjectTableViewCellDelegate.h */,
				E70CB3EB1DAB5688003F4AA0 /* ProjectTableViewCell.xib */,
				E70CB3EF1DAB57D9003F4AA0 /* ProjectTableViewCell.h */,
				E70CB3F01DAB57D9003F4AA0 /* ProjectTableViewCell.m */,
				E762D1BB1DB9F4CC00988104 /* TextFieldTableViewCell.xib */,
				E762D1B81DB9F4BD00988104 /* TextFieldTableViewCell.h */,
				E762D1B91DB9F4BD00988104 /* TextFieldTableViewCell.m */,
				E749AA021DBA05D0007DC7D8 /* SocialMediaButtonsTableViewCell.xib */,
				E749AA051DBA05E1007DC7D8 /* SocialMediaButtonsTableViewCell.h */,
				E749AA061DBA05E1007DC7D8 /* SocialMediaButtonsTableViewCell.m */,
				E7C61B981DBAFBF0008A86C0 /* TimelineTableViewCell.xib */,
				E7C61B9B1DBAFC05008A86C0 /* TimelineTableViewCell.h */,
				E7C61B9C1DBAFC05008A86C0 /* TimelineTableViewCell.m */,
				E7C61B9E1DBAFF36008A86C0 /* SliderTableViewCell.xib */,
				E7C61BA11DBAFF48008A86C0 /* SliderTableViewCell.h */,
				E7C61BA21DBAFF48008A86C0 /* SliderTableViewCell.m */,
				E7C61BA41DBB0293008A86C0 /* SwitchTableViewCell.xib */,
				E7C61BA71DBB02A4008A86C0 /* SwitchTableViewCell.h */,
				E7C61BA81DBB02A4008A86C0 /* SwitchTableViewCell.m */,
				E7A6BFE21DBB23230067C409 /* SproutDisplayTableViewCell.xib */,
				E7A6BFE51DBB233A0067C409 /* SproutDisplayTableViewCell.h */,
				E7A6BFE61DBB233A0067C409 /* SproutDisplayTableViewCell.m */,
				E7A6BFE81DBB26870067C409 /* ButtonTableViewCell.xib */,
				E7A6BFEB1DBB26950067C409 /* ButtonTableViewCell.h */,
				E7A6BFEC1DBB26950067C409 /* ButtonTableViewCell.m */,
			);
			name = TableViewCells;
			sourceTree = "<group>";
		};
		E7D5614F1DBF23E500647BBB /* CollectionViewCells */ = {
			isa = PBXGroup;
			children = (
				E7D561531DBF35B800647BBB /* TimelineCollectionViewCellDelegate.h */,
				E7D561501DBF241300647BBB /* TimelineCollectionViewCell.h */,
				E7D561511DBF241300647BBB /* TimelineCollectionViewCell.m */,
			);
			name = CollectionViewCells;
			sourceTree = "<group>";
		};
		E7DBE6271DACAE110052064E /* App Delegate */ = {
			isa = PBXGroup;
			children = (
				5A85A2C91D2BB65F00B4CD02 /* AppDelegate.h */,
				5A85A2CA1D2BB65F00B4CD02 /* AppDelegate.m */,
				E76FBA9B1DAE0F7900BA46F0 /* AppDelegate+DemoData.h */,
				E76FBA9C1DAE0F7900BA46F0 /* AppDelegate+DemoData.m */,
			);
			name = "App Delegate";
			sourceTree = "<group>";
		};
		E7EA67681DAB01A7008B8649 /* Frameworks */ = {
			isa = PBXGroup;
			children = (
				5A85C6CC1D62EB0600BA2FA0 /* CFNetwork.framework */,
				E7FDACF51DADEA0300DB1EAD /* CoreData.framework */,
			);
			name = Frameworks;
			sourceTree = "<group>";
		};
/* End PBXGroup section */

/* Begin PBXNativeTarget section */
		5A85A2C21D2BB65F00B4CD02 /* Sprout */ = {
			isa = PBXNativeTarget;
			buildConfigurationList = 5A85A2EC1D2BB66000B4CD02 /* Build configuration list for PBXNativeTarget "Sprout" */;
			buildPhases = (
				5A85A2BF1D2BB65F00B4CD02 /* Sources */,
				5A85A2C01D2BB65F00B4CD02 /* Frameworks */,
				5A85A2C11D2BB65F00B4CD02 /* Resources */,
			);
			buildRules = (
			);
			dependencies = (
			);
			name = Sprout;
			productName = Sprout;
			productReference = 5A85A2C31D2BB65F00B4CD02 /* Sprout.app */;
			productType = "com.apple.product-type.application";
		};
/* End PBXNativeTarget section */

/* Begin PBXProject section */
		5A85A2BB1D2BB65F00B4CD02 /* Project object */ = {
			isa = PBXProject;
			attributes = {
				LastUpgradeCheck = 0800;
				ORGANIZATIONNAME = sprout;
				TargetAttributes = {
					5A85A2C21D2BB65F00B4CD02 = {
						CreatedOnToolsVersion = 7.3.1;
						DevelopmentTeam = KWJVLFTTPZ;
						LastSwiftMigration = 0800;
					};
				};
			};
			buildConfigurationList = 5A85A2BE1D2BB65F00B4CD02 /* Build configuration list for PBXProject "Sprout" */;
			compatibilityVersion = "Xcode 8.0";
			developmentRegion = English;
			hasScannedForEncodings = 0;
			knownRegions = (
				en,
				Base,
			);
			mainGroup = 5A85A2BA1D2BB65F00B4CD02;
			productRefGroup = 5A85A2C41D2BB65F00B4CD02 /* Products */;
			projectDirPath = "";
			projectRoot = "";
			targets = (
				5A85A2C21D2BB65F00B4CD02 /* Sprout */,
			);
		};
/* End PBXProject section */

/* Begin PBXResourcesBuildPhase section */
		5A85A2C11D2BB65F00B4CD02 /* Resources */ = {
			isa = PBXResourcesBuildPhase;
			buildActionMask = 2147483647;
			files = (
				5A85A2D21D2BB65F00B4CD02 /* LaunchScreen.storyboard in Resources */,
				E749AA0D1DBA0655007DC7D8 /* AccountChangePasswordViewController.xib in Resources */,
				E762D1BD1DB9F4CC00988104 /* TextFieldTableViewCell.xib in Resources */,
				5A5498901D54947300432FE5 /* SVProgressHUD.bundle in Resources */,
				E7A6BFE41DBB23230067C409 /* SproutDisplayTableViewCell.xib in Resources */,
				E7EC350E1DC584AF004703D1 /* DateSelectorViewController.xib in Resources */,
				E78E3DD31DB41D7C00C4C815 /* AccountSignUpViewController.xib in Resources */,
				E7A6BFEA1DBB26870067C409 /* ButtonTableViewCell.xib in Resources */,
				E7C61BA61DBB0293008A86C0 /* SwitchTableViewCell.xib in Resources */,
				E7EC35111DC5CE21004703D1 /* CameraViewController.xib in Resources */,
				E7C61BA01DBAFF36008A86C0 /* SliderTableViewCell.xib in Resources */,
				E7ABE1F31DB412C30056224D /* AccountSignInViewController.xib in Resources */,
				5A85A2CF1D2BB65F00B4CD02 /* Assets.xcassets in Resources */,
				E7C72A0B1DB89DB500128D32 /* SelectNewProjectViewController.xib in Resources */,
				E749AA041DBA05D0007DC7D8 /* SocialMediaButtonsTableViewCell.xib in Resources */,
				E7C61B9A1DBAFBF0008A86C0 /* TimelineTableViewCell.xib in Resources */,
				E70CB3ED1DAB5688003F4AA0 /* ProjectTableViewCell.xib in Resources */,
				E749AA0A1DBA063C007DC7D8 /* AccountInformationViewController.xib in Resources */,
			);
			runOnlyForDeploymentPostprocessing = 0;
		};
/* End PBXResourcesBuildPhase section */

/* Begin PBXSourcesBuildPhase section */
		5A85A2BF1D2BB65F00B4CD02 /* Sources */ = {
			isa = PBXSourcesBuildPhase;
			buildActionMask = 2147483647;
			files = (
				5A85A2FB1D2BB85300B4CD02 /* CommunityViewController.m in Sources */,
				E7ABE1F01DB410020056224D /* AccountSignInViewController.m in Sources */,
				E7C72A081DB88DE100128D32 /* SelectNewProjectViewController.m in Sources */,
				E707002F1DBE37F3009E8D7D /* Project.m in Sources */,
				E7A6BFE71DBB233A0067C409 /* SproutDisplayTableViewCell.m in Sources */,
				5AD4C3771D33A96B005F8D98 /* MKAnnotationView+WebCache.m in Sources */,
				E70CB3EA1DAB2E7D003F4AA0 /* BaseViewController.m in Sources */,
				5AD4C37F1D33A96B005F8D98 /* SDWebImagePrefetcher.m in Sources */,
				E70CB3F11DAB57D9003F4AA0 /* ProjectTableViewCell.m in Sources */,
				E76FBA881DADEC6900BA46F0 /* AFHTTPRequestOperationManager.m in Sources */,
				5AD4C37E1D33A96B005F8D98 /* SDWebImageManager.m in Sources */,
				E70144E81DC0D9E200E115BF /* SproutView.m in Sources */,
				E70700341DBE37F3009E8D7D /* Timeline+Extras.m in Sources */,
				E749C0FA1DB462980068C3F1 /* SignInWebService.m in Sources */,
				5A5498911D54947300432FE5 /* SVProgressHUD.m in Sources */,
				E749C0F11DB44DF10068C3F1 /* SproutWebService.m in Sources */,
				E7C61BA91DBB02A4008A86C0 /* SwitchTableViewCell.m in Sources */,
				5A5498921D54947300432FE5 /* SVRadialGradientLayer.m in Sources */,
				E749C10C1DB4A1240068C3F1 /* UIScrollView+TPKeyboardAvoidingAdditions.m in Sources */,
				E7C61BA31DBAFF48008A86C0 /* SliderTableViewCell.m in Sources */,
				E7D561521DBF241300647BBB /* TimelineCollectionViewCell.m in Sources */,
				5A85A3101D2BBF0600B4CD02 /* SettingsViewController.m in Sources */,
				5A17F60E1D4AFDAB00662C1A /* ProjectDetailViewController.m in Sources */,
				E749C1091DB4A1240068C3F1 /* TPKeyboardAvoidingCollectionView.m in Sources */,
				E7C61B9D1DBAFC05008A86C0 /* TimelineTableViewCell.m in Sources */,
				5AD4C3851D33A96B005F8D98 /* UIImageView+WebCache.m in Sources */,
				5AD4C37A1D33A96B005F8D98 /* SDWebImageCompat.m in Sources */,
				E749C10A1DB4A1240068C3F1 /* TPKeyboardAvoidingScrollView.m in Sources */,
				5A85A2CB1D2BB65F00B4CD02 /* AppDelegate.m in Sources */,
				5AD4C37B1D33A96B005F8D98 /* SDWebImageDecoder.m in Sources */,
				E749AA071DBA05E1007DC7D8 /* SocialMediaButtonsTableViewCell.m in Sources */,
				E749C0F71DB45B420068C3F1 /* CurrentUser.m in Sources */,
				E749C1151DB4B3300068C3F1 /* JVFloatLabeledTextView.m in Sources */,
				E749C0FF1DB49B880068C3F1 /* ProjectWebService.m in Sources */,
				5AD4C3821D33A96B005F8D98 /* UIImage+MultiFormat.m in Sources */,
				E79687FB1DB40A8F009F7AB9 /* AppDelegate+DemoData.m in Sources */,
				E7EC35081DC5708A004703D1 /* SelectTableViewController.m in Sources */,
				5AD4C3831D33A96B005F8D98 /* UIImage+WebP.m in Sources */,
				E70700311DBE37F3009E8D7D /* Project+Extras.m in Sources */,
				E749C0EE1DB44D450068C3F1 /* NSString+WhiteSpacing.m in Sources */,
				5AD4C37D1D33A96B005F8D98 /* SDWebImageDownloaderOperation.m in Sources */,
				E76FBA891DADEC6900BA46F0 /* AFHTTPSessionManager.m in Sources */,
				E78E3DD01DB41C7C00C4C815 /* AccountSignUpViewController.m in Sources */,
				E749C1141DB4B3300068C3F1 /* JVFloatLabeledTextField.m in Sources */,
				E762D1BA1DB9F4BD00988104 /* TextFieldTableViewCell.m in Sources */,
				E7F92BD41DC227E10050E5AD /* DataObjects.m in Sources */,
				E749C0F41DB4530D0068C3F1 /* ChangePasswordWebService.m in Sources */,
				5AD4C3861D33A96B005F8D98 /* UIView+WebCacheOperation.m in Sources */,
				5A54988E1D54947300432FE5 /* SVIndefiniteAnimatedView.m in Sources */,
				5A54988F1D54947300432FE5 /* SVProgressAnimatedView.m in Sources */,
				5AD4C37C1D33A96B005F8D98 /* SDWebImageDownloader.m in Sources */,
				E76FBA8D1DADEC6900BA46F0 /* AFURLRequestSerialization.m in Sources */,
				E70700301DBE37F3009E8D7D /* Project+CoreDataProperties.m in Sources */,
				E76FBA9A1DAE01D400BA46F0 /* CoreDataAccessKit.m in Sources */,
				5AD4C3811D33A96B005F8D98 /* UIImage+GIF.m in Sources */,
				E76FBA8E1DADEC6900BA46F0 /* AFURLResponseSerialization.m in Sources */,
				5AA3753C1D2CFBEF001993E0 /* FAQViewController.m in Sources */,
				E76FBA8C1DADEC6900BA46F0 /* AFURLConnectionOperation.m in Sources */,
				5A85A3011D2BB88900B4CD02 /* MyProjectsViewController.m in Sources */,
				5AD140331D50673D004C301B /* CameraViewController.m in Sources */,
				5A85A2C81D2BB65F00B4CD02 /* main.m in Sources */,
				E70700321DBE37F3009E8D7D /* Timeline.m in Sources */,
				E7EC350B1DC584A0004703D1 /* DateSelectorViewController.m in Sources */,
				E76FBA8A1DADEC6900BA46F0 /* AFNetworkReachabilityManager.m in Sources */,
				E749C10B1DB4A1240068C3F1 /* TPKeyboardAvoidingTableView.m in Sources */,
				5AD4C3841D33A96B005F8D98 /* UIImageView+HighlightedWebCache.m in Sources */,
				5A2180951D3E015C0057F298 /* AccountInformationViewController.m in Sources */,
				5AD4C3791D33A96B005F8D98 /* SDImageCache.m in Sources */,
				E76FBA871DADEC6900BA46F0 /* AFHTTPRequestOperation.m in Sources */,
				E76FBA8B1DADEC6900BA46F0 /* AFSecurityPolicy.m in Sources */,
				E7DBE62A1DACAE730052064E /* DatabaseModel.xcdatamodeld in Sources */,
				5AD4C3801D33A96B005F8D98 /* UIButton+WebCache.m in Sources */,
				E749C0EB1DB4293E0068C3F1 /* AccountChangePasswordViewController.m in Sources */,
				5A245E1C1D488E7F006A6F52 /* AboutViewController.m in Sources */,
				E76FBA931DADEDCA00BA46F0 /* TableAdapter.m in Sources */,
				E70700331DBE37F3009E8D7D /* Timeline+CoreDataProperties.m in Sources */,
				E76FBA8F1DADEC6900BA46F0 /* AFURLSessionManager.m in Sources */,
				5A5F3D621D599FD300AC6767 /* UIImage+animatedGIF.m in Sources */,
				E7A6BFED1DBB26950067C409 /* ButtonTableViewCell.m in Sources */,
				5AD4C3781D33A96B005F8D98 /* NSData+ImageContentType.m in Sources */,
				5A85A3041D2BB8D600B4CD02 /* UIUtils.m in Sources */,
			);
			runOnlyForDeploymentPostprocessing = 0;
		};
/* End PBXSourcesBuildPhase section */

/* Begin PBXVariantGroup section */
		5A85A2D01D2BB65F00B4CD02 /* LaunchScreen.storyboard */ = {
			isa = PBXVariantGroup;
			children = (
				5A85A2D11D2BB65F00B4CD02 /* Base */,
			);
			name = LaunchScreen.storyboard;
			sourceTree = "<group>";
		};
		E70CB3EB1DAB5688003F4AA0 /* ProjectTableViewCell.xib */ = {
			isa = PBXVariantGroup;
			children = (
				E70CB3EC1DAB5688003F4AA0 /* Base */,
			);
			name = ProjectTableViewCell.xib;
			sourceTree = "<group>";
		};
		E749AA021DBA05D0007DC7D8 /* SocialMediaButtonsTableViewCell.xib */ = {
			isa = PBXVariantGroup;
			children = (
				E749AA031DBA05D0007DC7D8 /* Base */,
			);
			name = SocialMediaButtonsTableViewCell.xib;
			sourceTree = "<group>";
		};
		E749AA081DBA063C007DC7D8 /* AccountInformationViewController.xib */ = {
			isa = PBXVariantGroup;
			children = (
				E749AA091DBA063C007DC7D8 /* Base */,
			);
			name = AccountInformationViewController.xib;
			sourceTree = "<group>";
		};
		E749AA0B1DBA0655007DC7D8 /* AccountChangePasswordViewController.xib */ = {
			isa = PBXVariantGroup;
			children = (
				E749AA0C1DBA0655007DC7D8 /* Base */,
			);
			name = AccountChangePasswordViewController.xib;
			sourceTree = "<group>";
		};
		E762D1BB1DB9F4CC00988104 /* TextFieldTableViewCell.xib */ = {
			isa = PBXVariantGroup;
			children = (
				E762D1BC1DB9F4CC00988104 /* Base */,
			);
			name = TextFieldTableViewCell.xib;
			sourceTree = "<group>";
		};
		E78E3DD11DB41D7C00C4C815 /* AccountSignUpViewController.xib */ = {
			isa = PBXVariantGroup;
			children = (
				E78E3DD21DB41D7C00C4C815 /* Base */,
			);
			name = AccountSignUpViewController.xib;
			sourceTree = "<group>";
		};
		E7A6BFE21DBB23230067C409 /* SproutDisplayTableViewCell.xib */ = {
			isa = PBXVariantGroup;
			children = (
				E7A6BFE31DBB23230067C409 /* Base */,
			);
			name = SproutDisplayTableViewCell.xib;
			sourceTree = "<group>";
		};
		E7A6BFE81DBB26870067C409 /* ButtonTableViewCell.xib */ = {
			isa = PBXVariantGroup;
			children = (
				E7A6BFE91DBB26870067C409 /* Base */,
			);
			name = ButtonTableViewCell.xib;
			sourceTree = "<group>";
		};
		E7ABE1F11DB412C30056224D /* AccountSignInViewController.xib */ = {
			isa = PBXVariantGroup;
			children = (
				E7ABE1F21DB412C30056224D /* Base */,
			);
			name = AccountSignInViewController.xib;
			sourceTree = "<group>";
		};
		E7C61B981DBAFBF0008A86C0 /* TimelineTableViewCell.xib */ = {
			isa = PBXVariantGroup;
			children = (
				E7C61B991DBAFBF0008A86C0 /* Base */,
			);
			name = TimelineTableViewCell.xib;
			sourceTree = "<group>";
		};
		E7C61B9E1DBAFF36008A86C0 /* SliderTableViewCell.xib */ = {
			isa = PBXVariantGroup;
			children = (
				E7C61B9F1DBAFF36008A86C0 /* Base */,
			);
			name = SliderTableViewCell.xib;
			sourceTree = "<group>";
		};
		E7C61BA41DBB0293008A86C0 /* SwitchTableViewCell.xib */ = {
			isa = PBXVariantGroup;
			children = (
				E7C61BA51DBB0293008A86C0 /* Base */,
			);
			name = SwitchTableViewCell.xib;
			sourceTree = "<group>";
		};
		E7C72A091DB89DB500128D32 /* SelectNewProjectViewController.xib */ = {
			isa = PBXVariantGroup;
			children = (
				E7C72A0A1DB89DB500128D32 /* Base */,
			);
			name = SelectNewProjectViewController.xib;
			sourceTree = "<group>";
		};
		E7EC350C1DC584AF004703D1 /* DateSelectorViewController.xib */ = {
			isa = PBXVariantGroup;
			children = (
				E7EC350D1DC584AF004703D1 /* Base */,
			);
			name = DateSelectorViewController.xib;
			sourceTree = "<group>";
		};
		E7EC350F1DC5CE21004703D1 /* CameraViewController.xib */ = {
			isa = PBXVariantGroup;
			children = (
				E7EC35101DC5CE21004703D1 /* Base */,
			);
			name = CameraViewController.xib;
			sourceTree = "<group>";
		};
/* End PBXVariantGroup section */

/* Begin XCBuildConfiguration section */
		5A85A2EA1D2BB66000B4CD02 /* Debug */ = {
			isa = XCBuildConfiguration;
			buildSettings = {
				ALWAYS_SEARCH_USER_PATHS = NO;
				CLANG_ANALYZER_NONNULL = YES;
				CLANG_CXX_LANGUAGE_STANDARD = "gnu++0x";
				CLANG_CXX_LIBRARY = "libc++";
				CLANG_ENABLE_MODULES = YES;
				CLANG_ENABLE_OBJC_ARC = YES;
				CLANG_WARN_BOOL_CONVERSION = YES;
				CLANG_WARN_CONSTANT_CONVERSION = YES;
				CLANG_WARN_DIRECT_OBJC_ISA_USAGE = YES_ERROR;
				CLANG_WARN_EMPTY_BODY = YES;
				CLANG_WARN_ENUM_CONVERSION = YES;
				CLANG_WARN_INFINITE_RECURSION = YES;
				CLANG_WARN_INT_CONVERSION = YES;
				CLANG_WARN_OBJC_ROOT_CLASS = YES_ERROR;
				CLANG_WARN_SUSPICIOUS_MOVE = YES;
				CLANG_WARN_UNREACHABLE_CODE = YES;
				CLANG_WARN__DUPLICATE_METHOD_MATCH = YES;
				CODE_SIGN_IDENTITY = "iPhone Developer";
				"CODE_SIGN_IDENTITY[sdk=iphoneos*]" = "iPhone Developer";
				COPY_PHASE_STRIP = NO;
				DEBUG_INFORMATION_FORMAT = dwarf;
				DEFINES_MODULE = NO;
				ENABLE_STRICT_OBJC_MSGSEND = YES;
				ENABLE_TESTABILITY = YES;
				GCC_C_LANGUAGE_STANDARD = gnu99;
				GCC_DYNAMIC_NO_PIC = NO;
				GCC_NO_COMMON_BLOCKS = YES;
				GCC_OPTIMIZATION_LEVEL = 0;
				GCC_PREPROCESSOR_DEFINITIONS = (
					"DEBUG=1",
					"$(inherited)",
				);
				GCC_WARN_64_TO_32_BIT_CONVERSION = YES;
				GCC_WARN_ABOUT_RETURN_TYPE = YES_ERROR;
				GCC_WARN_UNDECLARED_SELECTOR = YES;
				GCC_WARN_UNINITIALIZED_AUTOS = YES_AGGRESSIVE;
				GCC_WARN_UNUSED_FUNCTION = YES;
				GCC_WARN_UNUSED_VARIABLE = YES;
				IPHONEOS_DEPLOYMENT_TARGET = 9.3;
				MTL_ENABLE_DEBUG_INFO = YES;
				ONLY_ACTIVE_ARCH = YES;
				PROVISIONING_PROFILE = "";
				SDKROOT = iphoneos;
			};
			name = Debug;
		};
		5A85A2EB1D2BB66000B4CD02 /* Release */ = {
			isa = XCBuildConfiguration;
			buildSettings = {
				ALWAYS_SEARCH_USER_PATHS = NO;
				CLANG_ANALYZER_NONNULL = YES;
				CLANG_CXX_LANGUAGE_STANDARD = "gnu++0x";
				CLANG_CXX_LIBRARY = "libc++";
				CLANG_ENABLE_MODULES = YES;
				CLANG_ENABLE_OBJC_ARC = YES;
				CLANG_WARN_BOOL_CONVERSION = YES;
				CLANG_WARN_CONSTANT_CONVERSION = YES;
				CLANG_WARN_DIRECT_OBJC_ISA_USAGE = YES_ERROR;
				CLANG_WARN_EMPTY_BODY = YES;
				CLANG_WARN_ENUM_CONVERSION = YES;
				CLANG_WARN_INFINITE_RECURSION = YES;
				CLANG_WARN_INT_CONVERSION = YES;
				CLANG_WARN_OBJC_ROOT_CLASS = YES_ERROR;
				CLANG_WARN_SUSPICIOUS_MOVE = YES;
				CLANG_WARN_UNREACHABLE_CODE = YES;
				CLANG_WARN__DUPLICATE_METHOD_MATCH = YES;
				CODE_SIGN_IDENTITY = "iPhone Distribution: Brian Goldberg (KWJVLFTTPZ)";
				"CODE_SIGN_IDENTITY[sdk=iphoneos*]" = "iPhone Distribution: Brian Goldberg (KWJVLFTTPZ)";
				COPY_PHASE_STRIP = NO;
				DEBUG_INFORMATION_FORMAT = "dwarf-with-dsym";
				DEFINES_MODULE = NO;
				ENABLE_NS_ASSERTIONS = NO;
				ENABLE_STRICT_OBJC_MSGSEND = YES;
				GCC_C_LANGUAGE_STANDARD = gnu99;
				GCC_NO_COMMON_BLOCKS = YES;
				GCC_WARN_64_TO_32_BIT_CONVERSION = YES;
				GCC_WARN_ABOUT_RETURN_TYPE = YES_ERROR;
				GCC_WARN_UNDECLARED_SELECTOR = YES;
				GCC_WARN_UNINITIALIZED_AUTOS = YES_AGGRESSIVE;
				GCC_WARN_UNUSED_FUNCTION = YES;
				GCC_WARN_UNUSED_VARIABLE = YES;
				IPHONEOS_DEPLOYMENT_TARGET = 9.3;
				MTL_ENABLE_DEBUG_INFO = NO;
				PROVISIONING_PROFILE = "04dc273b-2d90-4d41-9cfa-795b94dbf97f";
				SDKROOT = iphoneos;
				VALIDATE_PRODUCT = YES;
			};
			name = Release;
		};
		5A85A2ED1D2BB66000B4CD02 /* Debug */ = {
			isa = XCBuildConfiguration;
			buildSettings = {
				ALWAYS_EMBED_SWIFT_STANDARD_LIBRARIES = YES;
				ASSETCATALOG_COMPILER_APPICON_NAME = AppIcon;
				CLANG_ENABLE_MODULES = YES;
				CODE_SIGN_IDENTITY = "iPhone Developer";
				"CODE_SIGN_IDENTITY[sdk=iphoneos*]" = "iPhone Developer";
				DEFINES_MODULE = YES;
				DEVELOPMENT_TEAM = KWJVLFTTPZ;
				INFOPLIST_FILE = Sprout/Info.plist;
				IPHONEOS_DEPLOYMENT_TARGET = 8.4;
				LD_RUNPATH_SEARCH_PATHS = "$(inherited) @executable_path/Frameworks";
				PRODUCT_BUNDLE_IDENTIFIER = com.sproutpic.sprout;
				PRODUCT_NAME = "$(TARGET_NAME)";
				PROVISIONING_PROFILE = "";
				SWIFT_ACTIVE_COMPILATION_CONDITIONS = "";
				SWIFT_OBJC_BRIDGING_HEADER = "Sprout/Sprout-Bridging-Header.h";
				SWIFT_OBJC_INTERFACE_HEADER_NAME = "Sprout/$(SWIFT_MODULE_NAME)-Swift.h";
				SWIFT_OPTIMIZATION_LEVEL = "-Onone";
				SWIFT_VERSION = 3.0;
			};
			name = Debug;
		};
		5A85A2EE1D2BB66000B4CD02 /* Release */ = {
			isa = XCBuildConfiguration;
			buildSettings = {
				ALWAYS_EMBED_SWIFT_STANDARD_LIBRARIES = YES;
				ASSETCATALOG_COMPILER_APPICON_NAME = AppIcon;
				CLANG_ENABLE_MODULES = YES;
				CODE_SIGN_IDENTITY = "iPhone Developer";
				"CODE_SIGN_IDENTITY[sdk=iphoneos*]" = "iPhone Distribution";
				DEFINES_MODULE = YES;
				DEVELOPMENT_TEAM = KWJVLFTTPZ;
				INFOPLIST_FILE = Sprout/Info.plist;
				IPHONEOS_DEPLOYMENT_TARGET = 8.4;
				LD_RUNPATH_SEARCH_PATHS = "$(inherited) @executable_path/Frameworks";
				PRODUCT_BUNDLE_IDENTIFIER = com.sproutpic.sprout;
				PRODUCT_NAME = "$(TARGET_NAME)";
				PROVISIONING_PROFILE = "";
				SWIFT_ACTIVE_COMPILATION_CONDITIONS = "";
				SWIFT_OBJC_BRIDGING_HEADER = "Sprout/Sprout-Bridging-Header.h";
				SWIFT_OBJC_INTERFACE_HEADER_NAME = "Sprout/$(SWIFT_MODULE_NAME)-Swift.h";
				SWIFT_VERSION = 3.0;
			};
			name = Release;
		};
/* End XCBuildConfiguration section */

/* Begin XCConfigurationList section */
		5A85A2BE1D2BB65F00B4CD02 /* Build configuration list for PBXProject "Sprout" */ = {
			isa = XCConfigurationList;
			buildConfigurations = (
				5A85A2EA1D2BB66000B4CD02 /* Debug */,
				5A85A2EB1D2BB66000B4CD02 /* Release */,
			);
			defaultConfigurationIsVisible = 0;
			defaultConfigurationName = Release;
		};
		5A85A2EC1D2BB66000B4CD02 /* Build configuration list for PBXNativeTarget "Sprout" */ = {
			isa = XCConfigurationList;
			buildConfigurations = (
				5A85A2ED1D2BB66000B4CD02 /* Debug */,
				5A85A2EE1D2BB66000B4CD02 /* Release */,
			);
			defaultConfigurationIsVisible = 0;
			defaultConfigurationName = Release;
		};
/* End XCConfigurationList section */

/* Begin XCVersionGroup section */
		E7DBE6281DACAE730052064E /* DatabaseModel.xcdatamodeld */ = {
			isa = XCVersionGroup;
			children = (
				E7DBE6291DACAE730052064E /* DatabaseModel.xcdatamodel */,
			);
			currentVersion = E7DBE6291DACAE730052064E /* DatabaseModel.xcdatamodel */;
			name = DatabaseModel.xcdatamodeld;
			path = Database/DatabaseModel.xcdatamodeld;
			sourceTree = "<group>";
			versionGroupType = wrapper.xcdatamodel;
		};
/* End XCVersionGroup section */
	};
	rootObject = 5A85A2BB1D2BB65F00B4CD02 /* Project object */;
}
