// !$*UTF8*$!
{
	archiveVersion = 1;
	classes = {
	};
	objectVersion = 48;
	objects = {

/* Begin PBXBuildFile section */
		5A17F60E1D4AFDAB00662C1A /* ProjectDetailViewController.m in Sources */ = {isa = PBXBuildFile; fileRef = 5A17F60D1D4AFDAB00662C1A /* ProjectDetailViewController.m */; };
		5A2180951D3E015C0057F298 /* AccountInformationViewController.m in Sources */ = {isa = PBXBuildFile; fileRef = 5A2180941D3E015C0057F298 /* AccountInformationViewController.m */; };
		5A245E1C1D488E7F006A6F52 /* AboutViewController.m in Sources */ = {isa = PBXBuildFile; fileRef = 5A245E1B1D488E7F006A6F52 /* AboutViewController.m */; };
		5A5F3D621D599FD300AC6767 /* UIImage+animatedGIF.m in Sources */ = {isa = PBXBuildFile; fileRef = 5A5F3D611D599FD300AC6767 /* UIImage+animatedGIF.m */; };
		5A85A2C81D2BB65F00B4CD02 /* main.m in Sources */ = {isa = PBXBuildFile; fileRef = 5A85A2C71D2BB65F00B4CD02 /* main.m */; };
		5A85A2CB1D2BB65F00B4CD02 /* AppDelegate.m in Sources */ = {isa = PBXBuildFile; fileRef = 5A85A2CA1D2BB65F00B4CD02 /* AppDelegate.m */; };
		5A85A2CF1D2BB65F00B4CD02 /* Assets.xcassets in Resources */ = {isa = PBXBuildFile; fileRef = 5A85A2CE1D2BB65F00B4CD02 /* Assets.xcassets */; };
		5A85A2D21D2BB65F00B4CD02 /* LaunchScreen.storyboard in Resources */ = {isa = PBXBuildFile; fileRef = 5A85A2D01D2BB65F00B4CD02 /* LaunchScreen.storyboard */; };
		5A85A2FB1D2BB85300B4CD02 /* CommunityViewController.m in Sources */ = {isa = PBXBuildFile; fileRef = 5A85A2FA1D2BB85300B4CD02 /* CommunityViewController.m */; };
		5A85A3011D2BB88900B4CD02 /* MyProjectsViewController.m in Sources */ = {isa = PBXBuildFile; fileRef = 5A85A3001D2BB88900B4CD02 /* MyProjectsViewController.m */; };
		5A85A3041D2BB8D600B4CD02 /* UIUtils.m in Sources */ = {isa = PBXBuildFile; fileRef = 5A85A3031D2BB8D600B4CD02 /* UIUtils.m */; };
		5A85A3101D2BBF0600B4CD02 /* SettingsViewController.m in Sources */ = {isa = PBXBuildFile; fileRef = 5A85A30F1D2BBF0600B4CD02 /* SettingsViewController.m */; };
		5AA3753C1D2CFBEF001993E0 /* FAQViewController.m in Sources */ = {isa = PBXBuildFile; fileRef = 5AA3753B1D2CFBEF001993E0 /* FAQViewController.m */; };
		5AD140331D50673D004C301B /* CameraViewController.m in Sources */ = {isa = PBXBuildFile; fileRef = 5AD140321D50673D004C301B /* CameraViewController.m */; };
		B0446FD54F4EE217CE0339B5 /* Pods_Sprout.framework in Frameworks */ = {isa = PBXBuildFile; fileRef = D1C7A893189FC6DF0EFEF47A /* Pods_Sprout.framework */; };
		E70144E81DC0D9E200E115BF /* SproutView.m in Sources */ = {isa = PBXBuildFile; fileRef = E70144E71DC0D9E200E115BF /* SproutView.m */; };
		E707002F1DBE37F3009E8D7D /* Project+CoreDataClass.m in Sources */ = {isa = PBXBuildFile; fileRef = E70700241DBE37F3009E8D7D /* Project+CoreDataClass.m */; };
		E70700301DBE37F3009E8D7D /* Project+CoreDataProperties.m in Sources */ = {isa = PBXBuildFile; fileRef = E70700261DBE37F3009E8D7D /* Project+CoreDataProperties.m */; };
		E70700321DBE37F3009E8D7D /* Timeline+CoreDataClass.m in Sources */ = {isa = PBXBuildFile; fileRef = E707002A1DBE37F3009E8D7D /* Timeline+CoreDataClass.m */; };
		E70700331DBE37F3009E8D7D /* Timeline+CoreDataProperties.m in Sources */ = {isa = PBXBuildFile; fileRef = E707002C1DBE37F3009E8D7D /* Timeline+CoreDataProperties.m */; };
		E708E6121DCEBB9600E9D626 /* CoreData.framework in Frameworks */ = {isa = PBXBuildFile; fileRef = E708E6111DCEBB9600E9D626 /* CoreData.framework */; };
		E708E6141DCEBBAD00E9D626 /* Foundation.framework in Frameworks */ = {isa = PBXBuildFile; fileRef = E708E6131DCEBBAD00E9D626 /* Foundation.framework */; };
		E708E6161DCEBBB300E9D626 /* UIKit.framework in Frameworks */ = {isa = PBXBuildFile; fileRef = E708E6151DCEBBB300E9D626 /* UIKit.framework */; };
		E708E6181DCEBD1500E9D626 /* AudioToolbox.framework in Frameworks */ = {isa = PBXBuildFile; fileRef = E708E6171DCEBD1500E9D626 /* AudioToolbox.framework */; };
		E70CB3EA1DAB2E7D003F4AA0 /* BaseViewController.m in Sources */ = {isa = PBXBuildFile; fileRef = E70CB3E91DAB2E7D003F4AA0 /* BaseViewController.m */; };
		E70CB3F11DAB57D9003F4AA0 /* ProjectTableViewCell.m in Sources */ = {isa = PBXBuildFile; fileRef = E70CB3F01DAB57D9003F4AA0 /* ProjectTableViewCell.m */; };
		E72642E01DDD38E50081CE03 /* SyncQueue.m in Sources */ = {isa = PBXBuildFile; fileRef = E72642DF1DDD38E50081CE03 /* SyncQueue.m */; };
		E72B91341DD119030050C7C8 /* OnboardingManager.m in Sources */ = {isa = PBXBuildFile; fileRef = E72B91331DD119030050C7C8 /* OnboardingManager.m */; };
		E737B7601DE26A8F00978E0E /* MyProjectNoDataVC.xib in Resources */ = {isa = PBXBuildFile; fileRef = E737B75E1DE26A8F00978E0E /* MyProjectNoDataVC.xib */; };
		E737B7631DE26F9F00978E0E /* NoDataView.m in Sources */ = {isa = PBXBuildFile; fileRef = E737B7621DE26F9F00978E0E /* NoDataView.m */; };
		E746D4771DD03696009C1BDD /* JDMLocalNotification.m in Sources */ = {isa = PBXBuildFile; fileRef = E746D4741DD03696009C1BDD /* JDMLocalNotification.m */; };
		E746D4781DD03696009C1BDD /* n_default.wav in Resources */ = {isa = PBXBuildFile; fileRef = E746D4761DD03696009C1BDD /* n_default.wav */; };
		E749AA041DBA05D0007DC7D8 /* SocialMediaButtonsTableViewCell.xib in Resources */ = {isa = PBXBuildFile; fileRef = E749AA021DBA05D0007DC7D8 /* SocialMediaButtonsTableViewCell.xib */; };
		E749AA071DBA05E1007DC7D8 /* SocialMediaButtonsTableViewCell.m in Sources */ = {isa = PBXBuildFile; fileRef = E749AA061DBA05E1007DC7D8 /* SocialMediaButtonsTableViewCell.m */; };
		E749AA0A1DBA063C007DC7D8 /* AccountInformationViewController.xib in Resources */ = {isa = PBXBuildFile; fileRef = E749AA081DBA063C007DC7D8 /* AccountInformationViewController.xib */; };
		E749AA0D1DBA0655007DC7D8 /* AccountChangePasswordViewController.xib in Resources */ = {isa = PBXBuildFile; fileRef = E749AA0B1DBA0655007DC7D8 /* AccountChangePasswordViewController.xib */; };
		E749C0EB1DB4293E0068C3F1 /* AccountChangePasswordViewController.m in Sources */ = {isa = PBXBuildFile; fileRef = E749C0EA1DB4293E0068C3F1 /* AccountChangePasswordViewController.m */; };
		E749C0EE1DB44D450068C3F1 /* NSString+WhiteSpacing.m in Sources */ = {isa = PBXBuildFile; fileRef = E749C0ED1DB44D450068C3F1 /* NSString+WhiteSpacing.m */; };
		E749C0F11DB44DF10068C3F1 /* SproutWebService.m in Sources */ = {isa = PBXBuildFile; fileRef = E749C0F01DB44DF10068C3F1 /* SproutWebService.m */; };
		E749C0F71DB45B420068C3F1 /* CurrentUser.m in Sources */ = {isa = PBXBuildFile; fileRef = E749C0F61DB45B420068C3F1 /* CurrentUser.m */; };
		E749C0FA1DB462980068C3F1 /* AccountWebService.m in Sources */ = {isa = PBXBuildFile; fileRef = E749C0F91DB462980068C3F1 /* AccountWebService.m */; };
		E749C0FF1DB49B880068C3F1 /* ProjectWebService.m in Sources */ = {isa = PBXBuildFile; fileRef = E749C0FE1DB49B880068C3F1 /* ProjectWebService.m */; };
		E759F7801DE63E46002C1E96 /* TimelineWebService.m in Sources */ = {isa = PBXBuildFile; fileRef = E759F77F1DE63E46002C1E96 /* TimelineWebService.m */; };
		E759F7831DE64984002C1E96 /* SyncAllData.m in Sources */ = {isa = PBXBuildFile; fileRef = E759F7821DE64984002C1E96 /* SyncAllData.m */; };
		E75E9B531DE1568000666132 /* EditAccountInfoViewController.m in Sources */ = {isa = PBXBuildFile; fileRef = E75E9B521DE1568000666132 /* EditAccountInfoViewController.m */; };
		E75E9B561DE159CF00666132 /* EditAccountInfoViewController.xib in Resources */ = {isa = PBXBuildFile; fileRef = E75E9B541DE159CF00666132 /* EditAccountInfoViewController.xib */; };
		E762D1BA1DB9F4BD00988104 /* TextFieldTableViewCell.m in Sources */ = {isa = PBXBuildFile; fileRef = E762D1B91DB9F4BD00988104 /* TextFieldTableViewCell.m */; };
		E762D1BD1DB9F4CC00988104 /* TextFieldTableViewCell.xib in Resources */ = {isa = PBXBuildFile; fileRef = E762D1BB1DB9F4CC00988104 /* TextFieldTableViewCell.xib */; };
		E76FBA931DADEDCA00BA46F0 /* TableAdapter.m in Sources */ = {isa = PBXBuildFile; fileRef = E76FBA921DADEDCA00BA46F0 /* TableAdapter.m */; };
		E76FBA9A1DAE01D400BA46F0 /* CoreDataAccessKit.m in Sources */ = {isa = PBXBuildFile; fileRef = E76FBA991DAE01D400BA46F0 /* CoreDataAccessKit.m */; };
		E78E3DD01DB41C7C00C4C815 /* AccountSignUpViewController.m in Sources */ = {isa = PBXBuildFile; fileRef = E78E3DCF1DB41C7C00C4C815 /* AccountSignUpViewController.m */; };
		E78E3DD31DB41D7C00C4C815 /* AccountSignUpViewController.xib in Resources */ = {isa = PBXBuildFile; fileRef = E78E3DD11DB41D7C00C4C815 /* AccountSignUpViewController.xib */; };
		E79687FB1DB40A8F009F7AB9 /* AppDelegate+DemoData.m in Sources */ = {isa = PBXBuildFile; fileRef = E76FBA9C1DAE0F7900BA46F0 /* AppDelegate+DemoData.m */; };
		E7A681701DDEC56300B512CE /* privacy_policy.html in Resources */ = {isa = PBXBuildFile; fileRef = E7A6816F1DDEC56300B512CE /* privacy_policy.html */; };
		E7A681731DDECA5D00B512CE /* PrivacyPolicyViewController.m in Sources */ = {isa = PBXBuildFile; fileRef = E7A681721DDECA5D00B512CE /* PrivacyPolicyViewController.m */; };
		E7A681791DDED42000B512CE /* terms_and_conditions.html in Resources */ = {isa = PBXBuildFile; fileRef = E7A681781DDED42000B512CE /* terms_and_conditions.html */; };
		E7A6817C1DDED47B00B512CE /* TermsAndConditionsViewController.m in Sources */ = {isa = PBXBuildFile; fileRef = E7A6817B1DDED47B00B512CE /* TermsAndConditionsViewController.m */; };
		E7A6BFE41DBB23230067C409 /* SproutDisplayTableViewCell.xib in Resources */ = {isa = PBXBuildFile; fileRef = E7A6BFE21DBB23230067C409 /* SproutDisplayTableViewCell.xib */; };
		E7A6BFE71DBB233A0067C409 /* SproutDisplayTableViewCell.m in Sources */ = {isa = PBXBuildFile; fileRef = E7A6BFE61DBB233A0067C409 /* SproutDisplayTableViewCell.m */; };
		E7A6BFEA1DBB26870067C409 /* ButtonTableViewCell.xib in Resources */ = {isa = PBXBuildFile; fileRef = E7A6BFE81DBB26870067C409 /* ButtonTableViewCell.xib */; };
		E7A6BFED1DBB26950067C409 /* ButtonTableViewCell.m in Sources */ = {isa = PBXBuildFile; fileRef = E7A6BFEC1DBB26950067C409 /* ButtonTableViewCell.m */; };
		E7ABE1F01DB410020056224D /* AccountSignInViewController.m in Sources */ = {isa = PBXBuildFile; fileRef = E7ABE1EF1DB410020056224D /* AccountSignInViewController.m */; };
		E7ABE1F31DB412C30056224D /* AccountSignInViewController.xib in Resources */ = {isa = PBXBuildFile; fileRef = E7ABE1F11DB412C30056224D /* AccountSignInViewController.xib */; };
		E7C61B9A1DBAFBF0008A86C0 /* TimelineTableViewCell.xib in Resources */ = {isa = PBXBuildFile; fileRef = E7C61B981DBAFBF0008A86C0 /* TimelineTableViewCell.xib */; };
		E7C61B9D1DBAFC05008A86C0 /* TimelineTableViewCell.m in Sources */ = {isa = PBXBuildFile; fileRef = E7C61B9C1DBAFC05008A86C0 /* TimelineTableViewCell.m */; };
		E7C61BA01DBAFF36008A86C0 /* SliderTableViewCell.xib in Resources */ = {isa = PBXBuildFile; fileRef = E7C61B9E1DBAFF36008A86C0 /* SliderTableViewCell.xib */; };
		E7C61BA31DBAFF48008A86C0 /* SliderTableViewCell.m in Sources */ = {isa = PBXBuildFile; fileRef = E7C61BA21DBAFF48008A86C0 /* SliderTableViewCell.m */; };
		E7C61BA61DBB0293008A86C0 /* SwitchTableViewCell.xib in Resources */ = {isa = PBXBuildFile; fileRef = E7C61BA41DBB0293008A86C0 /* SwitchTableViewCell.xib */; };
		E7C61BA91DBB02A4008A86C0 /* SwitchTableViewCell.m in Sources */ = {isa = PBXBuildFile; fileRef = E7C61BA81DBB02A4008A86C0 /* SwitchTableViewCell.m */; };
		E7C72A081DB88DE100128D32 /* SelectNewProjectViewController.m in Sources */ = {isa = PBXBuildFile; fileRef = E7C72A071DB88DE100128D32 /* SelectNewProjectViewController.m */; };
		E7C72A0B1DB89DB500128D32 /* SelectNewProjectViewController.xib in Resources */ = {isa = PBXBuildFile; fileRef = E7C72A091DB89DB500128D32 /* SelectNewProjectViewController.xib */; };
		E7D561521DBF241300647BBB /* TimelineCollectionViewCell.m in Sources */ = {isa = PBXBuildFile; fileRef = E7D561511DBF241300647BBB /* TimelineCollectionViewCell.m */; };
		E7DBE62A1DACAE730052064E /* DatabaseModel.xcdatamodeld in Sources */ = {isa = PBXBuildFile; fileRef = E7DBE6281DACAE730052064E /* DatabaseModel.xcdatamodeld */; };
		E7E236FD1DDEEDF900BB3D5D /* Pods-Sprout-acknowledgements.plist in Resources */ = {isa = PBXBuildFile; fileRef = E7E236FC1DDEEDF900BB3D5D /* Pods-Sprout-acknowledgements.plist */; };
		E7EC35081DC5708A004703D1 /* SelectTableViewController.m in Sources */ = {isa = PBXBuildFile; fileRef = E7EC35071DC5708A004703D1 /* SelectTableViewController.m */; };
		E7EC350B1DC584A0004703D1 /* DateSelectorViewController.m in Sources */ = {isa = PBXBuildFile; fileRef = E7EC350A1DC584A0004703D1 /* DateSelectorViewController.m */; };
		E7EC350E1DC584AF004703D1 /* DateSelectorViewController.xib in Resources */ = {isa = PBXBuildFile; fileRef = E7EC350C1DC584AF004703D1 /* DateSelectorViewController.xib */; };
		E7EC35111DC5CE21004703D1 /* CameraViewController.xib in Resources */ = {isa = PBXBuildFile; fileRef = E7EC350F1DC5CE21004703D1 /* CameraViewController.xib */; };
		E7F92BD41DC227E10050E5AD /* DataObjects.m in Sources */ = {isa = PBXBuildFile; fileRef = E7F92BD31DC227E10050E5AD /* DataObjects.m */; };
/* End PBXBuildFile section */

/* Begin PBXFileReference section */
		48B882B2979AC6F06759F9A1 /* Pods-Sprout.debug.xcconfig */ = {isa = PBXFileReference; includeInIndex = 1; lastKnownFileType = text.xcconfig; name = "Pods-Sprout.debug.xcconfig"; path = "Pods/Target Support Files/Pods-Sprout/Pods-Sprout.debug.xcconfig"; sourceTree = "<group>"; };
		5A17F60C1D4AFDAB00662C1A /* ProjectDetailViewController.h */ = {isa = PBXFileReference; fileEncoding = 4; lastKnownFileType = sourcecode.c.h; path = ProjectDetailViewController.h; sourceTree = "<group>"; };
		5A17F60D1D4AFDAB00662C1A /* ProjectDetailViewController.m */ = {isa = PBXFileReference; fileEncoding = 4; lastKnownFileType = sourcecode.c.objc; path = ProjectDetailViewController.m; sourceTree = "<group>"; };
		5A2180931D3E015C0057F298 /* AccountInformationViewController.h */ = {isa = PBXFileReference; fileEncoding = 4; lastKnownFileType = sourcecode.c.h; path = AccountInformationViewController.h; sourceTree = "<group>"; };
		5A2180941D3E015C0057F298 /* AccountInformationViewController.m */ = {isa = PBXFileReference; fileEncoding = 4; lastKnownFileType = sourcecode.c.objc; path = AccountInformationViewController.m; sourceTree = "<group>"; };
		5A245E1A1D488E7F006A6F52 /* AboutViewController.h */ = {isa = PBXFileReference; fileEncoding = 4; lastKnownFileType = sourcecode.c.h; path = AboutViewController.h; sourceTree = "<group>"; };
		5A245E1B1D488E7F006A6F52 /* AboutViewController.m */ = {isa = PBXFileReference; fileEncoding = 4; lastKnownFileType = sourcecode.c.objc; path = AboutViewController.m; sourceTree = "<group>"; };
		5A5F3D601D599FD300AC6767 /* UIImage+animatedGIF.h */ = {isa = PBXFileReference; fileEncoding = 4; lastKnownFileType = sourcecode.c.h; path = "UIImage+animatedGIF.h"; sourceTree = "<group>"; };
		5A5F3D611D599FD300AC6767 /* UIImage+animatedGIF.m */ = {isa = PBXFileReference; fileEncoding = 4; lastKnownFileType = sourcecode.c.objc; path = "UIImage+animatedGIF.m"; sourceTree = "<group>"; };
		5A85A2C31D2BB65F00B4CD02 /* SproutPic.app */ = {isa = PBXFileReference; explicitFileType = wrapper.application; includeInIndex = 0; name = SproutPic.app; path = Sprout.app; sourceTree = BUILT_PRODUCTS_DIR; };
		5A85A2C71D2BB65F00B4CD02 /* main.m */ = {isa = PBXFileReference; lastKnownFileType = sourcecode.c.objc; path = main.m; sourceTree = "<group>"; };
		5A85A2C91D2BB65F00B4CD02 /* AppDelegate.h */ = {isa = PBXFileReference; lastKnownFileType = sourcecode.c.h; path = AppDelegate.h; sourceTree = "<group>"; };
		5A85A2CA1D2BB65F00B4CD02 /* AppDelegate.m */ = {isa = PBXFileReference; lastKnownFileType = sourcecode.c.objc; path = AppDelegate.m; sourceTree = "<group>"; };
		5A85A2CE1D2BB65F00B4CD02 /* Assets.xcassets */ = {isa = PBXFileReference; lastKnownFileType = folder.assetcatalog; path = Assets.xcassets; sourceTree = "<group>"; };
		5A85A2D11D2BB65F00B4CD02 /* Base */ = {isa = PBXFileReference; lastKnownFileType = file.storyboard; name = Base; path = Base.lproj/LaunchScreen.storyboard; sourceTree = "<group>"; };
		5A85A2D31D2BB65F00B4CD02 /* Info.plist */ = {isa = PBXFileReference; lastKnownFileType = text.plist.xml; path = Info.plist; sourceTree = "<group>"; };
		5A85A2F91D2BB85300B4CD02 /* CommunityViewController.h */ = {isa = PBXFileReference; fileEncoding = 4; lastKnownFileType = sourcecode.c.h; path = CommunityViewController.h; sourceTree = "<group>"; };
		5A85A2FA1D2BB85300B4CD02 /* CommunityViewController.m */ = {isa = PBXFileReference; fileEncoding = 4; lastKnownFileType = sourcecode.c.objc; path = CommunityViewController.m; sourceTree = "<group>"; };
		5A85A2FF1D2BB88900B4CD02 /* MyProjectsViewController.h */ = {isa = PBXFileReference; fileEncoding = 4; lastKnownFileType = sourcecode.c.h; path = MyProjectsViewController.h; sourceTree = "<group>"; };
		5A85A3001D2BB88900B4CD02 /* MyProjectsViewController.m */ = {isa = PBXFileReference; fileEncoding = 4; lastKnownFileType = sourcecode.c.objc; path = MyProjectsViewController.m; sourceTree = "<group>"; };
		5A85A3021D2BB8D600B4CD02 /* UIUtils.h */ = {isa = PBXFileReference; fileEncoding = 4; lastKnownFileType = sourcecode.c.h; path = UIUtils.h; sourceTree = "<group>"; };
		5A85A3031D2BB8D600B4CD02 /* UIUtils.m */ = {isa = PBXFileReference; fileEncoding = 4; lastKnownFileType = sourcecode.c.objc; path = UIUtils.m; sourceTree = "<group>"; };
		5A85A30E1D2BBF0600B4CD02 /* SettingsViewController.h */ = {isa = PBXFileReference; fileEncoding = 4; lastKnownFileType = sourcecode.c.h; path = SettingsViewController.h; sourceTree = "<group>"; };
		5A85A30F1D2BBF0600B4CD02 /* SettingsViewController.m */ = {isa = PBXFileReference; fileEncoding = 4; lastKnownFileType = sourcecode.c.objc; path = SettingsViewController.m; sourceTree = "<group>"; };
		5AA3753A1D2CFBEF001993E0 /* FAQViewController.h */ = {isa = PBXFileReference; fileEncoding = 4; lastKnownFileType = sourcecode.c.h; path = FAQViewController.h; sourceTree = "<group>"; };
		5AA3753B1D2CFBEF001993E0 /* FAQViewController.m */ = {isa = PBXFileReference; fileEncoding = 4; lastKnownFileType = sourcecode.c.objc; path = FAQViewController.m; sourceTree = "<group>"; };
		5AD140311D50673D004C301B /* CameraViewController.h */ = {isa = PBXFileReference; fileEncoding = 4; lastKnownFileType = sourcecode.c.h; path = CameraViewController.h; sourceTree = "<group>"; };
		5AD140321D50673D004C301B /* CameraViewController.m */ = {isa = PBXFileReference; fileEncoding = 4; lastKnownFileType = sourcecode.c.objc; path = CameraViewController.m; sourceTree = "<group>"; };
		D1C7A893189FC6DF0EFEF47A /* Pods_Sprout.framework */ = {isa = PBXFileReference; explicitFileType = wrapper.framework; includeInIndex = 0; path = Pods_Sprout.framework; sourceTree = BUILT_PRODUCTS_DIR; };
		E70144E61DC0D9E200E115BF /* SproutView.h */ = {isa = PBXFileReference; fileEncoding = 4; lastKnownFileType = sourcecode.c.h; path = SproutView.h; sourceTree = "<group>"; };
		E70144E71DC0D9E200E115BF /* SproutView.m */ = {isa = PBXFileReference; fileEncoding = 4; lastKnownFileType = sourcecode.c.objc; path = SproutView.m; sourceTree = "<group>"; };
		E70700231DBE37F3009E8D7D /* Project+CoreDataClass.h */ = {isa = PBXFileReference; fileEncoding = 4; lastKnownFileType = sourcecode.c.h; name = "Project+CoreDataClass.h"; path = "Database/Project+CoreDataClass.h"; sourceTree = "<group>"; };
		E70700241DBE37F3009E8D7D /* Project+CoreDataClass.m */ = {isa = PBXFileReference; fileEncoding = 4; lastKnownFileType = sourcecode.c.objc; name = "Project+CoreDataClass.m"; path = "Database/Project+CoreDataClass.m"; sourceTree = "<group>"; };
		E70700251DBE37F3009E8D7D /* Project+CoreDataProperties.h */ = {isa = PBXFileReference; fileEncoding = 4; lastKnownFileType = sourcecode.c.h; name = "Project+CoreDataProperties.h"; path = "Database/Project+CoreDataProperties.h"; sourceTree = "<group>"; };
		E70700261DBE37F3009E8D7D /* Project+CoreDataProperties.m */ = {isa = PBXFileReference; fileEncoding = 4; lastKnownFileType = sourcecode.c.objc; name = "Project+CoreDataProperties.m"; path = "Database/Project+CoreDataProperties.m"; sourceTree = "<group>"; };
		E70700291DBE37F3009E8D7D /* Timeline+CoreDataClass.h */ = {isa = PBXFileReference; fileEncoding = 4; lastKnownFileType = sourcecode.c.h; name = "Timeline+CoreDataClass.h"; path = "Database/Timeline+CoreDataClass.h"; sourceTree = "<group>"; };
		E707002A1DBE37F3009E8D7D /* Timeline+CoreDataClass.m */ = {isa = PBXFileReference; fileEncoding = 4; lastKnownFileType = sourcecode.c.objc; name = "Timeline+CoreDataClass.m"; path = "Database/Timeline+CoreDataClass.m"; sourceTree = "<group>"; };
		E707002B1DBE37F3009E8D7D /* Timeline+CoreDataProperties.h */ = {isa = PBXFileReference; fileEncoding = 4; lastKnownFileType = sourcecode.c.h; name = "Timeline+CoreDataProperties.h"; path = "Database/Timeline+CoreDataProperties.h"; sourceTree = "<group>"; };
		E707002C1DBE37F3009E8D7D /* Timeline+CoreDataProperties.m */ = {isa = PBXFileReference; fileEncoding = 4; lastKnownFileType = sourcecode.c.objc; name = "Timeline+CoreDataProperties.m"; path = "Database/Timeline+CoreDataProperties.m"; sourceTree = "<group>"; };
		E708E6111DCEBB9600E9D626 /* CoreData.framework */ = {isa = PBXFileReference; lastKnownFileType = wrapper.framework; name = CoreData.framework; path = System/Library/Frameworks/CoreData.framework; sourceTree = SDKROOT; };
		E708E6131DCEBBAD00E9D626 /* Foundation.framework */ = {isa = PBXFileReference; lastKnownFileType = wrapper.framework; name = Foundation.framework; path = System/Library/Frameworks/Foundation.framework; sourceTree = SDKROOT; };
		E708E6151DCEBBB300E9D626 /* UIKit.framework */ = {isa = PBXFileReference; lastKnownFileType = wrapper.framework; name = UIKit.framework; path = System/Library/Frameworks/UIKit.framework; sourceTree = SDKROOT; };
		E708E6171DCEBD1500E9D626 /* AudioToolbox.framework */ = {isa = PBXFileReference; lastKnownFileType = wrapper.framework; name = AudioToolbox.framework; path = System/Library/Frameworks/AudioToolbox.framework; sourceTree = SDKROOT; };
		E70CB3E81DAB2E7D003F4AA0 /* BaseViewController.h */ = {isa = PBXFileReference; fileEncoding = 4; lastKnownFileType = sourcecode.c.h; path = BaseViewController.h; sourceTree = "<group>"; };
		E70CB3E91DAB2E7D003F4AA0 /* BaseViewController.m */ = {isa = PBXFileReference; fileEncoding = 4; lastKnownFileType = sourcecode.c.objc; path = BaseViewController.m; sourceTree = "<group>"; };
		E70CB3EF1DAB57D9003F4AA0 /* ProjectTableViewCell.h */ = {isa = PBXFileReference; fileEncoding = 4; lastKnownFileType = sourcecode.c.h; path = ProjectTableViewCell.h; sourceTree = "<group>"; };
		E70CB3F01DAB57D9003F4AA0 /* ProjectTableViewCell.m */ = {isa = PBXFileReference; fileEncoding = 4; lastKnownFileType = sourcecode.c.objc; path = ProjectTableViewCell.m; sourceTree = "<group>"; };
		E72642DE1DDD38E50081CE03 /* SyncQueue.h */ = {isa = PBXFileReference; fileEncoding = 4; lastKnownFileType = sourcecode.c.h; path = SyncQueue.h; sourceTree = "<group>"; };
		E72642DF1DDD38E50081CE03 /* SyncQueue.m */ = {isa = PBXFileReference; fileEncoding = 4; lastKnownFileType = sourcecode.c.objc; path = SyncQueue.m; sourceTree = "<group>"; };
		E72B91321DD119030050C7C8 /* OnboardingManager.h */ = {isa = PBXFileReference; fileEncoding = 4; lastKnownFileType = sourcecode.c.h; path = OnboardingManager.h; sourceTree = "<group>"; };
		E72B91331DD119030050C7C8 /* OnboardingManager.m */ = {isa = PBXFileReference; fileEncoding = 4; lastKnownFileType = sourcecode.c.objc; path = OnboardingManager.m; sourceTree = "<group>"; };
		E737B75F1DE26A8F00978E0E /* Base */ = {isa = PBXFileReference; lastKnownFileType = file.xib; name = Base; path = Base.lproj/MyProjectNoDataVC.xib; sourceTree = "<group>"; };
		E737B7611DE26F9F00978E0E /* NoDataView.h */ = {isa = PBXFileReference; fileEncoding = 4; lastKnownFileType = sourcecode.c.h; path = NoDataView.h; sourceTree = "<group>"; };
		E737B7621DE26F9F00978E0E /* NoDataView.m */ = {isa = PBXFileReference; fileEncoding = 4; lastKnownFileType = sourcecode.c.objc; path = NoDataView.m; sourceTree = "<group>"; };
		E746D4731DD03696009C1BDD /* JDMLocalNotification.h */ = {isa = PBXFileReference; fileEncoding = 4; lastKnownFileType = sourcecode.c.h; path = JDMLocalNotification.h; sourceTree = "<group>"; };
		E746D4741DD03696009C1BDD /* JDMLocalNotification.m */ = {isa = PBXFileReference; fileEncoding = 4; lastKnownFileType = sourcecode.c.objc; path = JDMLocalNotification.m; sourceTree = "<group>"; };
		E746D4761DD03696009C1BDD /* n_default.wav */ = {isa = PBXFileReference; lastKnownFileType = audio.wav; path = n_default.wav; sourceTree = "<group>"; };
		E749AA031DBA05D0007DC7D8 /* Base */ = {isa = PBXFileReference; lastKnownFileType = file.xib; name = Base; path = Base.lproj/SocialMediaButtonsTableViewCell.xib; sourceTree = "<group>"; };
		E749AA051DBA05E1007DC7D8 /* SocialMediaButtonsTableViewCell.h */ = {isa = PBXFileReference; fileEncoding = 4; lastKnownFileType = sourcecode.c.h; path = SocialMediaButtonsTableViewCell.h; sourceTree = "<group>"; };
		E749AA061DBA05E1007DC7D8 /* SocialMediaButtonsTableViewCell.m */ = {isa = PBXFileReference; fileEncoding = 4; lastKnownFileType = sourcecode.c.objc; path = SocialMediaButtonsTableViewCell.m; sourceTree = "<group>"; };
		E749AA091DBA063C007DC7D8 /* Base */ = {isa = PBXFileReference; lastKnownFileType = file.xib; name = Base; path = Base.lproj/AccountInformationViewController.xib; sourceTree = "<group>"; };
		E749AA0C1DBA0655007DC7D8 /* Base */ = {isa = PBXFileReference; lastKnownFileType = file.xib; name = Base; path = Base.lproj/AccountChangePasswordViewController.xib; sourceTree = "<group>"; };
		E749C0E91DB4293E0068C3F1 /* AccountChangePasswordViewController.h */ = {isa = PBXFileReference; fileEncoding = 4; lastKnownFileType = sourcecode.c.h; path = AccountChangePasswordViewController.h; sourceTree = "<group>"; };
		E749C0EA1DB4293E0068C3F1 /* AccountChangePasswordViewController.m */ = {isa = PBXFileReference; fileEncoding = 4; lastKnownFileType = sourcecode.c.objc; path = AccountChangePasswordViewController.m; sourceTree = "<group>"; };
		E749C0EC1DB44D450068C3F1 /* NSString+WhiteSpacing.h */ = {isa = PBXFileReference; fileEncoding = 4; lastKnownFileType = sourcecode.c.h; path = "NSString+WhiteSpacing.h"; sourceTree = "<group>"; };
		E749C0ED1DB44D450068C3F1 /* NSString+WhiteSpacing.m */ = {isa = PBXFileReference; fileEncoding = 4; lastKnownFileType = sourcecode.c.objc; path = "NSString+WhiteSpacing.m"; sourceTree = "<group>"; };
		E749C0EF1DB44DF10068C3F1 /* SproutWebService.h */ = {isa = PBXFileReference; fileEncoding = 4; lastKnownFileType = sourcecode.c.h; path = SproutWebService.h; sourceTree = "<group>"; };
		E749C0F01DB44DF10068C3F1 /* SproutWebService.m */ = {isa = PBXFileReference; fileEncoding = 4; lastKnownFileType = sourcecode.c.objc; path = SproutWebService.m; sourceTree = "<group>"; };
		E749C0F51DB45B420068C3F1 /* CurrentUser.h */ = {isa = PBXFileReference; fileEncoding = 4; lastKnownFileType = sourcecode.c.h; path = CurrentUser.h; sourceTree = "<group>"; };
		E749C0F61DB45B420068C3F1 /* CurrentUser.m */ = {isa = PBXFileReference; fileEncoding = 4; lastKnownFileType = sourcecode.c.objc; path = CurrentUser.m; sourceTree = "<group>"; };
		E749C0F81DB462980068C3F1 /* AccountWebService.h */ = {isa = PBXFileReference; fileEncoding = 4; lastKnownFileType = sourcecode.c.h; path = AccountWebService.h; sourceTree = "<group>"; };
		E749C0F91DB462980068C3F1 /* AccountWebService.m */ = {isa = PBXFileReference; fileEncoding = 4; lastKnownFileType = sourcecode.c.objc; path = AccountWebService.m; sourceTree = "<group>"; };
		E749C0FD1DB49B880068C3F1 /* ProjectWebService.h */ = {isa = PBXFileReference; fileEncoding = 4; lastKnownFileType = sourcecode.c.h; path = ProjectWebService.h; sourceTree = "<group>"; };
		E749C0FE1DB49B880068C3F1 /* ProjectWebService.m */ = {isa = PBXFileReference; fileEncoding = 4; lastKnownFileType = sourcecode.c.objc; path = ProjectWebService.m; sourceTree = "<group>"; };
		E759F77E1DE63E46002C1E96 /* TimelineWebService.h */ = {isa = PBXFileReference; fileEncoding = 4; lastKnownFileType = sourcecode.c.h; path = TimelineWebService.h; sourceTree = "<group>"; };
		E759F77F1DE63E46002C1E96 /* TimelineWebService.m */ = {isa = PBXFileReference; fileEncoding = 4; lastKnownFileType = sourcecode.c.objc; path = TimelineWebService.m; sourceTree = "<group>"; };
		E759F7811DE64984002C1E96 /* SyncAllData.h */ = {isa = PBXFileReference; fileEncoding = 4; lastKnownFileType = sourcecode.c.h; path = SyncAllData.h; sourceTree = "<group>"; };
		E759F7821DE64984002C1E96 /* SyncAllData.m */ = {isa = PBXFileReference; fileEncoding = 4; lastKnownFileType = sourcecode.c.objc; path = SyncAllData.m; sourceTree = "<group>"; };
		E75E9B511DE1568000666132 /* EditAccountInfoViewController.h */ = {isa = PBXFileReference; fileEncoding = 4; lastKnownFileType = sourcecode.c.h; path = EditAccountInfoViewController.h; sourceTree = "<group>"; };
		E75E9B521DE1568000666132 /* EditAccountInfoViewController.m */ = {isa = PBXFileReference; fileEncoding = 4; lastKnownFileType = sourcecode.c.objc; path = EditAccountInfoViewController.m; sourceTree = "<group>"; };
		E75E9B551DE159CF00666132 /* Base */ = {isa = PBXFileReference; lastKnownFileType = file.xib; name = Base; path = Base.lproj/EditAccountInfoViewController.xib; sourceTree = "<group>"; };
		E762D1B81DB9F4BD00988104 /* TextFieldTableViewCell.h */ = {isa = PBXFileReference; fileEncoding = 4; lastKnownFileType = sourcecode.c.h; path = TextFieldTableViewCell.h; sourceTree = "<group>"; };
		E762D1B91DB9F4BD00988104 /* TextFieldTableViewCell.m */ = {isa = PBXFileReference; fileEncoding = 4; lastKnownFileType = sourcecode.c.objc; path = TextFieldTableViewCell.m; sourceTree = "<group>"; };
		E762D1BC1DB9F4CC00988104 /* Base */ = {isa = PBXFileReference; lastKnownFileType = file.xib; name = Base; path = Base.lproj/TextFieldTableViewCell.xib; sourceTree = "<group>"; };
		E76FBA911DADEDCA00BA46F0 /* TableAdapter.h */ = {isa = PBXFileReference; fileEncoding = 4; lastKnownFileType = sourcecode.c.h; path = TableAdapter.h; sourceTree = "<group>"; };
		E76FBA921DADEDCA00BA46F0 /* TableAdapter.m */ = {isa = PBXFileReference; fileEncoding = 4; lastKnownFileType = sourcecode.c.objc; path = TableAdapter.m; sourceTree = "<group>"; };
		E76FBA981DAE01D400BA46F0 /* CoreDataAccessKit.h */ = {isa = PBXFileReference; fileEncoding = 4; lastKnownFileType = sourcecode.c.h; name = CoreDataAccessKit.h; path = Database/CoreDataAccessKit.h; sourceTree = "<group>"; };
		E76FBA991DAE01D400BA46F0 /* CoreDataAccessKit.m */ = {isa = PBXFileReference; fileEncoding = 4; lastKnownFileType = sourcecode.c.objc; name = CoreDataAccessKit.m; path = Database/CoreDataAccessKit.m; sourceTree = "<group>"; };
		E76FBA9B1DAE0F7900BA46F0 /* AppDelegate+DemoData.h */ = {isa = PBXFileReference; fileEncoding = 4; lastKnownFileType = sourcecode.c.h; path = "AppDelegate+DemoData.h"; sourceTree = "<group>"; };
		E76FBA9C1DAE0F7900BA46F0 /* AppDelegate+DemoData.m */ = {isa = PBXFileReference; fileEncoding = 4; lastKnownFileType = sourcecode.c.objc; path = "AppDelegate+DemoData.m"; sourceTree = "<group>"; };
		E78E3DCE1DB41C7C00C4C815 /* AccountSignUpViewController.h */ = {isa = PBXFileReference; fileEncoding = 4; lastKnownFileType = sourcecode.c.h; path = AccountSignUpViewController.h; sourceTree = "<group>"; };
		E78E3DCF1DB41C7C00C4C815 /* AccountSignUpViewController.m */ = {isa = PBXFileReference; fileEncoding = 4; lastKnownFileType = sourcecode.c.objc; path = AccountSignUpViewController.m; sourceTree = "<group>"; };
		E78E3DD21DB41D7C00C4C815 /* Base */ = {isa = PBXFileReference; lastKnownFileType = file.xib; name = Base; path = Base.lproj/AccountSignUpViewController.xib; sourceTree = "<group>"; };
		E7A6816F1DDEC56300B512CE /* privacy_policy.html */ = {isa = PBXFileReference; fileEncoding = 4; lastKnownFileType = text.html; path = privacy_policy.html; sourceTree = "<group>"; };
		E7A681711DDECA5D00B512CE /* PrivacyPolicyViewController.h */ = {isa = PBXFileReference; fileEncoding = 4; lastKnownFileType = sourcecode.c.h; path = PrivacyPolicyViewController.h; sourceTree = "<group>"; };
		E7A681721DDECA5D00B512CE /* PrivacyPolicyViewController.m */ = {isa = PBXFileReference; fileEncoding = 4; lastKnownFileType = sourcecode.c.objc; path = PrivacyPolicyViewController.m; sourceTree = "<group>"; };
		E7A681781DDED42000B512CE /* terms_and_conditions.html */ = {isa = PBXFileReference; fileEncoding = 4; lastKnownFileType = text.html; path = terms_and_conditions.html; sourceTree = "<group>"; };
		E7A6817A1DDED47B00B512CE /* TermsAndConditionsViewController.h */ = {isa = PBXFileReference; fileEncoding = 4; lastKnownFileType = sourcecode.c.h; path = TermsAndConditionsViewController.h; sourceTree = "<group>"; };
		E7A6817B1DDED47B00B512CE /* TermsAndConditionsViewController.m */ = {isa = PBXFileReference; fileEncoding = 4; lastKnownFileType = sourcecode.c.objc; path = TermsAndConditionsViewController.m; sourceTree = "<group>"; };
		E7A6BFE31DBB23230067C409 /* Base */ = {isa = PBXFileReference; lastKnownFileType = file.xib; name = Base; path = Base.lproj/SproutDisplayTableViewCell.xib; sourceTree = "<group>"; };
		E7A6BFE51DBB233A0067C409 /* SproutDisplayTableViewCell.h */ = {isa = PBXFileReference; fileEncoding = 4; lastKnownFileType = sourcecode.c.h; path = SproutDisplayTableViewCell.h; sourceTree = "<group>"; };
		E7A6BFE61DBB233A0067C409 /* SproutDisplayTableViewCell.m */ = {isa = PBXFileReference; fileEncoding = 4; lastKnownFileType = sourcecode.c.objc; path = SproutDisplayTableViewCell.m; sourceTree = "<group>"; };
		E7A6BFE91DBB26870067C409 /* Base */ = {isa = PBXFileReference; lastKnownFileType = file.xib; name = Base; path = Base.lproj/ButtonTableViewCell.xib; sourceTree = "<group>"; };
		E7A6BFEB1DBB26950067C409 /* ButtonTableViewCell.h */ = {isa = PBXFileReference; fileEncoding = 4; lastKnownFileType = sourcecode.c.h; path = ButtonTableViewCell.h; sourceTree = "<group>"; };
		E7A6BFEC1DBB26950067C409 /* ButtonTableViewCell.m */ = {isa = PBXFileReference; fileEncoding = 4; lastKnownFileType = sourcecode.c.objc; path = ButtonTableViewCell.m; sourceTree = "<group>"; };
		E7A6BFEE1DBB2D250067C409 /* ProjectTableViewCellDelegate.h */ = {isa = PBXFileReference; lastKnownFileType = sourcecode.c.h; path = ProjectTableViewCellDelegate.h; sourceTree = "<group>"; };
		E7A77DB01DBC5FC20096F24C /* DataObjects.h */ = {isa = PBXFileReference; lastKnownFileType = sourcecode.c.h; name = DataObjects.h; path = Database/DataObjects.h; sourceTree = "<group>"; };
		E7ABE1EE1DB410020056224D /* AccountSignInViewController.h */ = {isa = PBXFileReference; fileEncoding = 4; lastKnownFileType = sourcecode.c.h; path = AccountSignInViewController.h; sourceTree = "<group>"; };
		E7ABE1EF1DB410020056224D /* AccountSignInViewController.m */ = {isa = PBXFileReference; fileEncoding = 4; lastKnownFileType = sourcecode.c.objc; path = AccountSignInViewController.m; sourceTree = "<group>"; };
		E7ABE1F21DB412C30056224D /* Base */ = {isa = PBXFileReference; lastKnownFileType = file.xib; name = Base; path = Base.lproj/AccountSignInViewController.xib; sourceTree = "<group>"; };
		E7B36F101DBC4A7F00402A7F /* Sprout-Swift.h */ = {isa = PBXFileReference; lastKnownFileType = sourcecode.c.h; path = "Sprout-Swift.h"; sourceTree = "<group>"; };
		E7C61B991DBAFBF0008A86C0 /* Base */ = {isa = PBXFileReference; lastKnownFileType = file.xib; name = Base; path = Base.lproj/TimelineTableViewCell.xib; sourceTree = "<group>"; };
		E7C61B9B1DBAFC05008A86C0 /* TimelineTableViewCell.h */ = {isa = PBXFileReference; fileEncoding = 4; lastKnownFileType = sourcecode.c.h; path = TimelineTableViewCell.h; sourceTree = "<group>"; };
		E7C61B9C1DBAFC05008A86C0 /* TimelineTableViewCell.m */ = {isa = PBXFileReference; fileEncoding = 4; lastKnownFileType = sourcecode.c.objc; path = TimelineTableViewCell.m; sourceTree = "<group>"; };
		E7C61B9F1DBAFF36008A86C0 /* Base */ = {isa = PBXFileReference; lastKnownFileType = file.xib; name = Base; path = Base.lproj/SliderTableViewCell.xib; sourceTree = "<group>"; };
		E7C61BA11DBAFF48008A86C0 /* SliderTableViewCell.h */ = {isa = PBXFileReference; fileEncoding = 4; lastKnownFileType = sourcecode.c.h; path = SliderTableViewCell.h; sourceTree = "<group>"; };
		E7C61BA21DBAFF48008A86C0 /* SliderTableViewCell.m */ = {isa = PBXFileReference; fileEncoding = 4; lastKnownFileType = sourcecode.c.objc; path = SliderTableViewCell.m; sourceTree = "<group>"; };
		E7C61BA51DBB0293008A86C0 /* Base */ = {isa = PBXFileReference; lastKnownFileType = file.xib; name = Base; path = Base.lproj/SwitchTableViewCell.xib; sourceTree = "<group>"; };
		E7C61BA71DBB02A4008A86C0 /* SwitchTableViewCell.h */ = {isa = PBXFileReference; fileEncoding = 4; lastKnownFileType = sourcecode.c.h; path = SwitchTableViewCell.h; sourceTree = "<group>"; };
		E7C61BA81DBB02A4008A86C0 /* SwitchTableViewCell.m */ = {isa = PBXFileReference; fileEncoding = 4; lastKnownFileType = sourcecode.c.objc; path = SwitchTableViewCell.m; sourceTree = "<group>"; };
		E7C72A061DB88DE100128D32 /* SelectNewProjectViewController.h */ = {isa = PBXFileReference; fileEncoding = 4; lastKnownFileType = sourcecode.c.h; path = SelectNewProjectViewController.h; sourceTree = "<group>"; };
		E7C72A071DB88DE100128D32 /* SelectNewProjectViewController.m */ = {isa = PBXFileReference; fileEncoding = 4; lastKnownFileType = sourcecode.c.objc; path = SelectNewProjectViewController.m; sourceTree = "<group>"; };
		E7C72A0A1DB89DB500128D32 /* Base */ = {isa = PBXFileReference; lastKnownFileType = file.xib; name = Base; path = Base.lproj/SelectNewProjectViewController.xib; sourceTree = "<group>"; };
		E7D561501DBF241300647BBB /* TimelineCollectionViewCell.h */ = {isa = PBXFileReference; fileEncoding = 4; lastKnownFileType = sourcecode.c.h; path = TimelineCollectionViewCell.h; sourceTree = "<group>"; };
		E7D561511DBF241300647BBB /* TimelineCollectionViewCell.m */ = {isa = PBXFileReference; fileEncoding = 4; lastKnownFileType = sourcecode.c.objc; path = TimelineCollectionViewCell.m; sourceTree = "<group>"; };
		E7D561531DBF35B800647BBB /* TimelineCollectionViewCellDelegate.h */ = {isa = PBXFileReference; lastKnownFileType = sourcecode.c.h; path = TimelineCollectionViewCellDelegate.h; sourceTree = "<group>"; };
		E7DBE6291DACAE730052064E /* DatabaseModel.xcdatamodel */ = {isa = PBXFileReference; explicitFileType = wrapper.xcdatamodel; path = DatabaseModel.xcdatamodel; sourceTree = "<group>"; };
		E7E236FC1DDEEDF900BB3D5D /* Pods-Sprout-acknowledgements.plist */ = {isa = PBXFileReference; fileEncoding = 4; lastKnownFileType = text.plist.xml; name = "Pods-Sprout-acknowledgements.plist"; path = "Pods/Target Support Files/Pods-Sprout/Pods-Sprout-acknowledgements.plist"; sourceTree = SOURCE_ROOT; };
		E7EC35061DC5708A004703D1 /* SelectTableViewController.h */ = {isa = PBXFileReference; fileEncoding = 4; lastKnownFileType = sourcecode.c.h; path = SelectTableViewController.h; sourceTree = "<group>"; };
		E7EC35071DC5708A004703D1 /* SelectTableViewController.m */ = {isa = PBXFileReference; fileEncoding = 4; lastKnownFileType = sourcecode.c.objc; path = SelectTableViewController.m; sourceTree = "<group>"; };
		E7EC35091DC584A0004703D1 /* DateSelectorViewController.h */ = {isa = PBXFileReference; fileEncoding = 4; lastKnownFileType = sourcecode.c.h; path = DateSelectorViewController.h; sourceTree = "<group>"; };
		E7EC350A1DC584A0004703D1 /* DateSelectorViewController.m */ = {isa = PBXFileReference; fileEncoding = 4; lastKnownFileType = sourcecode.c.objc; path = DateSelectorViewController.m; sourceTree = "<group>"; };
		E7EC350D1DC584AF004703D1 /* Base */ = {isa = PBXFileReference; lastKnownFileType = file.xib; name = Base; path = Base.lproj/DateSelectorViewController.xib; sourceTree = "<group>"; };
		E7EC35101DC5CE21004703D1 /* Base */ = {isa = PBXFileReference; lastKnownFileType = file.xib; name = Base; path = Base.lproj/CameraViewController.xib; sourceTree = "<group>"; };
		E7F92BD31DC227E10050E5AD /* DataObjects.m */ = {isa = PBXFileReference; fileEncoding = 4; lastKnownFileType = sourcecode.c.objc; name = DataObjects.m; path = Database/DataObjects.m; sourceTree = "<group>"; };
		F1E3FB3E82E92B318DC878C4 /* Pods-Sprout.release.xcconfig */ = {isa = PBXFileReference; includeInIndex = 1; lastKnownFileType = text.xcconfig; name = "Pods-Sprout.release.xcconfig"; path = "Pods/Target Support Files/Pods-Sprout/Pods-Sprout.release.xcconfig"; sourceTree = "<group>"; };
/* End PBXFileReference section */

/* Begin PBXFrameworksBuildPhase section */
		5A85A2C01D2BB65F00B4CD02 /* Frameworks */ = {
			isa = PBXFrameworksBuildPhase;
			buildActionMask = 2147483647;
			files = (
				E708E6181DCEBD1500E9D626 /* AudioToolbox.framework in Frameworks */,
				E708E6161DCEBBB300E9D626 /* UIKit.framework in Frameworks */,
				E708E6141DCEBBAD00E9D626 /* Foundation.framework in Frameworks */,
				E708E6121DCEBB9600E9D626 /* CoreData.framework in Frameworks */,
				B0446FD54F4EE217CE0339B5 /* Pods_Sprout.framework in Frameworks */,
			);
			runOnlyForDeploymentPostprocessing = 0;
		};
/* End PBXFrameworksBuildPhase section */

/* Begin PBXGroup section */
		5A1BC3471D4A09DD00692EB8 /* Change Password */ = {
			isa = PBXGroup;
			children = (
				E749AA0B1DBA0655007DC7D8 /* AccountChangePasswordViewController.xib */,
				E749C0E91DB4293E0068C3F1 /* AccountChangePasswordViewController.h */,
				E749C0EA1DB4293E0068C3F1 /* AccountChangePasswordViewController.m */,
			);
			name = "Change Password";
			sourceTree = "<group>";
		};
		5A2180921D3E01260057F298 /* Account Information */ = {
			isa = PBXGroup;
			children = (
				E749AA081DBA063C007DC7D8 /* AccountInformationViewController.xib */,
				5A2180931D3E015C0057F298 /* AccountInformationViewController.h */,
				5A2180941D3E015C0057F298 /* AccountInformationViewController.m */,
				E75E9B541DE159CF00666132 /* EditAccountInfoViewController.xib */,
				E75E9B511DE1568000666132 /* EditAccountInfoViewController.h */,
				E75E9B521DE1568000666132 /* EditAccountInfoViewController.m */,
				E78E3DD11DB41D7C00C4C815 /* AccountSignUpViewController.xib */,
				E78E3DCE1DB41C7C00C4C815 /* AccountSignUpViewController.h */,
				E78E3DCF1DB41C7C00C4C815 /* AccountSignUpViewController.m */,
				E7ABE1F11DB412C30056224D /* AccountSignInViewController.xib */,
				E7ABE1EE1DB410020056224D /* AccountSignInViewController.h */,
				E7ABE1EF1DB410020056224D /* AccountSignInViewController.m */,
			);
			name = "Account Information";
			sourceTree = "<group>";
		};
		5A245E191D488E2E006A6F52 /* About */ = {
			isa = PBXGroup;
			children = (
				5A245E1A1D488E7F006A6F52 /* AboutViewController.h */,
				5A245E1B1D488E7F006A6F52 /* AboutViewController.m */,
				E7A681711DDECA5D00B512CE /* PrivacyPolicyViewController.h */,
				E7A681721DDECA5D00B512CE /* PrivacyPolicyViewController.m */,
				E7A6817A1DDED47B00B512CE /* TermsAndConditionsViewController.h */,
				E7A6817B1DDED47B00B512CE /* TermsAndConditionsViewController.m */,
			);
			name = About;
			sourceTree = "<group>";
		};
		5A54987F1D54930A00432FE5 /* Web Services */ = {
			isa = PBXGroup;
			children = (
				E72642DE1DDD38E50081CE03 /* SyncQueue.h */,
				E72642DF1DDD38E50081CE03 /* SyncQueue.m */,
				E749C0EF1DB44DF10068C3F1 /* SproutWebService.h */,
				E749C0F01DB44DF10068C3F1 /* SproutWebService.m */,
				E749C0F81DB462980068C3F1 /* AccountWebService.h */,
				E749C0F91DB462980068C3F1 /* AccountWebService.m */,
				E749C0FD1DB49B880068C3F1 /* ProjectWebService.h */,
				E749C0FE1DB49B880068C3F1 /* ProjectWebService.m */,
				E759F77E1DE63E46002C1E96 /* TimelineWebService.h */,
				E759F77F1DE63E46002C1E96 /* TimelineWebService.m */,
				E759F7811DE64984002C1E96 /* SyncAllData.h */,
				E759F7821DE64984002C1E96 /* SyncAllData.m */,
			);
			name = "Web Services";
			sourceTree = "<group>";
		};
		5A5F3D5F1D599FBC00AC6767 /* UIImage+Animated */ = {
			isa = PBXGroup;
			children = (
				5A5F3D601D599FD300AC6767 /* UIImage+animatedGIF.h */,
				5A5F3D611D599FD300AC6767 /* UIImage+animatedGIF.m */,
			);
			name = "UIImage+Animated";
			sourceTree = "<group>";
		};
		5A85A2BA1D2BB65F00B4CD02 = {
			isa = PBXGroup;
			children = (
				5A85A2C51D2BB65F00B4CD02 /* Sprout */,
				E7EA67681DAB01A7008B8649 /* Frameworks */,
				5A85A2C41D2BB65F00B4CD02 /* Products */,
				C790C0054DC83C16B401F562 /* Pods */,
			);
			sourceTree = "<group>";
		};
		5A85A2C41D2BB65F00B4CD02 /* Products */ = {
			isa = PBXGroup;
			children = (
				5A85A2C31D2BB65F00B4CD02 /* SproutPic.app */,
			);
			name = Products;
			sourceTree = "<group>";
		};
		5A85A2C51D2BB65F00B4CD02 /* Sprout */ = {
			isa = PBXGroup;
			children = (
				5A85A2CE1D2BB65F00B4CD02 /* Assets.xcassets */,
				E7DBE6271DACAE110052064E /* App Delegate */,
				E72B91311DD118E40050C7C8 /* Onboarding */,
				E70CB3F21DAB5AF9003F4AA0 /* Database */,
				E76FBA901DADED7E00BA46F0 /* Adapters */,
				5A85A3051D2BB8FA00B4CD02 /* ViewControllers */,
				5A54987F1D54930A00432FE5 /* Web Services */,
				5A85A2F81D2BB82000B4CD02 /* Utils */,
				E78E3DD51DB427D100C4C815 /* Libraries */,
				5A85A2C61D2BB65F00B4CD02 /* Supporting Files */,
			);
			path = Sprout;
			sourceTree = "<group>";
		};
		5A85A2C61D2BB65F00B4CD02 /* Supporting Files */ = {
			isa = PBXGroup;
			children = (
				5A85A2C71D2BB65F00B4CD02 /* main.m */,
				5A85A2D31D2BB65F00B4CD02 /* Info.plist */,
				5A85A2D01D2BB65F00B4CD02 /* LaunchScreen.storyboard */,
				E7A6816F1DDEC56300B512CE /* privacy_policy.html */,
				E7A681781DDED42000B512CE /* terms_and_conditions.html */,
				E7E236FC1DDEEDF900BB3D5D /* Pods-Sprout-acknowledgements.plist */,
				E7B36F101DBC4A7F00402A7F /* Sprout-Swift.h */,
			);
			name = "Supporting Files";
			sourceTree = "<group>";
		};
		5A85A2F51D2BB7CB00B4CD02 /* Sprout Projects */ = {
			isa = PBXGroup;
			children = (
				E737B75E1DE26A8F00978E0E /* MyProjectNoDataVC.xib */,
				5A85A2FF1D2BB88900B4CD02 /* MyProjectsViewController.h */,
				5A85A3001D2BB88900B4CD02 /* MyProjectsViewController.m */,
				5A17F60C1D4AFDAB00662C1A /* ProjectDetailViewController.h */,
				5A17F60D1D4AFDAB00662C1A /* ProjectDetailViewController.m */,
				E7EC350F1DC5CE21004703D1 /* CameraViewController.xib */,
				5AD140311D50673D004C301B /* CameraViewController.h */,
				5AD140321D50673D004C301B /* CameraViewController.m */,
				E7C72A091DB89DB500128D32 /* SelectNewProjectViewController.xib */,
				E7C72A061DB88DE100128D32 /* SelectNewProjectViewController.h */,
				E7C72A071DB88DE100128D32 /* SelectNewProjectViewController.m */,
			);
			name = "Sprout Projects";
			sourceTree = "<group>";
		};
		5A85A2F71D2BB80B00B4CD02 /* Community */ = {
			isa = PBXGroup;
			children = (
				5A85A2F91D2BB85300B4CD02 /* CommunityViewController.h */,
				5A85A2FA1D2BB85300B4CD02 /* CommunityViewController.m */,
			);
			name = Community;
			sourceTree = "<group>";
		};
		5A85A2F81D2BB82000B4CD02 /* Utils */ = {
			isa = PBXGroup;
			children = (
				E749C0F51DB45B420068C3F1 /* CurrentUser.h */,
				E749C0F61DB45B420068C3F1 /* CurrentUser.m */,
				E749C0EC1DB44D450068C3F1 /* NSString+WhiteSpacing.h */,
				E749C0ED1DB44D450068C3F1 /* NSString+WhiteSpacing.m */,
				5A85A3021D2BB8D600B4CD02 /* UIUtils.h */,
				5A85A3031D2BB8D600B4CD02 /* UIUtils.m */,
			);
			name = Utils;
			sourceTree = "<group>";
		};
		5A85A3051D2BB8FA00B4CD02 /* ViewControllers */ = {
			isa = PBXGroup;
			children = (
				E70144E51DC0D98700E115BF /* Views */,
				E7D5614F1DBF23E500647BBB /* CollectionViewCells */,
				E7ABE1ED1DB40C870056224D /* TableViewCells */,
				E70CB3E71DAB2E4F003F4AA0 /* Base Classes */,
				5A85A2F51D2BB7CB00B4CD02 /* Sprout Projects */,
				5A85A2F71D2BB80B00B4CD02 /* Community */,
				5A85A30D1D2BBEC800B4CD02 /* Settings */,
			);
			name = ViewControllers;
			sourceTree = "<group>";
		};
		5A85A30D1D2BBEC800B4CD02 /* Settings */ = {
			isa = PBXGroup;
			children = (
				5A85A30E1D2BBF0600B4CD02 /* SettingsViewController.h */,
				5A85A30F1D2BBF0600B4CD02 /* SettingsViewController.m */,
				5A245E191D488E2E006A6F52 /* About */,
				5AA375391D2CFBC4001993E0 /* FAQ */,
				5A2180921D3E01260057F298 /* Account Information */,
				5A1BC3471D4A09DD00692EB8 /* Change Password */,
			);
			name = Settings;
			sourceTree = "<group>";
		};
		5AA375391D2CFBC4001993E0 /* FAQ */ = {
			isa = PBXGroup;
			children = (
				5AA3753A1D2CFBEF001993E0 /* FAQViewController.h */,
				5AA3753B1D2CFBEF001993E0 /* FAQViewController.m */,
			);
			name = FAQ;
			sourceTree = "<group>";
		};
		C790C0054DC83C16B401F562 /* Pods */ = {
			isa = PBXGroup;
			children = (
				48B882B2979AC6F06759F9A1 /* Pods-Sprout.debug.xcconfig */,
				F1E3FB3E82E92B318DC878C4 /* Pods-Sprout.release.xcconfig */,
			);
			name = Pods;
			sourceTree = "<group>";
		};
		E70144E51DC0D98700E115BF /* Views */ = {
			isa = PBXGroup;
			children = (
				E70144E61DC0D9E200E115BF /* SproutView.h */,
				E70144E71DC0D9E200E115BF /* SproutView.m */,
			);
			name = Views;
			sourceTree = "<group>";
		};
		E70CB3E71DAB2E4F003F4AA0 /* Base Classes */ = {
			isa = PBXGroup;
			children = (
				E70CB3E81DAB2E7D003F4AA0 /* BaseViewController.h */,
				E70CB3E91DAB2E7D003F4AA0 /* BaseViewController.m */,
				E7EC35061DC5708A004703D1 /* SelectTableViewController.h */,
				E7EC35071DC5708A004703D1 /* SelectTableViewController.m */,
				E7EC350C1DC584AF004703D1 /* DateSelectorViewController.xib */,
				E7EC35091DC584A0004703D1 /* DateSelectorViewController.h */,
				E7EC350A1DC584A0004703D1 /* DateSelectorViewController.m */,
				E737B7611DE26F9F00978E0E /* NoDataView.h */,
				E737B7621DE26F9F00978E0E /* NoDataView.m */,
			);
			name = "Base Classes";
			sourceTree = "<group>";
		};
		E70CB3F21DAB5AF9003F4AA0 /* Database */ = {
			isa = PBXGroup;
			children = (
				E7DBE6281DACAE730052064E /* DatabaseModel.xcdatamodeld */,
				E70CB3F31DAB5B05003F4AA0 /* Model Objects */,
			);
			name = Database;
			sourceTree = "<group>";
		};
		E70CB3F31DAB5B05003F4AA0 /* Model Objects */ = {
			isa = PBXGroup;
			children = (
				E76FBA981DAE01D400BA46F0 /* CoreDataAccessKit.h */,
				E76FBA991DAE01D400BA46F0 /* CoreDataAccessKit.m */,
				E7A77DB01DBC5FC20096F24C /* DataObjects.h */,
				E7F92BD31DC227E10050E5AD /* DataObjects.m */,
				E70700231DBE37F3009E8D7D /* Project+CoreDataClass.h */,
				E70700241DBE37F3009E8D7D /* Project+CoreDataClass.m */,
				E70700251DBE37F3009E8D7D /* Project+CoreDataProperties.h */,
				E70700261DBE37F3009E8D7D /* Project+CoreDataProperties.m */,
				E70700291DBE37F3009E8D7D /* Timeline+CoreDataClass.h */,
				E707002A1DBE37F3009E8D7D /* Timeline+CoreDataClass.m */,
				E707002B1DBE37F3009E8D7D /* Timeline+CoreDataProperties.h */,
				E707002C1DBE37F3009E8D7D /* Timeline+CoreDataProperties.m */,
			);
			name = "Model Objects";
			sourceTree = "<group>";
		};
		E72B91311DD118E40050C7C8 /* Onboarding */ = {
			isa = PBXGroup;
			children = (
				E72B91321DD119030050C7C8 /* OnboardingManager.h */,
				E72B91331DD119030050C7C8 /* OnboardingManager.m */,
			);
			name = Onboarding;
			sourceTree = "<group>";
		};
		E746D4721DD03696009C1BDD /* JDMLocalNotification */ = {
			isa = PBXGroup;
			children = (
				E746D4731DD03696009C1BDD /* JDMLocalNotification.h */,
				E746D4741DD03696009C1BDD /* JDMLocalNotification.m */,
				E746D4751DD03696009C1BDD /* Sounds */,
			);
			path = JDMLocalNotification;
			sourceTree = "<group>";
		};
		E746D4751DD03696009C1BDD /* Sounds */ = {
			isa = PBXGroup;
			children = (
				E746D4761DD03696009C1BDD /* n_default.wav */,
			);
			path = Sounds;
			sourceTree = "<group>";
		};
		E76FBA901DADED7E00BA46F0 /* Adapters */ = {
			isa = PBXGroup;
			children = (
				E76FBA911DADEDCA00BA46F0 /* TableAdapter.h */,
				E76FBA921DADEDCA00BA46F0 /* TableAdapter.m */,
			);
			name = Adapters;
			sourceTree = "<group>";
		};
		E78E3DD51DB427D100C4C815 /* Libraries */ = {
			isa = PBXGroup;
			children = (
				E746D4721DD03696009C1BDD /* JDMLocalNotification */,
				5A5F3D5F1D599FBC00AC6767 /* UIImage+Animated */,
			);
			name = Libraries;
			sourceTree = "<group>";
		};
		E7ABE1ED1DB40C870056224D /* TableViewCells */ = {
			isa = PBXGroup;
			children = (
				E7A6BFEE1DBB2D250067C409 /* ProjectTableViewCellDelegate.h */,
				E70CB3EF1DAB57D9003F4AA0 /* ProjectTableViewCell.h */,
				E70CB3F01DAB57D9003F4AA0 /* ProjectTableViewCell.m */,
				E762D1BB1DB9F4CC00988104 /* TextFieldTableViewCell.xib */,
				E762D1B81DB9F4BD00988104 /* TextFieldTableViewCell.h */,
				E762D1B91DB9F4BD00988104 /* TextFieldTableViewCell.m */,
				E749AA021DBA05D0007DC7D8 /* SocialMediaButtonsTableViewCell.xib */,
				E749AA051DBA05E1007DC7D8 /* SocialMediaButtonsTableViewCell.h */,
				E749AA061DBA05E1007DC7D8 /* SocialMediaButtonsTableViewCell.m */,
				E7C61B981DBAFBF0008A86C0 /* TimelineTableViewCell.xib */,
				E7C61B9B1DBAFC05008A86C0 /* TimelineTableViewCell.h */,
				E7C61B9C1DBAFC05008A86C0 /* TimelineTableViewCell.m */,
				E7C61B9E1DBAFF36008A86C0 /* SliderTableViewCell.xib */,
				E7C61BA11DBAFF48008A86C0 /* SliderTableViewCell.h */,
				E7C61BA21DBAFF48008A86C0 /* SliderTableViewCell.m */,
				E7C61BA41DBB0293008A86C0 /* SwitchTableViewCell.xib */,
				E7C61BA71DBB02A4008A86C0 /* SwitchTableViewCell.h */,
				E7C61BA81DBB02A4008A86C0 /* SwitchTableViewCell.m */,
				E7A6BFE21DBB23230067C409 /* SproutDisplayTableViewCell.xib */,
				E7A6BFE51DBB233A0067C409 /* SproutDisplayTableViewCell.h */,
				E7A6BFE61DBB233A0067C409 /* SproutDisplayTableViewCell.m */,
				E7A6BFE81DBB26870067C409 /* ButtonTableViewCell.xib */,
				E7A6BFEB1DBB26950067C409 /* ButtonTableViewCell.h */,
				E7A6BFEC1DBB26950067C409 /* ButtonTableViewCell.m */,
			);
			name = TableViewCells;
			sourceTree = "<group>";
		};
		E7D5614F1DBF23E500647BBB /* CollectionViewCells */ = {
			isa = PBXGroup;
			children = (
				E7D561531DBF35B800647BBB /* TimelineCollectionViewCellDelegate.h */,
				E7D561501DBF241300647BBB /* TimelineCollectionViewCell.h */,
				E7D561511DBF241300647BBB /* TimelineCollectionViewCell.m */,
			);
			name = CollectionViewCells;
			sourceTree = "<group>";
		};
		E7DBE6271DACAE110052064E /* App Delegate */ = {
			isa = PBXGroup;
			children = (
				5A85A2C91D2BB65F00B4CD02 /* AppDelegate.h */,
				5A85A2CA1D2BB65F00B4CD02 /* AppDelegate.m */,
				E76FBA9B1DAE0F7900BA46F0 /* AppDelegate+DemoData.h */,
				E76FBA9C1DAE0F7900BA46F0 /* AppDelegate+DemoData.m */,
			);
			name = "App Delegate";
			sourceTree = "<group>";
		};
		E7EA67681DAB01A7008B8649 /* Frameworks */ = {
			isa = PBXGroup;
			children = (
				E708E6171DCEBD1500E9D626 /* AudioToolbox.framework */,
				E708E6151DCEBBB300E9D626 /* UIKit.framework */,
				E708E6131DCEBBAD00E9D626 /* Foundation.framework */,
				E708E6111DCEBB9600E9D626 /* CoreData.framework */,
				D1C7A893189FC6DF0EFEF47A /* Pods_Sprout.framework */,
			);
			name = Frameworks;
			sourceTree = "<group>";
		};
/* End PBXGroup section */

/* Begin PBXNativeTarget section */
		5A85A2C21D2BB65F00B4CD02 /* Sprout */ = {
			isa = PBXNativeTarget;
			buildConfigurationList = 5A85A2EC1D2BB66000B4CD02 /* Build configuration list for PBXNativeTarget "Sprout" */;
			buildPhases = (
				90A0CEA8CE275798066E95A1 /* [CP] Check Pods Manifest.lock */,
				5A85A2BF1D2BB65F00B4CD02 /* Sources */,
				5A85A2C01D2BB65F00B4CD02 /* Frameworks */,
				5A85A2C11D2BB65F00B4CD02 /* Resources */,
				87824B83255E195FC5235FA9 /* [CP] Embed Pods Frameworks */,
				5D9502513F4F6DC32912F032 /* [CP] Copy Pods Resources */,
				E72D531B1DCEA55200FAB7ED /* ShellScript */,
			);
			buildRules = (
			);
			dependencies = (
			);
			name = Sprout;
			productName = Sprout;
			productReference = 5A85A2C31D2BB65F00B4CD02 /* SproutPic.app */;
			productType = "com.apple.product-type.application";
		};
/* End PBXNativeTarget section */

/* Begin PBXProject section */
		5A85A2BB1D2BB65F00B4CD02 /* Project object */ = {
			isa = PBXProject;
			attributes = {
				LastUpgradeCheck = 0810;
				ORGANIZATIONNAME = sprout;
				TargetAttributes = {
					5A85A2C21D2BB65F00B4CD02 = {
						CreatedOnToolsVersion = 7.3.1;
						LastSwiftMigration = 0800;
						ProvisioningStyle = Manual;
						SystemCapabilities = {
							com.apple.BackgroundModes = {
								enabled = 1;
							};
						};
					};
				};
			};
			buildConfigurationList = 5A85A2BE1D2BB65F00B4CD02 /* Build configuration list for PBXProject "Sprout" */;
			compatibilityVersion = "Xcode 8.0";
			developmentRegion = English;
			hasScannedForEncodings = 0;
			knownRegions = (
				en,
				Base,
			);
			mainGroup = 5A85A2BA1D2BB65F00B4CD02;
			productRefGroup = 5A85A2C41D2BB65F00B4CD02 /* Products */;
			projectDirPath = "";
			projectRoot = "";
			targets = (
				5A85A2C21D2BB65F00B4CD02 /* Sprout */,
			);
		};
/* End PBXProject section */

/* Begin PBXResourcesBuildPhase section */
		5A85A2C11D2BB65F00B4CD02 /* Resources */ = {
			isa = PBXResourcesBuildPhase;
			buildActionMask = 2147483647;
			files = (
				5A85A2D21D2BB65F00B4CD02 /* LaunchScreen.storyboard in Resources */,
				E746D4781DD03696009C1BDD /* n_default.wav in Resources */,
				E75E9B561DE159CF00666132 /* EditAccountInfoViewController.xib in Resources */,
				E749AA0D1DBA0655007DC7D8 /* AccountChangePasswordViewController.xib in Resources */,
				E762D1BD1DB9F4CC00988104 /* TextFieldTableViewCell.xib in Resources */,
				E7A6BFE41DBB23230067C409 /* SproutDisplayTableViewCell.xib in Resources */,
				E7EC350E1DC584AF004703D1 /* DateSelectorViewController.xib in Resources */,
				E7E236FD1DDEEDF900BB3D5D /* Pods-Sprout-acknowledgements.plist in Resources */,
				E7A681701DDEC56300B512CE /* privacy_policy.html in Resources */,
				E78E3DD31DB41D7C00C4C815 /* AccountSignUpViewController.xib in Resources */,
				E737B7601DE26A8F00978E0E /* MyProjectNoDataVC.xib in Resources */,
				E7A6BFEA1DBB26870067C409 /* ButtonTableViewCell.xib in Resources */,
				E7C61BA61DBB0293008A86C0 /* SwitchTableViewCell.xib in Resources */,
				E7EC35111DC5CE21004703D1 /* CameraViewController.xib in Resources */,
				E7C61BA01DBAFF36008A86C0 /* SliderTableViewCell.xib in Resources */,
				E7A681791DDED42000B512CE /* terms_and_conditions.html in Resources */,
				E7ABE1F31DB412C30056224D /* AccountSignInViewController.xib in Resources */,
				5A85A2CF1D2BB65F00B4CD02 /* Assets.xcassets in Resources */,
				E7C72A0B1DB89DB500128D32 /* SelectNewProjectViewController.xib in Resources */,
				E749AA041DBA05D0007DC7D8 /* SocialMediaButtonsTableViewCell.xib in Resources */,
				E7C61B9A1DBAFBF0008A86C0 /* TimelineTableViewCell.xib in Resources */,
				E749AA0A1DBA063C007DC7D8 /* AccountInformationViewController.xib in Resources */,
			);
			runOnlyForDeploymentPostprocessing = 0;
		};
/* End PBXResourcesBuildPhase section */

/* Begin PBXShellScriptBuildPhase section */
		5D9502513F4F6DC32912F032 /* [CP] Copy Pods Resources */ = {
			isa = PBXShellScriptBuildPhase;
			buildActionMask = 2147483647;
			files = (
			);
			inputPaths = (
			);
			name = "[CP] Copy Pods Resources";
			outputPaths = (
			);
			runOnlyForDeploymentPostprocessing = 0;
			shellPath = /bin/sh;
			shellScript = "\"${SRCROOT}/Pods/Target Support Files/Pods-Sprout/Pods-Sprout-resources.sh\"\n";
			showEnvVarsInLog = 0;
		};
		87824B83255E195FC5235FA9 /* [CP] Embed Pods Frameworks */ = {
			isa = PBXShellScriptBuildPhase;
			buildActionMask = 2147483647;
			files = (
			);
			inputPaths = (
			);
			name = "[CP] Embed Pods Frameworks";
			outputPaths = (
			);
			runOnlyForDeploymentPostprocessing = 0;
			shellPath = /bin/sh;
			shellScript = "\"${SRCROOT}/Pods/Target Support Files/Pods-Sprout/Pods-Sprout-frameworks.sh\"\n";
			showEnvVarsInLog = 0;
		};
		90A0CEA8CE275798066E95A1 /* [CP] Check Pods Manifest.lock */ = {
			isa = PBXShellScriptBuildPhase;
			buildActionMask = 2147483647;
			files = (
			);
			inputPaths = (
			);
			name = "[CP] Check Pods Manifest.lock";
			outputPaths = (
			);
			runOnlyForDeploymentPostprocessing = 0;
			shellPath = /bin/sh;
			shellScript = "diff \"${PODS_ROOT}/../Podfile.lock\" \"${PODS_ROOT}/Manifest.lock\" > /dev/null\nif [ $? != 0 ] ; then\n    # print error to STDERR\n    echo \"error: The sandbox is not in sync with the Podfile.lock. Run 'pod install' or update your CocoaPods installation.\" >&2\n    exit 1\nfi\n";
			showEnvVarsInLog = 0;
		};
		E72D531B1DCEA55200FAB7ED /* ShellScript */ = {
			isa = PBXShellScriptBuildPhase;
			buildActionMask = 2147483647;
			files = (
			);
			inputPaths = (
			);
			outputPaths = (
			);
			runOnlyForDeploymentPostprocessing = 0;
			shellPath = /bin/sh;
			shellScript = "\"${PODS_ROOT}/Fabric/run\" e568c81b41003d14bc5de718a9735c8728445adc 117117ddfe2260c2b00c1d761a004e1c086f03bd594f54d2a58d245ebe7e7394";
		};
/* End PBXShellScriptBuildPhase section */

/* Begin PBXSourcesBuildPhase section */
		5A85A2BF1D2BB65F00B4CD02 /* Sources */ = {
			isa = PBXSourcesBuildPhase;
			buildActionMask = 2147483647;
			files = (
				5A85A2FB1D2BB85300B4CD02 /* CommunityViewController.m in Sources */,
				E7ABE1F01DB410020056224D /* AccountSignInViewController.m in Sources */,
				E7C72A081DB88DE100128D32 /* SelectNewProjectViewController.m in Sources */,
				E707002F1DBE37F3009E8D7D /* Project+CoreDataClass.m in Sources */,
				E7A6BFE71DBB233A0067C409 /* SproutDisplayTableViewCell.m in Sources */,
				E70CB3EA1DAB2E7D003F4AA0 /* BaseViewController.m in Sources */,
				E70CB3F11DAB57D9003F4AA0 /* ProjectTableViewCell.m in Sources */,
				E70144E81DC0D9E200E115BF /* SproutView.m in Sources */,
				E72642E01DDD38E50081CE03 /* SyncQueue.m in Sources */,
				E749C0FA1DB462980068C3F1 /* AccountWebService.m in Sources */,
				E7A681731DDECA5D00B512CE /* PrivacyPolicyViewController.m in Sources */,
				E746D4771DD03696009C1BDD /* JDMLocalNotification.m in Sources */,
				E749C0F11DB44DF10068C3F1 /* SproutWebService.m in Sources */,
				E7C61BA91DBB02A4008A86C0 /* SwitchTableViewCell.m in Sources */,
				E7C61BA31DBAFF48008A86C0 /* SliderTableViewCell.m in Sources */,
				E7D561521DBF241300647BBB /* TimelineCollectionViewCell.m in Sources */,
				E75E9B531DE1568000666132 /* EditAccountInfoViewController.m in Sources */,
				5A85A3101D2BBF0600B4CD02 /* SettingsViewController.m in Sources */,
				5A17F60E1D4AFDAB00662C1A /* ProjectDetailViewController.m in Sources */,
				E7C61B9D1DBAFC05008A86C0 /* TimelineTableViewCell.m in Sources */,
				5A85A2CB1D2BB65F00B4CD02 /* AppDelegate.m in Sources */,
				E749AA071DBA05E1007DC7D8 /* SocialMediaButtonsTableViewCell.m in Sources */,
				E749C0F71DB45B420068C3F1 /* CurrentUser.m in Sources */,
				E749C0FF1DB49B880068C3F1 /* ProjectWebService.m in Sources */,
				E79687FB1DB40A8F009F7AB9 /* AppDelegate+DemoData.m in Sources */,
				E7EC35081DC5708A004703D1 /* SelectTableViewController.m in Sources */,
				E749C0EE1DB44D450068C3F1 /* NSString+WhiteSpacing.m in Sources */,
				E78E3DD01DB41C7C00C4C815 /* AccountSignUpViewController.m in Sources */,
				E762D1BA1DB9F4BD00988104 /* TextFieldTableViewCell.m in Sources */,
				E737B7631DE26F9F00978E0E /* NoDataView.m in Sources */,
				E7F92BD41DC227E10050E5AD /* DataObjects.m in Sources */,
				E70700301DBE37F3009E8D7D /* Project+CoreDataProperties.m in Sources */,
				E76FBA9A1DAE01D400BA46F0 /* CoreDataAccessKit.m in Sources */,
				5AA3753C1D2CFBEF001993E0 /* FAQViewController.m in Sources */,
				5A85A3011D2BB88900B4CD02 /* MyProjectsViewController.m in Sources */,
				5AD140331D50673D004C301B /* CameraViewController.m in Sources */,
				5A85A2C81D2BB65F00B4CD02 /* main.m in Sources */,
				E70700321DBE37F3009E8D7D /* Timeline+CoreDataClass.m in Sources */,
				E7A6817C1DDED47B00B512CE /* TermsAndConditionsViewController.m in Sources */,
				E759F7801DE63E46002C1E96 /* TimelineWebService.m in Sources */,
				E759F7831DE64984002C1E96 /* SyncAllData.m in Sources */,
				E7EC350B1DC584A0004703D1 /* DateSelectorViewController.m in Sources */,
				5A2180951D3E015C0057F298 /* AccountInformationViewController.m in Sources */,
				E7DBE62A1DACAE730052064E /* DatabaseModel.xcdatamodeld in Sources */,
				E749C0EB1DB4293E0068C3F1 /* AccountChangePasswordViewController.m in Sources */,
				5A245E1C1D488E7F006A6F52 /* AboutViewController.m in Sources */,
				E76FBA931DADEDCA00BA46F0 /* TableAdapter.m in Sources */,
				E72B91341DD119030050C7C8 /* OnboardingManager.m in Sources */,
				E70700331DBE37F3009E8D7D /* Timeline+CoreDataProperties.m in Sources */,
				5A5F3D621D599FD300AC6767 /* UIImage+animatedGIF.m in Sources */,
				E7A6BFED1DBB26950067C409 /* ButtonTableViewCell.m in Sources */,
				5A85A3041D2BB8D600B4CD02 /* UIUtils.m in Sources */,
			);
			runOnlyForDeploymentPostprocessing = 0;
		};
/* End PBXSourcesBuildPhase section */

/* Begin PBXVariantGroup section */
		5A85A2D01D2BB65F00B4CD02 /* LaunchScreen.storyboard */ = {
			isa = PBXVariantGroup;
			children = (
				5A85A2D11D2BB65F00B4CD02 /* Base */,
			);
			name = LaunchScreen.storyboard;
			sourceTree = "<group>";
		};
		E737B75E1DE26A8F00978E0E /* MyProjectNoDataVC.xib */ = {
			isa = PBXVariantGroup;
			children = (
				E737B75F1DE26A8F00978E0E /* Base */,
			);
			name = MyProjectNoDataVC.xib;
			sourceTree = "<group>";
		};
		E749AA021DBA05D0007DC7D8 /* SocialMediaButtonsTableViewCell.xib */ = {
			isa = PBXVariantGroup;
			children = (
				E749AA031DBA05D0007DC7D8 /* Base */,
			);
			name = SocialMediaButtonsTableViewCell.xib;
			sourceTree = "<group>";
		};
		E749AA081DBA063C007DC7D8 /* AccountInformationViewController.xib */ = {
			isa = PBXVariantGroup;
			children = (
				E749AA091DBA063C007DC7D8 /* Base */,
			);
			name = AccountInformationViewController.xib;
			sourceTree = "<group>";
		};
		E749AA0B1DBA0655007DC7D8 /* AccountChangePasswordViewController.xib */ = {
			isa = PBXVariantGroup;
			children = (
				E749AA0C1DBA0655007DC7D8 /* Base */,
			);
			name = AccountChangePasswordViewController.xib;
			sourceTree = "<group>";
		};
		E75E9B541DE159CF00666132 /* EditAccountInfoViewController.xib */ = {
			isa = PBXVariantGroup;
			children = (
				E75E9B551DE159CF00666132 /* Base */,
			);
			name = EditAccountInfoViewController.xib;
			sourceTree = "<group>";
		};
		E762D1BB1DB9F4CC00988104 /* TextFieldTableViewCell.xib */ = {
			isa = PBXVariantGroup;
			children = (
				E762D1BC1DB9F4CC00988104 /* Base */,
			);
			name = TextFieldTableViewCell.xib;
			sourceTree = "<group>";
		};
		E78E3DD11DB41D7C00C4C815 /* AccountSignUpViewController.xib */ = {
			isa = PBXVariantGroup;
			children = (
				E78E3DD21DB41D7C00C4C815 /* Base */,
			);
			name = AccountSignUpViewController.xib;
			sourceTree = "<group>";
		};
		E7A6BFE21DBB23230067C409 /* SproutDisplayTableViewCell.xib */ = {
			isa = PBXVariantGroup;
			children = (
				E7A6BFE31DBB23230067C409 /* Base */,
			);
			name = SproutDisplayTableViewCell.xib;
			sourceTree = "<group>";
		};
		E7A6BFE81DBB26870067C409 /* ButtonTableViewCell.xib */ = {
			isa = PBXVariantGroup;
			children = (
				E7A6BFE91DBB26870067C409 /* Base */,
			);
			name = ButtonTableViewCell.xib;
			sourceTree = "<group>";
		};
		E7ABE1F11DB412C30056224D /* AccountSignInViewController.xib */ = {
			isa = PBXVariantGroup;
			children = (
				E7ABE1F21DB412C30056224D /* Base */,
			);
			name = AccountSignInViewController.xib;
			sourceTree = "<group>";
		};
		E7C61B981DBAFBF0008A86C0 /* TimelineTableViewCell.xib */ = {
			isa = PBXVariantGroup;
			children = (
				E7C61B991DBAFBF0008A86C0 /* Base */,
			);
			name = TimelineTableViewCell.xib;
			sourceTree = "<group>";
		};
		E7C61B9E1DBAFF36008A86C0 /* SliderTableViewCell.xib */ = {
			isa = PBXVariantGroup;
			children = (
				E7C61B9F1DBAFF36008A86C0 /* Base */,
			);
			name = SliderTableViewCell.xib;
			sourceTree = "<group>";
		};
		E7C61BA41DBB0293008A86C0 /* SwitchTableViewCell.xib */ = {
			isa = PBXVariantGroup;
			children = (
				E7C61BA51DBB0293008A86C0 /* Base */,
			);
			name = SwitchTableViewCell.xib;
			sourceTree = "<group>";
		};
		E7C72A091DB89DB500128D32 /* SelectNewProjectViewController.xib */ = {
			isa = PBXVariantGroup;
			children = (
				E7C72A0A1DB89DB500128D32 /* Base */,
			);
			name = SelectNewProjectViewController.xib;
			sourceTree = "<group>";
		};
		E7EC350C1DC584AF004703D1 /* DateSelectorViewController.xib */ = {
			isa = PBXVariantGroup;
			children = (
				E7EC350D1DC584AF004703D1 /* Base */,
			);
			name = DateSelectorViewController.xib;
			sourceTree = "<group>";
		};
		E7EC350F1DC5CE21004703D1 /* CameraViewController.xib */ = {
			isa = PBXVariantGroup;
			children = (
				E7EC35101DC5CE21004703D1 /* Base */,
			);
			name = CameraViewController.xib;
			sourceTree = "<group>";
		};
/* End PBXVariantGroup section */

/* Begin XCBuildConfiguration section */
		5A85A2EA1D2BB66000B4CD02 /* Debug */ = {
			isa = XCBuildConfiguration;
			buildSettings = {
				ALWAYS_EMBED_SWIFT_STANDARD_LIBRARIES = "$(inherited)";
				ALWAYS_SEARCH_USER_PATHS = NO;
				CLANG_ANALYZER_NONNULL = YES;
				CLANG_CXX_LANGUAGE_STANDARD = "gnu++0x";
				CLANG_CXX_LIBRARY = "libc++";
				CLANG_ENABLE_MODULES = YES;
				CLANG_ENABLE_OBJC_ARC = YES;
				CLANG_WARN_BOOL_CONVERSION = YES;
				CLANG_WARN_CONSTANT_CONVERSION = YES;
				CLANG_WARN_DIRECT_OBJC_ISA_USAGE = YES_ERROR;
				CLANG_WARN_EMPTY_BODY = YES;
				CLANG_WARN_ENUM_CONVERSION = YES;
				CLANG_WARN_INFINITE_RECURSION = YES;
				CLANG_WARN_INT_CONVERSION = YES;
				CLANG_WARN_OBJC_ROOT_CLASS = YES_ERROR;
				CLANG_WARN_SUSPICIOUS_MOVE = YES;
				CLANG_WARN_UNREACHABLE_CODE = YES;
				CLANG_WARN__DUPLICATE_METHOD_MATCH = YES;
				CODE_SIGN_IDENTITY = "iPhone Developer";
				"CODE_SIGN_IDENTITY[sdk=iphoneos*]" = "iPhone Developer";
				COPY_PHASE_STRIP = NO;
				DEBUG_INFORMATION_FORMAT = dwarf;
				DEFINES_MODULE = NO;
				ENABLE_STRICT_OBJC_MSGSEND = YES;
				ENABLE_TESTABILITY = YES;
				GCC_C_LANGUAGE_STANDARD = gnu99;
				GCC_DYNAMIC_NO_PIC = NO;
				GCC_NO_COMMON_BLOCKS = YES;
				GCC_OPTIMIZATION_LEVEL = 0;
				GCC_PREPROCESSOR_DEFINITIONS = (
					"DEBUG=1",
					"$(inherited)",
				);
				GCC_WARN_64_TO_32_BIT_CONVERSION = YES;
				GCC_WARN_ABOUT_RETURN_TYPE = YES_ERROR;
				GCC_WARN_UNDECLARED_SELECTOR = YES;
				GCC_WARN_UNINITIALIZED_AUTOS = YES_AGGRESSIVE;
				GCC_WARN_UNUSED_FUNCTION = YES;
				GCC_WARN_UNUSED_VARIABLE = YES;
				IPHONEOS_DEPLOYMENT_TARGET = 9.3;
				MTL_ENABLE_DEBUG_INFO = YES;
				ONLY_ACTIVE_ARCH = YES;
				PROVISIONING_PROFILE = "";
				SDKROOT = iphoneos;
			};
			name = Debug;
		};
		5A85A2EB1D2BB66000B4CD02 /* Release */ = {
			isa = XCBuildConfiguration;
			buildSettings = {
				ALWAYS_EMBED_SWIFT_STANDARD_LIBRARIES = "$(inherited)";
				ALWAYS_SEARCH_USER_PATHS = NO;
				CLANG_ANALYZER_NONNULL = YES;
				CLANG_CXX_LANGUAGE_STANDARD = "gnu++0x";
				CLANG_CXX_LIBRARY = "libc++";
				CLANG_ENABLE_MODULES = YES;
				CLANG_ENABLE_OBJC_ARC = YES;
				CLANG_WARN_BOOL_CONVERSION = YES;
				CLANG_WARN_CONSTANT_CONVERSION = YES;
				CLANG_WARN_DIRECT_OBJC_ISA_USAGE = YES_ERROR;
				CLANG_WARN_EMPTY_BODY = YES;
				CLANG_WARN_ENUM_CONVERSION = YES;
				CLANG_WARN_INFINITE_RECURSION = YES;
				CLANG_WARN_INT_CONVERSION = YES;
				CLANG_WARN_OBJC_ROOT_CLASS = YES_ERROR;
				CLANG_WARN_SUSPICIOUS_MOVE = YES;
				CLANG_WARN_UNREACHABLE_CODE = YES;
				CLANG_WARN__DUPLICATE_METHOD_MATCH = YES;
				CODE_SIGN_IDENTITY = "iPhone Distribution: Brian Goldberg (KWJVLFTTPZ)";
				"CODE_SIGN_IDENTITY[sdk=iphoneos*]" = "iPhone Distribution: Brian Goldberg (KWJVLFTTPZ)";
				COPY_PHASE_STRIP = NO;
				DEBUG_INFORMATION_FORMAT = "dwarf-with-dsym";
				DEFINES_MODULE = NO;
				ENABLE_NS_ASSERTIONS = NO;
				ENABLE_STRICT_OBJC_MSGSEND = YES;
				GCC_C_LANGUAGE_STANDARD = gnu99;
				GCC_NO_COMMON_BLOCKS = YES;
				GCC_WARN_64_TO_32_BIT_CONVERSION = YES;
				GCC_WARN_ABOUT_RETURN_TYPE = YES_ERROR;
				GCC_WARN_UNDECLARED_SELECTOR = YES;
				GCC_WARN_UNINITIALIZED_AUTOS = YES_AGGRESSIVE;
				GCC_WARN_UNUSED_FUNCTION = YES;
				GCC_WARN_UNUSED_VARIABLE = YES;
				IPHONEOS_DEPLOYMENT_TARGET = 9.3;
				MTL_ENABLE_DEBUG_INFO = NO;
				PROVISIONING_PROFILE = "04dc273b-2d90-4d41-9cfa-795b94dbf97f";
				SDKROOT = iphoneos;
				VALIDATE_PRODUCT = YES;
			};
			name = Release;
		};
		5A85A2ED1D2BB66000B4CD02 /* Debug */ = {
			isa = XCBuildConfiguration;
			baseConfigurationReference = 48B882B2979AC6F06759F9A1 /* Pods-Sprout.debug.xcconfig */;
			buildSettings = {
				ALWAYS_EMBED_SWIFT_STANDARD_LIBRARIES = "$(inherited)";
				ASSETCATALOG_COMPILER_APPICON_NAME = AppIcon;
				CLANG_ENABLE_MODULES = YES;
				CODE_SIGN_IDENTITY = "iPhone Developer";
				"CODE_SIGN_IDENTITY[sdk=iphoneos*]" = "iPhone Developer";
				DEBUG_INFORMATION_FORMAT = "dwarf-with-dsym";
				DEFINES_MODULE = YES;
				DEVELOPMENT_TEAM = KWJVLFTTPZ;
				INFOPLIST_FILE = Sprout/Info.plist;
				IPHONEOS_DEPLOYMENT_TARGET = 9.3;
				LD_RUNPATH_SEARCH_PATHS = "$(inherited) @executable_path/Frameworks";
				PRODUCT_BUNDLE_IDENTIFIER = com.sproutpic.sprout;
				PRODUCT_NAME = "$(TARGET_NAME)";
				PROVISIONING_PROFILE = "749b2589-7fc7-4366-af19-fe4d486d9604";
				PROVISIONING_PROFILE_SPECIFIER = "Sprout Development Profile";
				SWIFT_ACTIVE_COMPILATION_CONDITIONS = "";
				SWIFT_OBJC_BRIDGING_HEADER = "Sprout/Sprout-Bridging-Header.h";
				SWIFT_OBJC_INTERFACE_HEADER_NAME = "Sprout/$(SWIFT_MODULE_NAME)-Swift.h";
				SWIFT_OPTIMIZATION_LEVEL = "-Onone";
				SWIFT_VERSION = 3.0;
			};
			name = Debug;
		};
		5A85A2EE1D2BB66000B4CD02 /* Release */ = {
			isa = XCBuildConfiguration;
			baseConfigurationReference = F1E3FB3E82E92B318DC878C4 /* Pods-Sprout.release.xcconfig */;
			buildSettings = {
				ALWAYS_EMBED_SWIFT_STANDARD_LIBRARIES = "$(inherited)";
				ASSETCATALOG_COMPILER_APPICON_NAME = AppIcon;
				CLANG_ENABLE_MODULES = YES;
				CODE_SIGN_IDENTITY = "iPhone Developer";
				"CODE_SIGN_IDENTITY[sdk=iphoneos*]" = "iPhone Distribution";
				DEFINES_MODULE = YES;
				DEVELOPMENT_TEAM = KWJVLFTTPZ;
				INFOPLIST_FILE = Sprout/Info.plist;
				IPHONEOS_DEPLOYMENT_TARGET = 9.3;
				LD_RUNPATH_SEARCH_PATHS = "$(inherited) @executable_path/Frameworks";
				PRODUCT_BUNDLE_IDENTIFIER = com.sproutpic.sprout;
				PRODUCT_NAME = "$(TARGET_NAME)";
				PROVISIONING_PROFILE = "687393f1-a33b-42bb-af4b-e7184c324d9d";
				PROVISIONING_PROFILE_SPECIFIER = "XC Ad Hoc: com.sproutpic.sprout";
				SWIFT_ACTIVE_COMPILATION_CONDITIONS = "";
				SWIFT_OBJC_BRIDGING_HEADER = "Sprout/Sprout-Bridging-Header.h";
				SWIFT_OBJC_INTERFACE_HEADER_NAME = "Sprout/$(SWIFT_MODULE_NAME)-Swift.h";
				SWIFT_VERSION = 3.0;
			};
			name = Release;
		};
/* End XCBuildConfiguration section */

/* Begin XCConfigurationList section */
		5A85A2BE1D2BB65F00B4CD02 /* Build configuration list for PBXProject "Sprout" */ = {
			isa = XCConfigurationList;
			buildConfigurations = (
				5A85A2EA1D2BB66000B4CD02 /* Debug */,
				5A85A2EB1D2BB66000B4CD02 /* Release */,
			);
			defaultConfigurationIsVisible = 0;
			defaultConfigurationName = Release;
		};
		5A85A2EC1D2BB66000B4CD02 /* Build configuration list for PBXNativeTarget "Sprout" */ = {
			isa = XCConfigurationList;
			buildConfigurations = (
				5A85A2ED1D2BB66000B4CD02 /* Debug */,
				5A85A2EE1D2BB66000B4CD02 /* Release */,
			);
			defaultConfigurationIsVisible = 0;
			defaultConfigurationName = Release;
		};
/* End XCConfigurationList section */

/* Begin XCVersionGroup section */
		E7DBE6281DACAE730052064E /* DatabaseModel.xcdatamodeld */ = {
			isa = XCVersionGroup;
			children = (
				E7DBE6291DACAE730052064E /* DatabaseModel.xcdatamodel */,
			);
			currentVersion = E7DBE6291DACAE730052064E /* DatabaseModel.xcdatamodel */;
			name = DatabaseModel.xcdatamodeld;
			path = Database/DatabaseModel.xcdatamodeld;
			sourceTree = "<group>";
			versionGroupType = wrapper.xcdatamodel;
		};
/* End XCVersionGroup section */
	};
	rootObject = 5A85A2BB1D2BB65F00B4CD02 /* Project object */;
}
